
Microsoft Visual Studio Solution File, Format Version 12.00
# Visual Studio Version 16
VisualStudioVersion = 16.0.29102.190
MinimumVisualStudioVersion = 10.0.40219.1
Project("{2150E333-8FDC-42A3-9474-1A3956D46DE8}") = "0 - Documents", "0 - Documents", "{DDBE9529-E232-48EB-9E41-611D9ADCA5BE}"
EndProject
Project("{2150E333-8FDC-42A3-9474-1A3956D46DE8}") = "1 - Presentation", "1 - Presentation", "{C2E61614-98E3-4B6B-83EF-339ADFCFFA79}"
EndProject
Project("{2150E333-8FDC-42A3-9474-1A3956D46DE8}") = "2 - Wcf Services", "2 - Wcf Services", "{25EC4C06-EC5F-4B57-9588-2C2226940187}"
EndProject
Project("{2150E333-8FDC-42A3-9474-1A3956D46DE8}") = "3 - Application", "3 - Application", "{171D9E34-38E2-4FB4-A278-9D6D4684DA9C}"
EndProject
Project("{2150E333-8FDC-42A3-9474-1A3956D46DE8}") = "4 - Domain", "4 - Domain", "{430E9A0E-E11B-414A-A78A-71D5F28ADD21}"
EndProject
Project("{2150E333-8FDC-42A3-9474-1A3956D46DE8}") = "5 - Infrastructure", "5 - Infrastructure", "{202494D0-9940-4FCA-97C1-9E060DBD080A}"
EndProject
Project("{2150E333-8FDC-42A3-9474-1A3956D46DE8}") = "6 - CrossCutting", "6 - CrossCutting", "{E54A45D0-57E8-43C4-A0DD-CBE27732829E}"
EndProject
Project("{2150E333-8FDC-42A3-9474-1A3956D46DE8}") = "7 - Solution Items", "7 - Solution Items", "{D3A5D773-63FB-4E6F-9019-9A4E596ACAC1}"
EndProject
Project("{2150E333-8FDC-42A3-9474-1A3956D46DE8}") = "Uwp", "Uwp", "{AAAE200C-E813-4A9A-AE93-C27BBB8FB4E0}"
EndProject
Project("{9A19103F-16F7-4668-BE54-9A1E7A4F7556}") = "My.CoachManager.CrossCutting.Core", "My.CoachManager.CrossCutting.Core\My.CoachManager.CrossCutting.Core.csproj", "{8B02EDA3-1ED0-4CBB-A90A-FE53609B1F25}"
EndProject
Project("{9A19103F-16F7-4668-BE54-9A1E7A4F7556}") = "My.CoachManager.CrossCutting.Logging", "My.CoachManager.CrossCutting.Logging\My.CoachManager.CrossCutting.Logging.csproj", "{38F32D3D-BCD4-4EEB-9174-38FCF6DA9EEA}"
EndProject
Project("{9A19103F-16F7-4668-BE54-9A1E7A4F7556}") = "My.CoachManager.CrossCutting.Logging.Supervision", "My.CoachManager.CrossCutting.Logging.Supervision\My.CoachManager.CrossCutting.Logging.Supervision.csproj", "{0531C382-1764-454A-A99D-9D1FBD2DD160}"
EndProject
Project("{9A19103F-16F7-4668-BE54-9A1E7A4F7556}") = "My.CoachManager.Domain.Core", "My.CoachManager.Domain.Core\My.CoachManager.Domain.Core.csproj", "{41636B14-DB74-4A3E-83DA-6C2483A80DF4}"
EndProject
Project("{9A19103F-16F7-4668-BE54-9A1E7A4F7556}") = "My.CoachManager.Domain.Entities", "My.CoachManager.Domain.Entities\My.CoachManager.Domain.Entities.csproj", "{6943526C-7460-4240-A130-465B89A62AF5}"
EndProject
Project("{9A19103F-16F7-4668-BE54-9A1E7A4F7556}") = "My.CoachManager.Domain", "My.CoachManager.Domain\My.CoachManager.Domain.csproj", "{C9AF9FF3-3F34-452E-849F-1F9E277DF79F}"
EndProject
Project("{9A19103F-16F7-4668-BE54-9A1E7A4F7556}") = "My.CoachManager.Application.Dtos", "My.CoachManager.Application.Dtos\My.CoachManager.Application.Dtos.csproj", "{D652431E-B9BB-47BE-A6EB-8DE067C5100D}"
EndProject
Project("{9A19103F-16F7-4668-BE54-9A1E7A4F7556}") = "My.CoachManager.Infrastructure.Data.Core", "My.CoachManager.Infrastructure.Data.Core\My.CoachManager.Infrastructure.Data.Core.csproj", "{CD6297D9-1B5E-418E-B027-C0CAEBE8FE4B}"
EndProject
Project("{9A19103F-16F7-4668-BE54-9A1E7A4F7556}") = "My.CoachManager.Infrastructure.Data", "My.CoachManager.Infrastructure.Data\My.CoachManager.Infrastructure.Data.csproj", "{0C2D43F0-A278-48D6-888A-03E0A2DC3395}"
EndProject
Project("{9A19103F-16F7-4668-BE54-9A1E7A4F7556}") = "My.CoachManager.Application.Services", "My.CoachManager.Application.Services\My.CoachManager.Application.Services.csproj", "{E1DCB848-2CEC-4600-A535-FDDC386F3324}"
EndProject
Project("{FAE04EC0-301F-11D3-BF4B-00C04F79EFBC}") = "My.CoachManager.Services.Facades", "My.CoachManager.Services.Facades\My.CoachManager.Services.Facades.csproj", "{F7EDE9CB-33EB-4639-BDA3-572683520560}"
EndProject
Project("{9A19103F-16F7-4668-BE54-9A1E7A4F7556}") = "My.CoachManager.Presentation.ServiceAgent", "My.CoachManager.Presentation.ServiceAgent\My.CoachManager.Presentation.ServiceAgent.csproj", "{41616223-AA6B-4985-8D5E-8CDBDA60E9DE}"
EndProject
Project("{9A19103F-16F7-4668-BE54-9A1E7A4F7556}") = "My.CoachManager.Presentation.Models", "My.CoachManager.Presentation.Models\My.CoachManager.Presentation.Models.csproj", "{79484ADB-7C37-40AD-BFD0-C74F65C9B578}"
EndProject
Project("{9A19103F-16F7-4668-BE54-9A1E7A4F7556}") = "My.CoachManager.Presentation.Core", "My.CoachManager.Presentation.Core\My.CoachManager.Presentation.Core.csproj", "{3573A892-E81F-4FF2-A012-2ADB0F7C82A2}"
EndProject
Project("{9A19103F-16F7-4668-BE54-9A1E7A4F7556}") = "My.CoachManager.Presentation.Uwp.Core", "My.CoachManager.Presentation.Uwp.Core\My.CoachManager.Presentation.Uwp.Core.csproj", "{C79E4B62-D944-4DB8-9D6D-C4DFE6BEDFB5}"
EndProject
Project("{FAE04EC0-301F-11D3-BF4B-00C04F79EFBC}") = "My.CoachManager.Presentation.Uwp", "My.CoachManager.Presentation.Uwp\My.CoachManager.Presentation.Uwp.csproj", "{4C3EF4CB-1D4F-4646-95C7-B88584CB55AB}"
	ProjectSection(ProjectDependencies) = postProject
		{F7EDE9CB-33EB-4639-BDA3-572683520560} = {F7EDE9CB-33EB-4639-BDA3-572683520560}
	EndProjectSection
EndProject
Project("{FAE04EC0-301F-11D3-BF4B-00C04F79EFBC}") = "My.CoachManager.Presentation.Uwp.Tests", "My.CoachManager.Presentation.Uwp.Tests\My.CoachManager.Presentation.Uwp.Tests.csproj", "{6FFB9E24-3CF7-40C5-8F50-DF5701B1A339}"
EndProject
Project("{9A19103F-16F7-4668-BE54-9A1E7A4F7556}") = "My.CoachManager.Presentation.Uwp.Tests.Core", "My.CoachManager.Presentation.Uwp.Tests.Core\My.CoachManager.Presentation.Uwp.Tests.Core.csproj", "{E0B72480-0035-494D-9E75-387CA88B2599}"
EndProject
Project("{9A19103F-16F7-4668-BE54-9A1E7A4F7556}") = "My.CoachManager.Services.Unity", "My.CoachManager.Services.Unity\My.CoachManager.Services.Unity.csproj", "{70EB67C6-DE54-4F90-B894-B36DA42D14BC}"
EndProject
Project("{9A19103F-16F7-4668-BE54-9A1E7A4F7556}") = "My.CoachManager.Services.Core", "My.CoachManager.Services.Core\My.CoachManager.Services.Core.csproj", "{D5EC994F-4D8B-4938-A89B-526FFE80122A}"
EndProject
Project("{9A19103F-16F7-4668-BE54-9A1E7A4F7556}") = "My.CoachManager.Services.Wcf", "My.CoachManager.Services.Wcf\My.CoachManager.Services.Wcf.csproj", "{E733305E-9165-4D18-95F5-77E35B1DCB32}"
EndProject
Project("{2150E333-8FDC-42A3-9474-1A3956D46DE8}") = "2 - Web API", "2 - Web API", "{D0668885-671C-49DB-B40D-B804615C1F7F}"
EndProject
Project("{9A19103F-16F7-4668-BE54-9A1E7A4F7556}") = "My.CoachManager.Web", "My.CoachManager.Web\My.CoachManager.Web.csproj", "{59261610-A2C1-4182-B8BF-04F2D5DFBC85}"
EndProject
Project("{FAE04EC0-301F-11D3-BF4B-00C04F79EFBC}") = "My.CoachManager.Infrastructure.Data.Tools", "My.CoachManager.Infrastructure.Data.Tools\My.CoachManager.Infrastructure.Data.Tools.csproj", "{B1D8CE46-2E21-4E72-9C81-FE5FE01AE067}"
EndProject
Project("{2150E333-8FDC-42A3-9474-1A3956D46DE8}") = "Wpf", "Wpf", "{420E94D2-5C33-4D7C-9052-8F74EF761766}"
EndProject
Project("{FAE04EC0-301F-11D3-BF4B-00C04F79EFBC}") = "My.CoachManager.Presentation.Wpf.Resources", "My.CoachManager.Presentation.Wpf.Resources\My.CoachManager.Presentation.Wpf.Resources.csproj", "{1B66BF52-53EE-4A77-8F43-8C721921CDA3}"
EndProject
Project("{FAE04EC0-301F-11D3-BF4B-00C04F79EFBC}") = "My.CoachManager.Presentation.Wpf.Controls", "My.CoachManager.Presentation.Wpf.Controls\My.CoachManager.Presentation.Wpf.Controls.csproj", "{752F14E6-5D54-40AE-AE9E-C3809E390A47}"
EndProject
Project("{FAE04EC0-301F-11D3-BF4B-00C04F79EFBC}") = "My.CoachManager.Presentation.Wpf.Core", "My.CoachManager.Presentation.Wpf.Core\My.CoachManager.Presentation.Wpf.Core.csproj", "{252D8FD5-9154-46A5-82E4-8F515DF4AB31}"
EndProject
Project("{2150E333-8FDC-42A3-9474-1A3956D46DE8}") = "Modules", "Modules", "{9BBD17C4-F9FA-473F-B7AA-95E812CC2076}"
EndProject
Project("{FAE04EC0-301F-11D3-BF4B-00C04F79EFBC}") = "My.CoachManager.Presentation.Wpf.SkinManager", "My.CoachManager.Presentation.Wpf.SkinManager\My.CoachManager.Presentation.Wpf.SkinManager.csproj", "{8339C1ED-E328-43AE-B44B-3E320426F443}"
EndProject
Project("{FAE04EC0-301F-11D3-BF4B-00C04F79EFBC}") = "My.CoachManager.Presentation.Wpf", "My.CoachManager.Presentation.Wpf\My.CoachManager.Presentation.Wpf.csproj", "{A49C4D48-DC7E-4823-BA2A-2001BA1341CD}"
EndProject
Project("{FAE04EC0-301F-11D3-BF4B-00C04F79EFBC}") = "My.CoachManager.Presentation.Wpf.Modules.Settings", "My.CoachManager.Presentation.Wpf.Modules.Settings\My.CoachManager.Presentation.Wpf.Modules.Settings.csproj", "{E89B6F8C-4694-41FA-9585-508D83E7FEBF}"
EndProject
Project("{FAE04EC0-301F-11D3-BF4B-00C04F79EFBC}") = "My.CoachManager.Presentation.Wpf.Modules.About", "My.CoachManager.Presentation.Wpf.Modules.About\My.CoachManager.Presentation.Wpf.Modules.About.csproj", "{3993CF42-AEF3-486E-9B97-076E12DF85DC}"
EndProject
Project("{FAE04EC0-301F-11D3-BF4B-00C04F79EFBC}") = "My.CoachManager.Presentation.Wpf.Tests", "My.CoachManager.Presentation.Wpf.Tests\My.CoachManager.Presentation.Wpf.Tests.csproj", "{E768307F-FB62-4F6B-999C-0083B21A4B5C}"
EndProject
Project("{FAE04EC0-301F-11D3-BF4B-00C04F79EFBC}") = "My.CoachManager.Presentation.Wpf.Modules.Home", "My.CoachManager.Presentation.Wpf.Modules.Home\My.CoachManager.Presentation.Wpf.Modules.Home.csproj", "{5FCFCEE9-89D8-4098-8316-2CF66A51146C}"
EndProject
Project("{FAE04EC0-301F-11D3-BF4B-00C04F79EFBC}") = "My.CoachManager.Presentation.Wpf.Modules.Roster", "My.CoachManager.Presentation.Wpf.Modules.Roster\My.CoachManager.Presentation.Wpf.Modules.Roster.csproj", "{393CD534-A597-4FF7-BBCD-89DCB1ECB24E}"
EndProject
Project("{FAE04EC0-301F-11D3-BF4B-00C04F79EFBC}") = "My.CoachManager.Presentation.Wpf.Modules.Admin", "My.CoachManager.Presentation.Wpf.Modules.Admin\My.CoachManager.Presentation.Wpf.Modules.Admin.csproj", "{EA73ACF0-02C6-4DAF-AE9C-8A05FE8D193E}"
EndProject
Project("{FAE04EC0-301F-11D3-BF4B-00C04F79EFBC}") = "My.CoachManager.Presentation.Wpf.Modules.User", "My.CoachManager.Presentation.Wpf.Modules.User\My.CoachManager.Presentation.Wpf.Modules.User.csproj", "{0BC34A62-3F86-4555-90BC-82265C093164}"
EndProject
Project("{FAE04EC0-301F-11D3-BF4B-00C04F79EFBC}") = "My.CoachManager.Presentation.Wpf.Modules.Shared", "My.CoachManager.Presentation.Wpf.Modules.Shared\My.CoachManager.Presentation.Wpf.Modules.Shared.csproj", "{91372CD6-918D-4F1C-9FA1-0EC9EC579D1D}"
EndProject
Project("{FAE04EC0-301F-11D3-BF4B-00C04F79EFBC}") = "My.CoachManager.Presentation.Wpf.Modules.Training", "My.CoachManager.Presentation.Wpf.Module.Training\My.CoachManager.Presentation.Wpf.Modules.Training.csproj", "{535716AE-40B9-4523-A30A-626C0024CA8F}"
EndProject
Project("{2150E333-8FDC-42A3-9474-1A3956D46DE8}") = "Mvvm", "Mvvm", "{D203D081-02B3-4CE4-BE4B-623651E94A48}"
EndProject
Project("{FAE04EC0-301F-11D3-BF4B-00C04F79EFBC}") = "My.CoachManager.Presentation.Mvvm.Core", "My.CoachManager.Presentation.Mvvm.Core\My.CoachManager.Presentation.Mvvm.Core.csproj", "{9A2F06ED-0F0C-4EB5-83C0-FD108F50D22E}"
EndProject
Global
	GlobalSection(SolutionConfigurationPlatforms) = preSolution
		Debug|Any CPU = Debug|Any CPU
		Debug|ARM = Debug|ARM
		Debug|ARM64 = Debug|ARM64
		Debug|x64 = Debug|x64
		Debug|x86 = Debug|x86
		Release|Any CPU = Release|Any CPU
		Release|ARM = Release|ARM
		Release|ARM64 = Release|ARM64
		Release|x64 = Release|x64
		Release|x86 = Release|x86
	EndGlobalSection
	GlobalSection(ProjectConfigurationPlatforms) = postSolution
		{8B02EDA3-1ED0-4CBB-A90A-FE53609B1F25}.Debug|Any CPU.ActiveCfg = Debug|Any CPU
		{8B02EDA3-1ED0-4CBB-A90A-FE53609B1F25}.Debug|Any CPU.Build.0 = Debug|Any CPU
		{8B02EDA3-1ED0-4CBB-A90A-FE53609B1F25}.Debug|ARM.ActiveCfg = Debug|Any CPU
		{8B02EDA3-1ED0-4CBB-A90A-FE53609B1F25}.Debug|ARM.Build.0 = Debug|Any CPU
		{8B02EDA3-1ED0-4CBB-A90A-FE53609B1F25}.Debug|ARM64.ActiveCfg = Debug|Any CPU
		{8B02EDA3-1ED0-4CBB-A90A-FE53609B1F25}.Debug|ARM64.Build.0 = Debug|Any CPU
		{8B02EDA3-1ED0-4CBB-A90A-FE53609B1F25}.Debug|x64.ActiveCfg = Debug|Any CPU
		{8B02EDA3-1ED0-4CBB-A90A-FE53609B1F25}.Debug|x64.Build.0 = Debug|Any CPU
		{8B02EDA3-1ED0-4CBB-A90A-FE53609B1F25}.Debug|x86.ActiveCfg = Debug|Any CPU
		{8B02EDA3-1ED0-4CBB-A90A-FE53609B1F25}.Debug|x86.Build.0 = Debug|Any CPU
		{8B02EDA3-1ED0-4CBB-A90A-FE53609B1F25}.Release|Any CPU.ActiveCfg = Release|Any CPU
		{8B02EDA3-1ED0-4CBB-A90A-FE53609B1F25}.Release|Any CPU.Build.0 = Release|Any CPU
		{8B02EDA3-1ED0-4CBB-A90A-FE53609B1F25}.Release|ARM.ActiveCfg = Release|Any CPU
		{8B02EDA3-1ED0-4CBB-A90A-FE53609B1F25}.Release|ARM.Build.0 = Release|Any CPU
		{8B02EDA3-1ED0-4CBB-A90A-FE53609B1F25}.Release|ARM64.ActiveCfg = Release|Any CPU
		{8B02EDA3-1ED0-4CBB-A90A-FE53609B1F25}.Release|ARM64.Build.0 = Release|Any CPU
		{8B02EDA3-1ED0-4CBB-A90A-FE53609B1F25}.Release|x64.ActiveCfg = Release|Any CPU
		{8B02EDA3-1ED0-4CBB-A90A-FE53609B1F25}.Release|x64.Build.0 = Release|Any CPU
		{8B02EDA3-1ED0-4CBB-A90A-FE53609B1F25}.Release|x86.ActiveCfg = Release|Any CPU
		{8B02EDA3-1ED0-4CBB-A90A-FE53609B1F25}.Release|x86.Build.0 = Release|Any CPU
		{38F32D3D-BCD4-4EEB-9174-38FCF6DA9EEA}.Debug|Any CPU.ActiveCfg = Debug|Any CPU
		{38F32D3D-BCD4-4EEB-9174-38FCF6DA9EEA}.Debug|Any CPU.Build.0 = Debug|Any CPU
		{38F32D3D-BCD4-4EEB-9174-38FCF6DA9EEA}.Debug|ARM.ActiveCfg = Debug|Any CPU
		{38F32D3D-BCD4-4EEB-9174-38FCF6DA9EEA}.Debug|ARM.Build.0 = Debug|Any CPU
		{38F32D3D-BCD4-4EEB-9174-38FCF6DA9EEA}.Debug|ARM64.ActiveCfg = Debug|Any CPU
		{38F32D3D-BCD4-4EEB-9174-38FCF6DA9EEA}.Debug|ARM64.Build.0 = Debug|Any CPU
		{38F32D3D-BCD4-4EEB-9174-38FCF6DA9EEA}.Debug|x64.ActiveCfg = Debug|Any CPU
		{38F32D3D-BCD4-4EEB-9174-38FCF6DA9EEA}.Debug|x64.Build.0 = Debug|Any CPU
		{38F32D3D-BCD4-4EEB-9174-38FCF6DA9EEA}.Debug|x86.ActiveCfg = Debug|Any CPU
		{38F32D3D-BCD4-4EEB-9174-38FCF6DA9EEA}.Debug|x86.Build.0 = Debug|Any CPU
		{38F32D3D-BCD4-4EEB-9174-38FCF6DA9EEA}.Release|Any CPU.ActiveCfg = Release|Any CPU
		{38F32D3D-BCD4-4EEB-9174-38FCF6DA9EEA}.Release|Any CPU.Build.0 = Release|Any CPU
		{38F32D3D-BCD4-4EEB-9174-38FCF6DA9EEA}.Release|ARM.ActiveCfg = Release|Any CPU
		{38F32D3D-BCD4-4EEB-9174-38FCF6DA9EEA}.Release|ARM.Build.0 = Release|Any CPU
		{38F32D3D-BCD4-4EEB-9174-38FCF6DA9EEA}.Release|ARM64.ActiveCfg = Release|Any CPU
		{38F32D3D-BCD4-4EEB-9174-38FCF6DA9EEA}.Release|ARM64.Build.0 = Release|Any CPU
		{38F32D3D-BCD4-4EEB-9174-38FCF6DA9EEA}.Release|x64.ActiveCfg = Release|Any CPU
		{38F32D3D-BCD4-4EEB-9174-38FCF6DA9EEA}.Release|x64.Build.0 = Release|Any CPU
		{38F32D3D-BCD4-4EEB-9174-38FCF6DA9EEA}.Release|x86.ActiveCfg = Release|Any CPU
		{38F32D3D-BCD4-4EEB-9174-38FCF6DA9EEA}.Release|x86.Build.0 = Release|Any CPU
		{0531C382-1764-454A-A99D-9D1FBD2DD160}.Debug|Any CPU.ActiveCfg = Debug|Any CPU
		{0531C382-1764-454A-A99D-9D1FBD2DD160}.Debug|Any CPU.Build.0 = Debug|Any CPU
		{0531C382-1764-454A-A99D-9D1FBD2DD160}.Debug|ARM.ActiveCfg = Debug|Any CPU
		{0531C382-1764-454A-A99D-9D1FBD2DD160}.Debug|ARM.Build.0 = Debug|Any CPU
		{0531C382-1764-454A-A99D-9D1FBD2DD160}.Debug|ARM64.ActiveCfg = Debug|Any CPU
		{0531C382-1764-454A-A99D-9D1FBD2DD160}.Debug|ARM64.Build.0 = Debug|Any CPU
		{0531C382-1764-454A-A99D-9D1FBD2DD160}.Debug|x64.ActiveCfg = Debug|Any CPU
		{0531C382-1764-454A-A99D-9D1FBD2DD160}.Debug|x64.Build.0 = Debug|Any CPU
		{0531C382-1764-454A-A99D-9D1FBD2DD160}.Debug|x86.ActiveCfg = Debug|Any CPU
		{0531C382-1764-454A-A99D-9D1FBD2DD160}.Debug|x86.Build.0 = Debug|Any CPU
		{0531C382-1764-454A-A99D-9D1FBD2DD160}.Release|Any CPU.ActiveCfg = Release|Any CPU
		{0531C382-1764-454A-A99D-9D1FBD2DD160}.Release|Any CPU.Build.0 = Release|Any CPU
		{0531C382-1764-454A-A99D-9D1FBD2DD160}.Release|ARM.ActiveCfg = Release|Any CPU
		{0531C382-1764-454A-A99D-9D1FBD2DD160}.Release|ARM.Build.0 = Release|Any CPU
		{0531C382-1764-454A-A99D-9D1FBD2DD160}.Release|ARM64.ActiveCfg = Release|Any CPU
		{0531C382-1764-454A-A99D-9D1FBD2DD160}.Release|ARM64.Build.0 = Release|Any CPU
		{0531C382-1764-454A-A99D-9D1FBD2DD160}.Release|x64.ActiveCfg = Release|Any CPU
		{0531C382-1764-454A-A99D-9D1FBD2DD160}.Release|x64.Build.0 = Release|Any CPU
		{0531C382-1764-454A-A99D-9D1FBD2DD160}.Release|x86.ActiveCfg = Release|Any CPU
		{0531C382-1764-454A-A99D-9D1FBD2DD160}.Release|x86.Build.0 = Release|Any CPU
		{41636B14-DB74-4A3E-83DA-6C2483A80DF4}.Debug|Any CPU.ActiveCfg = Debug|Any CPU
		{41636B14-DB74-4A3E-83DA-6C2483A80DF4}.Debug|Any CPU.Build.0 = Debug|Any CPU
		{41636B14-DB74-4A3E-83DA-6C2483A80DF4}.Debug|ARM.ActiveCfg = Debug|Any CPU
		{41636B14-DB74-4A3E-83DA-6C2483A80DF4}.Debug|ARM.Build.0 = Debug|Any CPU
		{41636B14-DB74-4A3E-83DA-6C2483A80DF4}.Debug|ARM64.ActiveCfg = Debug|Any CPU
		{41636B14-DB74-4A3E-83DA-6C2483A80DF4}.Debug|ARM64.Build.0 = Debug|Any CPU
		{41636B14-DB74-4A3E-83DA-6C2483A80DF4}.Debug|x64.ActiveCfg = Debug|Any CPU
		{41636B14-DB74-4A3E-83DA-6C2483A80DF4}.Debug|x64.Build.0 = Debug|Any CPU
		{41636B14-DB74-4A3E-83DA-6C2483A80DF4}.Debug|x86.ActiveCfg = Debug|Any CPU
		{41636B14-DB74-4A3E-83DA-6C2483A80DF4}.Debug|x86.Build.0 = Debug|Any CPU
		{41636B14-DB74-4A3E-83DA-6C2483A80DF4}.Release|Any CPU.ActiveCfg = Release|Any CPU
		{41636B14-DB74-4A3E-83DA-6C2483A80DF4}.Release|Any CPU.Build.0 = Release|Any CPU
		{41636B14-DB74-4A3E-83DA-6C2483A80DF4}.Release|ARM.ActiveCfg = Release|Any CPU
		{41636B14-DB74-4A3E-83DA-6C2483A80DF4}.Release|ARM.Build.0 = Release|Any CPU
		{41636B14-DB74-4A3E-83DA-6C2483A80DF4}.Release|ARM64.ActiveCfg = Release|Any CPU
		{41636B14-DB74-4A3E-83DA-6C2483A80DF4}.Release|ARM64.Build.0 = Release|Any CPU
		{41636B14-DB74-4A3E-83DA-6C2483A80DF4}.Release|x64.ActiveCfg = Release|Any CPU
		{41636B14-DB74-4A3E-83DA-6C2483A80DF4}.Release|x64.Build.0 = Release|Any CPU
		{41636B14-DB74-4A3E-83DA-6C2483A80DF4}.Release|x86.ActiveCfg = Release|Any CPU
		{41636B14-DB74-4A3E-83DA-6C2483A80DF4}.Release|x86.Build.0 = Release|Any CPU
		{6943526C-7460-4240-A130-465B89A62AF5}.Debug|Any CPU.ActiveCfg = Debug|Any CPU
		{6943526C-7460-4240-A130-465B89A62AF5}.Debug|Any CPU.Build.0 = Debug|Any CPU
		{6943526C-7460-4240-A130-465B89A62AF5}.Debug|ARM.ActiveCfg = Debug|Any CPU
		{6943526C-7460-4240-A130-465B89A62AF5}.Debug|ARM.Build.0 = Debug|Any CPU
		{6943526C-7460-4240-A130-465B89A62AF5}.Debug|ARM64.ActiveCfg = Debug|Any CPU
		{6943526C-7460-4240-A130-465B89A62AF5}.Debug|ARM64.Build.0 = Debug|Any CPU
		{6943526C-7460-4240-A130-465B89A62AF5}.Debug|x64.ActiveCfg = Debug|Any CPU
		{6943526C-7460-4240-A130-465B89A62AF5}.Debug|x64.Build.0 = Debug|Any CPU
		{6943526C-7460-4240-A130-465B89A62AF5}.Debug|x86.ActiveCfg = Debug|Any CPU
		{6943526C-7460-4240-A130-465B89A62AF5}.Debug|x86.Build.0 = Debug|Any CPU
		{6943526C-7460-4240-A130-465B89A62AF5}.Release|Any CPU.ActiveCfg = Release|Any CPU
		{6943526C-7460-4240-A130-465B89A62AF5}.Release|Any CPU.Build.0 = Release|Any CPU
		{6943526C-7460-4240-A130-465B89A62AF5}.Release|ARM.ActiveCfg = Release|Any CPU
		{6943526C-7460-4240-A130-465B89A62AF5}.Release|ARM.Build.0 = Release|Any CPU
		{6943526C-7460-4240-A130-465B89A62AF5}.Release|ARM64.ActiveCfg = Release|Any CPU
		{6943526C-7460-4240-A130-465B89A62AF5}.Release|ARM64.Build.0 = Release|Any CPU
		{6943526C-7460-4240-A130-465B89A62AF5}.Release|x64.ActiveCfg = Release|Any CPU
		{6943526C-7460-4240-A130-465B89A62AF5}.Release|x64.Build.0 = Release|Any CPU
		{6943526C-7460-4240-A130-465B89A62AF5}.Release|x86.ActiveCfg = Release|Any CPU
		{6943526C-7460-4240-A130-465B89A62AF5}.Release|x86.Build.0 = Release|Any CPU
		{C9AF9FF3-3F34-452E-849F-1F9E277DF79F}.Debug|Any CPU.ActiveCfg = Debug|Any CPU
		{C9AF9FF3-3F34-452E-849F-1F9E277DF79F}.Debug|Any CPU.Build.0 = Debug|Any CPU
		{C9AF9FF3-3F34-452E-849F-1F9E277DF79F}.Debug|ARM.ActiveCfg = Debug|Any CPU
		{C9AF9FF3-3F34-452E-849F-1F9E277DF79F}.Debug|ARM.Build.0 = Debug|Any CPU
		{C9AF9FF3-3F34-452E-849F-1F9E277DF79F}.Debug|ARM64.ActiveCfg = Debug|Any CPU
		{C9AF9FF3-3F34-452E-849F-1F9E277DF79F}.Debug|ARM64.Build.0 = Debug|Any CPU
		{C9AF9FF3-3F34-452E-849F-1F9E277DF79F}.Debug|x64.ActiveCfg = Debug|Any CPU
		{C9AF9FF3-3F34-452E-849F-1F9E277DF79F}.Debug|x64.Build.0 = Debug|Any CPU
		{C9AF9FF3-3F34-452E-849F-1F9E277DF79F}.Debug|x86.ActiveCfg = Debug|Any CPU
		{C9AF9FF3-3F34-452E-849F-1F9E277DF79F}.Debug|x86.Build.0 = Debug|Any CPU
		{C9AF9FF3-3F34-452E-849F-1F9E277DF79F}.Release|Any CPU.ActiveCfg = Release|Any CPU
		{C9AF9FF3-3F34-452E-849F-1F9E277DF79F}.Release|Any CPU.Build.0 = Release|Any CPU
		{C9AF9FF3-3F34-452E-849F-1F9E277DF79F}.Release|ARM.ActiveCfg = Release|Any CPU
		{C9AF9FF3-3F34-452E-849F-1F9E277DF79F}.Release|ARM.Build.0 = Release|Any CPU
		{C9AF9FF3-3F34-452E-849F-1F9E277DF79F}.Release|ARM64.ActiveCfg = Release|Any CPU
		{C9AF9FF3-3F34-452E-849F-1F9E277DF79F}.Release|ARM64.Build.0 = Release|Any CPU
		{C9AF9FF3-3F34-452E-849F-1F9E277DF79F}.Release|x64.ActiveCfg = Release|Any CPU
		{C9AF9FF3-3F34-452E-849F-1F9E277DF79F}.Release|x64.Build.0 = Release|Any CPU
		{C9AF9FF3-3F34-452E-849F-1F9E277DF79F}.Release|x86.ActiveCfg = Release|Any CPU
		{C9AF9FF3-3F34-452E-849F-1F9E277DF79F}.Release|x86.Build.0 = Release|Any CPU
		{D652431E-B9BB-47BE-A6EB-8DE067C5100D}.Debug|Any CPU.ActiveCfg = Debug|Any CPU
		{D652431E-B9BB-47BE-A6EB-8DE067C5100D}.Debug|Any CPU.Build.0 = Debug|Any CPU
		{D652431E-B9BB-47BE-A6EB-8DE067C5100D}.Debug|ARM.ActiveCfg = Debug|Any CPU
		{D652431E-B9BB-47BE-A6EB-8DE067C5100D}.Debug|ARM.Build.0 = Debug|Any CPU
		{D652431E-B9BB-47BE-A6EB-8DE067C5100D}.Debug|ARM64.ActiveCfg = Debug|Any CPU
		{D652431E-B9BB-47BE-A6EB-8DE067C5100D}.Debug|ARM64.Build.0 = Debug|Any CPU
		{D652431E-B9BB-47BE-A6EB-8DE067C5100D}.Debug|x64.ActiveCfg = Debug|Any CPU
		{D652431E-B9BB-47BE-A6EB-8DE067C5100D}.Debug|x64.Build.0 = Debug|Any CPU
		{D652431E-B9BB-47BE-A6EB-8DE067C5100D}.Debug|x86.ActiveCfg = Debug|Any CPU
		{D652431E-B9BB-47BE-A6EB-8DE067C5100D}.Debug|x86.Build.0 = Debug|Any CPU
		{D652431E-B9BB-47BE-A6EB-8DE067C5100D}.Release|Any CPU.ActiveCfg = Release|Any CPU
		{D652431E-B9BB-47BE-A6EB-8DE067C5100D}.Release|Any CPU.Build.0 = Release|Any CPU
		{D652431E-B9BB-47BE-A6EB-8DE067C5100D}.Release|ARM.ActiveCfg = Release|Any CPU
		{D652431E-B9BB-47BE-A6EB-8DE067C5100D}.Release|ARM.Build.0 = Release|Any CPU
		{D652431E-B9BB-47BE-A6EB-8DE067C5100D}.Release|ARM64.ActiveCfg = Release|Any CPU
		{D652431E-B9BB-47BE-A6EB-8DE067C5100D}.Release|ARM64.Build.0 = Release|Any CPU
		{D652431E-B9BB-47BE-A6EB-8DE067C5100D}.Release|x64.ActiveCfg = Release|Any CPU
		{D652431E-B9BB-47BE-A6EB-8DE067C5100D}.Release|x64.Build.0 = Release|Any CPU
		{D652431E-B9BB-47BE-A6EB-8DE067C5100D}.Release|x86.ActiveCfg = Release|Any CPU
		{D652431E-B9BB-47BE-A6EB-8DE067C5100D}.Release|x86.Build.0 = Release|Any CPU
		{CD6297D9-1B5E-418E-B027-C0CAEBE8FE4B}.Debug|Any CPU.ActiveCfg = Debug|Any CPU
		{CD6297D9-1B5E-418E-B027-C0CAEBE8FE4B}.Debug|Any CPU.Build.0 = Debug|Any CPU
		{CD6297D9-1B5E-418E-B027-C0CAEBE8FE4B}.Debug|ARM.ActiveCfg = Debug|Any CPU
		{CD6297D9-1B5E-418E-B027-C0CAEBE8FE4B}.Debug|ARM.Build.0 = Debug|Any CPU
		{CD6297D9-1B5E-418E-B027-C0CAEBE8FE4B}.Debug|ARM64.ActiveCfg = Debug|Any CPU
		{CD6297D9-1B5E-418E-B027-C0CAEBE8FE4B}.Debug|ARM64.Build.0 = Debug|Any CPU
		{CD6297D9-1B5E-418E-B027-C0CAEBE8FE4B}.Debug|x64.ActiveCfg = Debug|Any CPU
		{CD6297D9-1B5E-418E-B027-C0CAEBE8FE4B}.Debug|x64.Build.0 = Debug|Any CPU
		{CD6297D9-1B5E-418E-B027-C0CAEBE8FE4B}.Debug|x86.ActiveCfg = Debug|Any CPU
		{CD6297D9-1B5E-418E-B027-C0CAEBE8FE4B}.Debug|x86.Build.0 = Debug|Any CPU
		{CD6297D9-1B5E-418E-B027-C0CAEBE8FE4B}.Release|Any CPU.ActiveCfg = Release|Any CPU
		{CD6297D9-1B5E-418E-B027-C0CAEBE8FE4B}.Release|Any CPU.Build.0 = Release|Any CPU
		{CD6297D9-1B5E-418E-B027-C0CAEBE8FE4B}.Release|ARM.ActiveCfg = Release|Any CPU
		{CD6297D9-1B5E-418E-B027-C0CAEBE8FE4B}.Release|ARM.Build.0 = Release|Any CPU
		{CD6297D9-1B5E-418E-B027-C0CAEBE8FE4B}.Release|ARM64.ActiveCfg = Release|Any CPU
		{CD6297D9-1B5E-418E-B027-C0CAEBE8FE4B}.Release|ARM64.Build.0 = Release|Any CPU
		{CD6297D9-1B5E-418E-B027-C0CAEBE8FE4B}.Release|x64.ActiveCfg = Release|Any CPU
		{CD6297D9-1B5E-418E-B027-C0CAEBE8FE4B}.Release|x64.Build.0 = Release|Any CPU
		{CD6297D9-1B5E-418E-B027-C0CAEBE8FE4B}.Release|x86.ActiveCfg = Release|Any CPU
		{CD6297D9-1B5E-418E-B027-C0CAEBE8FE4B}.Release|x86.Build.0 = Release|Any CPU
		{0C2D43F0-A278-48D6-888A-03E0A2DC3395}.Debug|Any CPU.ActiveCfg = Debug|Any CPU
		{0C2D43F0-A278-48D6-888A-03E0A2DC3395}.Debug|Any CPU.Build.0 = Debug|Any CPU
		{0C2D43F0-A278-48D6-888A-03E0A2DC3395}.Debug|ARM.ActiveCfg = Debug|Any CPU
		{0C2D43F0-A278-48D6-888A-03E0A2DC3395}.Debug|ARM.Build.0 = Debug|Any CPU
		{0C2D43F0-A278-48D6-888A-03E0A2DC3395}.Debug|ARM64.ActiveCfg = Debug|Any CPU
		{0C2D43F0-A278-48D6-888A-03E0A2DC3395}.Debug|ARM64.Build.0 = Debug|Any CPU
		{0C2D43F0-A278-48D6-888A-03E0A2DC3395}.Debug|x64.ActiveCfg = Debug|Any CPU
		{0C2D43F0-A278-48D6-888A-03E0A2DC3395}.Debug|x64.Build.0 = Debug|Any CPU
		{0C2D43F0-A278-48D6-888A-03E0A2DC3395}.Debug|x86.ActiveCfg = Debug|Any CPU
		{0C2D43F0-A278-48D6-888A-03E0A2DC3395}.Debug|x86.Build.0 = Debug|Any CPU
		{0C2D43F0-A278-48D6-888A-03E0A2DC3395}.Release|Any CPU.ActiveCfg = Release|Any CPU
		{0C2D43F0-A278-48D6-888A-03E0A2DC3395}.Release|Any CPU.Build.0 = Release|Any CPU
		{0C2D43F0-A278-48D6-888A-03E0A2DC3395}.Release|ARM.ActiveCfg = Release|Any CPU
		{0C2D43F0-A278-48D6-888A-03E0A2DC3395}.Release|ARM.Build.0 = Release|Any CPU
		{0C2D43F0-A278-48D6-888A-03E0A2DC3395}.Release|ARM64.ActiveCfg = Release|Any CPU
		{0C2D43F0-A278-48D6-888A-03E0A2DC3395}.Release|ARM64.Build.0 = Release|Any CPU
		{0C2D43F0-A278-48D6-888A-03E0A2DC3395}.Release|x64.ActiveCfg = Release|Any CPU
		{0C2D43F0-A278-48D6-888A-03E0A2DC3395}.Release|x64.Build.0 = Release|Any CPU
		{0C2D43F0-A278-48D6-888A-03E0A2DC3395}.Release|x86.ActiveCfg = Release|Any CPU
		{0C2D43F0-A278-48D6-888A-03E0A2DC3395}.Release|x86.Build.0 = Release|Any CPU
		{E1DCB848-2CEC-4600-A535-FDDC386F3324}.Debug|Any CPU.ActiveCfg = Debug|Any CPU
		{E1DCB848-2CEC-4600-A535-FDDC386F3324}.Debug|Any CPU.Build.0 = Debug|Any CPU
		{E1DCB848-2CEC-4600-A535-FDDC386F3324}.Debug|ARM.ActiveCfg = Debug|Any CPU
		{E1DCB848-2CEC-4600-A535-FDDC386F3324}.Debug|ARM.Build.0 = Debug|Any CPU
		{E1DCB848-2CEC-4600-A535-FDDC386F3324}.Debug|ARM64.ActiveCfg = Debug|Any CPU
		{E1DCB848-2CEC-4600-A535-FDDC386F3324}.Debug|ARM64.Build.0 = Debug|Any CPU
		{E1DCB848-2CEC-4600-A535-FDDC386F3324}.Debug|x64.ActiveCfg = Debug|Any CPU
		{E1DCB848-2CEC-4600-A535-FDDC386F3324}.Debug|x64.Build.0 = Debug|Any CPU
		{E1DCB848-2CEC-4600-A535-FDDC386F3324}.Debug|x86.ActiveCfg = Debug|Any CPU
		{E1DCB848-2CEC-4600-A535-FDDC386F3324}.Debug|x86.Build.0 = Debug|Any CPU
		{E1DCB848-2CEC-4600-A535-FDDC386F3324}.Release|Any CPU.ActiveCfg = Release|Any CPU
		{E1DCB848-2CEC-4600-A535-FDDC386F3324}.Release|Any CPU.Build.0 = Release|Any CPU
		{E1DCB848-2CEC-4600-A535-FDDC386F3324}.Release|ARM.ActiveCfg = Release|Any CPU
		{E1DCB848-2CEC-4600-A535-FDDC386F3324}.Release|ARM.Build.0 = Release|Any CPU
		{E1DCB848-2CEC-4600-A535-FDDC386F3324}.Release|ARM64.ActiveCfg = Release|Any CPU
		{E1DCB848-2CEC-4600-A535-FDDC386F3324}.Release|ARM64.Build.0 = Release|Any CPU
		{E1DCB848-2CEC-4600-A535-FDDC386F3324}.Release|x64.ActiveCfg = Release|Any CPU
		{E1DCB848-2CEC-4600-A535-FDDC386F3324}.Release|x64.Build.0 = Release|Any CPU
		{E1DCB848-2CEC-4600-A535-FDDC386F3324}.Release|x86.ActiveCfg = Release|Any CPU
		{E1DCB848-2CEC-4600-A535-FDDC386F3324}.Release|x86.Build.0 = Release|Any CPU
		{F7EDE9CB-33EB-4639-BDA3-572683520560}.Debug|Any CPU.ActiveCfg = Debug|Any CPU
		{F7EDE9CB-33EB-4639-BDA3-572683520560}.Debug|Any CPU.Build.0 = Debug|Any CPU
		{F7EDE9CB-33EB-4639-BDA3-572683520560}.Debug|ARM.ActiveCfg = Debug|Any CPU
		{F7EDE9CB-33EB-4639-BDA3-572683520560}.Debug|ARM.Build.0 = Debug|Any CPU
		{F7EDE9CB-33EB-4639-BDA3-572683520560}.Debug|ARM64.ActiveCfg = Debug|Any CPU
		{F7EDE9CB-33EB-4639-BDA3-572683520560}.Debug|ARM64.Build.0 = Debug|Any CPU
		{F7EDE9CB-33EB-4639-BDA3-572683520560}.Debug|x64.ActiveCfg = Debug|Any CPU
		{F7EDE9CB-33EB-4639-BDA3-572683520560}.Debug|x64.Build.0 = Debug|Any CPU
		{F7EDE9CB-33EB-4639-BDA3-572683520560}.Debug|x86.ActiveCfg = Debug|Any CPU
		{F7EDE9CB-33EB-4639-BDA3-572683520560}.Debug|x86.Build.0 = Debug|Any CPU
		{F7EDE9CB-33EB-4639-BDA3-572683520560}.Release|Any CPU.ActiveCfg = Release|Any CPU
		{F7EDE9CB-33EB-4639-BDA3-572683520560}.Release|Any CPU.Build.0 = Release|Any CPU
		{F7EDE9CB-33EB-4639-BDA3-572683520560}.Release|ARM.ActiveCfg = Release|Any CPU
		{F7EDE9CB-33EB-4639-BDA3-572683520560}.Release|ARM.Build.0 = Release|Any CPU
		{F7EDE9CB-33EB-4639-BDA3-572683520560}.Release|ARM64.ActiveCfg = Release|Any CPU
		{F7EDE9CB-33EB-4639-BDA3-572683520560}.Release|ARM64.Build.0 = Release|Any CPU
		{F7EDE9CB-33EB-4639-BDA3-572683520560}.Release|x64.ActiveCfg = Release|Any CPU
		{F7EDE9CB-33EB-4639-BDA3-572683520560}.Release|x64.Build.0 = Release|Any CPU
		{F7EDE9CB-33EB-4639-BDA3-572683520560}.Release|x86.ActiveCfg = Release|Any CPU
		{F7EDE9CB-33EB-4639-BDA3-572683520560}.Release|x86.Build.0 = Release|Any CPU
		{41616223-AA6B-4985-8D5E-8CDBDA60E9DE}.Debug|Any CPU.ActiveCfg = Debug|Any CPU
		{41616223-AA6B-4985-8D5E-8CDBDA60E9DE}.Debug|Any CPU.Build.0 = Debug|Any CPU
		{41616223-AA6B-4985-8D5E-8CDBDA60E9DE}.Debug|ARM.ActiveCfg = Debug|Any CPU
		{41616223-AA6B-4985-8D5E-8CDBDA60E9DE}.Debug|ARM.Build.0 = Debug|Any CPU
		{41616223-AA6B-4985-8D5E-8CDBDA60E9DE}.Debug|ARM64.ActiveCfg = Debug|Any CPU
		{41616223-AA6B-4985-8D5E-8CDBDA60E9DE}.Debug|ARM64.Build.0 = Debug|Any CPU
		{41616223-AA6B-4985-8D5E-8CDBDA60E9DE}.Debug|x64.ActiveCfg = Debug|Any CPU
		{41616223-AA6B-4985-8D5E-8CDBDA60E9DE}.Debug|x64.Build.0 = Debug|Any CPU
		{41616223-AA6B-4985-8D5E-8CDBDA60E9DE}.Debug|x86.ActiveCfg = Debug|Any CPU
		{41616223-AA6B-4985-8D5E-8CDBDA60E9DE}.Debug|x86.Build.0 = Debug|Any CPU
		{41616223-AA6B-4985-8D5E-8CDBDA60E9DE}.Release|Any CPU.ActiveCfg = Release|Any CPU
		{41616223-AA6B-4985-8D5E-8CDBDA60E9DE}.Release|Any CPU.Build.0 = Release|Any CPU
		{41616223-AA6B-4985-8D5E-8CDBDA60E9DE}.Release|ARM.ActiveCfg = Release|Any CPU
		{41616223-AA6B-4985-8D5E-8CDBDA60E9DE}.Release|ARM.Build.0 = Release|Any CPU
		{41616223-AA6B-4985-8D5E-8CDBDA60E9DE}.Release|ARM64.ActiveCfg = Release|Any CPU
		{41616223-AA6B-4985-8D5E-8CDBDA60E9DE}.Release|ARM64.Build.0 = Release|Any CPU
		{41616223-AA6B-4985-8D5E-8CDBDA60E9DE}.Release|x64.ActiveCfg = Release|Any CPU
		{41616223-AA6B-4985-8D5E-8CDBDA60E9DE}.Release|x64.Build.0 = Release|Any CPU
		{41616223-AA6B-4985-8D5E-8CDBDA60E9DE}.Release|x86.ActiveCfg = Release|Any CPU
		{41616223-AA6B-4985-8D5E-8CDBDA60E9DE}.Release|x86.Build.0 = Release|Any CPU
		{79484ADB-7C37-40AD-BFD0-C74F65C9B578}.Debug|Any CPU.ActiveCfg = Debug|Any CPU
		{79484ADB-7C37-40AD-BFD0-C74F65C9B578}.Debug|Any CPU.Build.0 = Debug|Any CPU
		{79484ADB-7C37-40AD-BFD0-C74F65C9B578}.Debug|ARM.ActiveCfg = Debug|Any CPU
		{79484ADB-7C37-40AD-BFD0-C74F65C9B578}.Debug|ARM.Build.0 = Debug|Any CPU
		{79484ADB-7C37-40AD-BFD0-C74F65C9B578}.Debug|ARM64.ActiveCfg = Debug|Any CPU
		{79484ADB-7C37-40AD-BFD0-C74F65C9B578}.Debug|ARM64.Build.0 = Debug|Any CPU
		{79484ADB-7C37-40AD-BFD0-C74F65C9B578}.Debug|x64.ActiveCfg = Debug|Any CPU
		{79484ADB-7C37-40AD-BFD0-C74F65C9B578}.Debug|x64.Build.0 = Debug|Any CPU
		{79484ADB-7C37-40AD-BFD0-C74F65C9B578}.Debug|x86.ActiveCfg = Debug|Any CPU
		{79484ADB-7C37-40AD-BFD0-C74F65C9B578}.Debug|x86.Build.0 = Debug|Any CPU
		{79484ADB-7C37-40AD-BFD0-C74F65C9B578}.Release|Any CPU.ActiveCfg = Release|Any CPU
		{79484ADB-7C37-40AD-BFD0-C74F65C9B578}.Release|Any CPU.Build.0 = Release|Any CPU
		{79484ADB-7C37-40AD-BFD0-C74F65C9B578}.Release|ARM.ActiveCfg = Release|Any CPU
		{79484ADB-7C37-40AD-BFD0-C74F65C9B578}.Release|ARM.Build.0 = Release|Any CPU
		{79484ADB-7C37-40AD-BFD0-C74F65C9B578}.Release|ARM64.ActiveCfg = Release|Any CPU
		{79484ADB-7C37-40AD-BFD0-C74F65C9B578}.Release|ARM64.Build.0 = Release|Any CPU
		{79484ADB-7C37-40AD-BFD0-C74F65C9B578}.Release|x64.ActiveCfg = Release|Any CPU
		{79484ADB-7C37-40AD-BFD0-C74F65C9B578}.Release|x64.Build.0 = Release|Any CPU
		{79484ADB-7C37-40AD-BFD0-C74F65C9B578}.Release|x86.ActiveCfg = Release|Any CPU
		{79484ADB-7C37-40AD-BFD0-C74F65C9B578}.Release|x86.Build.0 = Release|Any CPU
		{3573A892-E81F-4FF2-A012-2ADB0F7C82A2}.Debug|Any CPU.ActiveCfg = Debug|Any CPU
		{3573A892-E81F-4FF2-A012-2ADB0F7C82A2}.Debug|Any CPU.Build.0 = Debug|Any CPU
		{3573A892-E81F-4FF2-A012-2ADB0F7C82A2}.Debug|ARM.ActiveCfg = Debug|Any CPU
		{3573A892-E81F-4FF2-A012-2ADB0F7C82A2}.Debug|ARM.Build.0 = Debug|Any CPU
		{3573A892-E81F-4FF2-A012-2ADB0F7C82A2}.Debug|ARM64.ActiveCfg = Debug|Any CPU
		{3573A892-E81F-4FF2-A012-2ADB0F7C82A2}.Debug|ARM64.Build.0 = Debug|Any CPU
		{3573A892-E81F-4FF2-A012-2ADB0F7C82A2}.Debug|x64.ActiveCfg = Debug|Any CPU
		{3573A892-E81F-4FF2-A012-2ADB0F7C82A2}.Debug|x64.Build.0 = Debug|Any CPU
		{3573A892-E81F-4FF2-A012-2ADB0F7C82A2}.Debug|x86.ActiveCfg = Debug|Any CPU
		{3573A892-E81F-4FF2-A012-2ADB0F7C82A2}.Debug|x86.Build.0 = Debug|Any CPU
		{3573A892-E81F-4FF2-A012-2ADB0F7C82A2}.Release|Any CPU.ActiveCfg = Release|Any CPU
		{3573A892-E81F-4FF2-A012-2ADB0F7C82A2}.Release|Any CPU.Build.0 = Release|Any CPU
		{3573A892-E81F-4FF2-A012-2ADB0F7C82A2}.Release|ARM.ActiveCfg = Release|Any CPU
		{3573A892-E81F-4FF2-A012-2ADB0F7C82A2}.Release|ARM.Build.0 = Release|Any CPU
		{3573A892-E81F-4FF2-A012-2ADB0F7C82A2}.Release|ARM64.ActiveCfg = Release|Any CPU
		{3573A892-E81F-4FF2-A012-2ADB0F7C82A2}.Release|ARM64.Build.0 = Release|Any CPU
		{3573A892-E81F-4FF2-A012-2ADB0F7C82A2}.Release|x64.ActiveCfg = Release|Any CPU
		{3573A892-E81F-4FF2-A012-2ADB0F7C82A2}.Release|x64.Build.0 = Release|Any CPU
		{3573A892-E81F-4FF2-A012-2ADB0F7C82A2}.Release|x86.ActiveCfg = Release|Any CPU
		{3573A892-E81F-4FF2-A012-2ADB0F7C82A2}.Release|x86.Build.0 = Release|Any CPU
		{C79E4B62-D944-4DB8-9D6D-C4DFE6BEDFB5}.Debug|Any CPU.ActiveCfg = Debug|Any CPU
		{C79E4B62-D944-4DB8-9D6D-C4DFE6BEDFB5}.Debug|Any CPU.Build.0 = Debug|Any CPU
		{C79E4B62-D944-4DB8-9D6D-C4DFE6BEDFB5}.Debug|ARM.ActiveCfg = Debug|Any CPU
		{C79E4B62-D944-4DB8-9D6D-C4DFE6BEDFB5}.Debug|ARM.Build.0 = Debug|Any CPU
		{C79E4B62-D944-4DB8-9D6D-C4DFE6BEDFB5}.Debug|ARM64.ActiveCfg = Debug|Any CPU
		{C79E4B62-D944-4DB8-9D6D-C4DFE6BEDFB5}.Debug|ARM64.Build.0 = Debug|Any CPU
		{C79E4B62-D944-4DB8-9D6D-C4DFE6BEDFB5}.Debug|x64.ActiveCfg = Debug|Any CPU
		{C79E4B62-D944-4DB8-9D6D-C4DFE6BEDFB5}.Debug|x64.Build.0 = Debug|Any CPU
		{C79E4B62-D944-4DB8-9D6D-C4DFE6BEDFB5}.Debug|x86.ActiveCfg = Debug|Any CPU
		{C79E4B62-D944-4DB8-9D6D-C4DFE6BEDFB5}.Debug|x86.Build.0 = Debug|Any CPU
		{C79E4B62-D944-4DB8-9D6D-C4DFE6BEDFB5}.Release|Any CPU.ActiveCfg = Release|Any CPU
		{C79E4B62-D944-4DB8-9D6D-C4DFE6BEDFB5}.Release|Any CPU.Build.0 = Release|Any CPU
		{C79E4B62-D944-4DB8-9D6D-C4DFE6BEDFB5}.Release|ARM.ActiveCfg = Release|Any CPU
		{C79E4B62-D944-4DB8-9D6D-C4DFE6BEDFB5}.Release|ARM.Build.0 = Release|Any CPU
		{C79E4B62-D944-4DB8-9D6D-C4DFE6BEDFB5}.Release|ARM64.ActiveCfg = Release|Any CPU
		{C79E4B62-D944-4DB8-9D6D-C4DFE6BEDFB5}.Release|ARM64.Build.0 = Release|Any CPU
		{C79E4B62-D944-4DB8-9D6D-C4DFE6BEDFB5}.Release|x64.ActiveCfg = Release|Any CPU
		{C79E4B62-D944-4DB8-9D6D-C4DFE6BEDFB5}.Release|x64.Build.0 = Release|Any CPU
		{C79E4B62-D944-4DB8-9D6D-C4DFE6BEDFB5}.Release|x86.ActiveCfg = Release|Any CPU
		{C79E4B62-D944-4DB8-9D6D-C4DFE6BEDFB5}.Release|x86.Build.0 = Release|Any CPU
		{4C3EF4CB-1D4F-4646-95C7-B88584CB55AB}.Debug|Any CPU.ActiveCfg = Debug|x86
		{4C3EF4CB-1D4F-4646-95C7-B88584CB55AB}.Debug|ARM.ActiveCfg = Debug|ARM
		{4C3EF4CB-1D4F-4646-95C7-B88584CB55AB}.Debug|ARM.Build.0 = Debug|ARM
		{4C3EF4CB-1D4F-4646-95C7-B88584CB55AB}.Debug|ARM.Deploy.0 = Debug|ARM
		{4C3EF4CB-1D4F-4646-95C7-B88584CB55AB}.Debug|ARM64.ActiveCfg = Debug|x86
		{4C3EF4CB-1D4F-4646-95C7-B88584CB55AB}.Debug|x64.ActiveCfg = Debug|x64
		{4C3EF4CB-1D4F-4646-95C7-B88584CB55AB}.Debug|x64.Build.0 = Debug|x64
		{4C3EF4CB-1D4F-4646-95C7-B88584CB55AB}.Debug|x64.Deploy.0 = Debug|x64
		{4C3EF4CB-1D4F-4646-95C7-B88584CB55AB}.Debug|x86.ActiveCfg = Debug|x86
		{4C3EF4CB-1D4F-4646-95C7-B88584CB55AB}.Debug|x86.Build.0 = Debug|x86
		{4C3EF4CB-1D4F-4646-95C7-B88584CB55AB}.Debug|x86.Deploy.0 = Debug|x86
		{4C3EF4CB-1D4F-4646-95C7-B88584CB55AB}.Release|Any CPU.ActiveCfg = Release|x86
		{4C3EF4CB-1D4F-4646-95C7-B88584CB55AB}.Release|ARM.ActiveCfg = Release|ARM
		{4C3EF4CB-1D4F-4646-95C7-B88584CB55AB}.Release|ARM.Build.0 = Release|ARM
		{4C3EF4CB-1D4F-4646-95C7-B88584CB55AB}.Release|ARM.Deploy.0 = Release|ARM
		{4C3EF4CB-1D4F-4646-95C7-B88584CB55AB}.Release|ARM64.ActiveCfg = Release|x86
		{4C3EF4CB-1D4F-4646-95C7-B88584CB55AB}.Release|x64.ActiveCfg = Release|x64
		{4C3EF4CB-1D4F-4646-95C7-B88584CB55AB}.Release|x64.Build.0 = Release|x64
		{4C3EF4CB-1D4F-4646-95C7-B88584CB55AB}.Release|x64.Deploy.0 = Release|x64
		{4C3EF4CB-1D4F-4646-95C7-B88584CB55AB}.Release|x86.ActiveCfg = Release|x86
		{4C3EF4CB-1D4F-4646-95C7-B88584CB55AB}.Release|x86.Build.0 = Release|x86
		{4C3EF4CB-1D4F-4646-95C7-B88584CB55AB}.Release|x86.Deploy.0 = Release|x86
		{6FFB9E24-3CF7-40C5-8F50-DF5701B1A339}.Debug|Any CPU.ActiveCfg = Debug|x86
		{6FFB9E24-3CF7-40C5-8F50-DF5701B1A339}.Debug|ARM.ActiveCfg = Debug|ARM
		{6FFB9E24-3CF7-40C5-8F50-DF5701B1A339}.Debug|ARM.Build.0 = Debug|ARM
		{6FFB9E24-3CF7-40C5-8F50-DF5701B1A339}.Debug|ARM.Deploy.0 = Debug|ARM
		{6FFB9E24-3CF7-40C5-8F50-DF5701B1A339}.Debug|ARM64.ActiveCfg = Debug|x86
		{6FFB9E24-3CF7-40C5-8F50-DF5701B1A339}.Debug|x64.ActiveCfg = Debug|x64
		{6FFB9E24-3CF7-40C5-8F50-DF5701B1A339}.Debug|x64.Build.0 = Debug|x64
		{6FFB9E24-3CF7-40C5-8F50-DF5701B1A339}.Debug|x64.Deploy.0 = Debug|x64
		{6FFB9E24-3CF7-40C5-8F50-DF5701B1A339}.Debug|x86.ActiveCfg = Debug|x86
		{6FFB9E24-3CF7-40C5-8F50-DF5701B1A339}.Debug|x86.Build.0 = Debug|x86
		{6FFB9E24-3CF7-40C5-8F50-DF5701B1A339}.Debug|x86.Deploy.0 = Debug|x86
		{6FFB9E24-3CF7-40C5-8F50-DF5701B1A339}.Release|Any CPU.ActiveCfg = Release|x86
		{6FFB9E24-3CF7-40C5-8F50-DF5701B1A339}.Release|ARM.ActiveCfg = Release|ARM
		{6FFB9E24-3CF7-40C5-8F50-DF5701B1A339}.Release|ARM.Build.0 = Release|ARM
		{6FFB9E24-3CF7-40C5-8F50-DF5701B1A339}.Release|ARM.Deploy.0 = Release|ARM
		{6FFB9E24-3CF7-40C5-8F50-DF5701B1A339}.Release|ARM64.ActiveCfg = Release|x86
		{6FFB9E24-3CF7-40C5-8F50-DF5701B1A339}.Release|x64.ActiveCfg = Release|x64
		{6FFB9E24-3CF7-40C5-8F50-DF5701B1A339}.Release|x64.Build.0 = Release|x64
		{6FFB9E24-3CF7-40C5-8F50-DF5701B1A339}.Release|x64.Deploy.0 = Release|x64
		{6FFB9E24-3CF7-40C5-8F50-DF5701B1A339}.Release|x86.ActiveCfg = Release|x86
		{6FFB9E24-3CF7-40C5-8F50-DF5701B1A339}.Release|x86.Build.0 = Release|x86
		{6FFB9E24-3CF7-40C5-8F50-DF5701B1A339}.Release|x86.Deploy.0 = Release|x86
		{E0B72480-0035-494D-9E75-387CA88B2599}.Debug|Any CPU.ActiveCfg = Debug|Any CPU
		{E0B72480-0035-494D-9E75-387CA88B2599}.Debug|Any CPU.Build.0 = Debug|Any CPU
		{E0B72480-0035-494D-9E75-387CA88B2599}.Debug|ARM.ActiveCfg = Debug|Any CPU
		{E0B72480-0035-494D-9E75-387CA88B2599}.Debug|ARM.Build.0 = Debug|Any CPU
		{E0B72480-0035-494D-9E75-387CA88B2599}.Debug|ARM64.ActiveCfg = Debug|Any CPU
		{E0B72480-0035-494D-9E75-387CA88B2599}.Debug|ARM64.Build.0 = Debug|Any CPU
		{E0B72480-0035-494D-9E75-387CA88B2599}.Debug|x64.ActiveCfg = Debug|Any CPU
		{E0B72480-0035-494D-9E75-387CA88B2599}.Debug|x64.Build.0 = Debug|Any CPU
		{E0B72480-0035-494D-9E75-387CA88B2599}.Debug|x86.ActiveCfg = Debug|Any CPU
		{E0B72480-0035-494D-9E75-387CA88B2599}.Debug|x86.Build.0 = Debug|Any CPU
		{E0B72480-0035-494D-9E75-387CA88B2599}.Release|Any CPU.ActiveCfg = Release|Any CPU
		{E0B72480-0035-494D-9E75-387CA88B2599}.Release|Any CPU.Build.0 = Release|Any CPU
		{E0B72480-0035-494D-9E75-387CA88B2599}.Release|ARM.ActiveCfg = Release|Any CPU
		{E0B72480-0035-494D-9E75-387CA88B2599}.Release|ARM.Build.0 = Release|Any CPU
		{E0B72480-0035-494D-9E75-387CA88B2599}.Release|ARM64.ActiveCfg = Release|Any CPU
		{E0B72480-0035-494D-9E75-387CA88B2599}.Release|ARM64.Build.0 = Release|Any CPU
		{E0B72480-0035-494D-9E75-387CA88B2599}.Release|x64.ActiveCfg = Release|Any CPU
		{E0B72480-0035-494D-9E75-387CA88B2599}.Release|x64.Build.0 = Release|Any CPU
		{E0B72480-0035-494D-9E75-387CA88B2599}.Release|x86.ActiveCfg = Release|Any CPU
		{E0B72480-0035-494D-9E75-387CA88B2599}.Release|x86.Build.0 = Release|Any CPU
		{70EB67C6-DE54-4F90-B894-B36DA42D14BC}.Debug|Any CPU.ActiveCfg = Debug|Any CPU
		{70EB67C6-DE54-4F90-B894-B36DA42D14BC}.Debug|Any CPU.Build.0 = Debug|Any CPU
		{70EB67C6-DE54-4F90-B894-B36DA42D14BC}.Debug|ARM.ActiveCfg = Debug|Any CPU
		{70EB67C6-DE54-4F90-B894-B36DA42D14BC}.Debug|ARM.Build.0 = Debug|Any CPU
		{70EB67C6-DE54-4F90-B894-B36DA42D14BC}.Debug|ARM64.ActiveCfg = Debug|Any CPU
		{70EB67C6-DE54-4F90-B894-B36DA42D14BC}.Debug|ARM64.Build.0 = Debug|Any CPU
		{70EB67C6-DE54-4F90-B894-B36DA42D14BC}.Debug|x64.ActiveCfg = Debug|Any CPU
		{70EB67C6-DE54-4F90-B894-B36DA42D14BC}.Debug|x64.Build.0 = Debug|Any CPU
		{70EB67C6-DE54-4F90-B894-B36DA42D14BC}.Debug|x86.ActiveCfg = Debug|Any CPU
		{70EB67C6-DE54-4F90-B894-B36DA42D14BC}.Debug|x86.Build.0 = Debug|Any CPU
		{70EB67C6-DE54-4F90-B894-B36DA42D14BC}.Release|Any CPU.ActiveCfg = Release|Any CPU
		{70EB67C6-DE54-4F90-B894-B36DA42D14BC}.Release|Any CPU.Build.0 = Release|Any CPU
		{70EB67C6-DE54-4F90-B894-B36DA42D14BC}.Release|ARM.ActiveCfg = Release|Any CPU
		{70EB67C6-DE54-4F90-B894-B36DA42D14BC}.Release|ARM.Build.0 = Release|Any CPU
		{70EB67C6-DE54-4F90-B894-B36DA42D14BC}.Release|ARM64.ActiveCfg = Release|Any CPU
		{70EB67C6-DE54-4F90-B894-B36DA42D14BC}.Release|ARM64.Build.0 = Release|Any CPU
		{70EB67C6-DE54-4F90-B894-B36DA42D14BC}.Release|x64.ActiveCfg = Release|Any CPU
		{70EB67C6-DE54-4F90-B894-B36DA42D14BC}.Release|x64.Build.0 = Release|Any CPU
		{70EB67C6-DE54-4F90-B894-B36DA42D14BC}.Release|x86.ActiveCfg = Release|Any CPU
		{70EB67C6-DE54-4F90-B894-B36DA42D14BC}.Release|x86.Build.0 = Release|Any CPU
		{D5EC994F-4D8B-4938-A89B-526FFE80122A}.Debug|Any CPU.ActiveCfg = Debug|Any CPU
		{D5EC994F-4D8B-4938-A89B-526FFE80122A}.Debug|Any CPU.Build.0 = Debug|Any CPU
		{D5EC994F-4D8B-4938-A89B-526FFE80122A}.Debug|ARM.ActiveCfg = Debug|Any CPU
		{D5EC994F-4D8B-4938-A89B-526FFE80122A}.Debug|ARM.Build.0 = Debug|Any CPU
		{D5EC994F-4D8B-4938-A89B-526FFE80122A}.Debug|ARM64.ActiveCfg = Debug|Any CPU
		{D5EC994F-4D8B-4938-A89B-526FFE80122A}.Debug|ARM64.Build.0 = Debug|Any CPU
		{D5EC994F-4D8B-4938-A89B-526FFE80122A}.Debug|x64.ActiveCfg = Debug|Any CPU
		{D5EC994F-4D8B-4938-A89B-526FFE80122A}.Debug|x64.Build.0 = Debug|Any CPU
		{D5EC994F-4D8B-4938-A89B-526FFE80122A}.Debug|x86.ActiveCfg = Debug|Any CPU
		{D5EC994F-4D8B-4938-A89B-526FFE80122A}.Debug|x86.Build.0 = Debug|Any CPU
		{D5EC994F-4D8B-4938-A89B-526FFE80122A}.Release|Any CPU.ActiveCfg = Release|Any CPU
		{D5EC994F-4D8B-4938-A89B-526FFE80122A}.Release|Any CPU.Build.0 = Release|Any CPU
		{D5EC994F-4D8B-4938-A89B-526FFE80122A}.Release|ARM.ActiveCfg = Release|Any CPU
		{D5EC994F-4D8B-4938-A89B-526FFE80122A}.Release|ARM.Build.0 = Release|Any CPU
		{D5EC994F-4D8B-4938-A89B-526FFE80122A}.Release|ARM64.ActiveCfg = Release|Any CPU
		{D5EC994F-4D8B-4938-A89B-526FFE80122A}.Release|ARM64.Build.0 = Release|Any CPU
		{D5EC994F-4D8B-4938-A89B-526FFE80122A}.Release|x64.ActiveCfg = Release|Any CPU
		{D5EC994F-4D8B-4938-A89B-526FFE80122A}.Release|x64.Build.0 = Release|Any CPU
		{D5EC994F-4D8B-4938-A89B-526FFE80122A}.Release|x86.ActiveCfg = Release|Any CPU
		{D5EC994F-4D8B-4938-A89B-526FFE80122A}.Release|x86.Build.0 = Release|Any CPU
		{E733305E-9165-4D18-95F5-77E35B1DCB32}.Debug|Any CPU.ActiveCfg = Debug|Any CPU
		{E733305E-9165-4D18-95F5-77E35B1DCB32}.Debug|Any CPU.Build.0 = Debug|Any CPU
		{E733305E-9165-4D18-95F5-77E35B1DCB32}.Debug|ARM.ActiveCfg = Debug|Any CPU
		{E733305E-9165-4D18-95F5-77E35B1DCB32}.Debug|ARM.Build.0 = Debug|Any CPU
		{E733305E-9165-4D18-95F5-77E35B1DCB32}.Debug|ARM64.ActiveCfg = Debug|Any CPU
		{E733305E-9165-4D18-95F5-77E35B1DCB32}.Debug|ARM64.Build.0 = Debug|Any CPU
		{E733305E-9165-4D18-95F5-77E35B1DCB32}.Debug|x64.ActiveCfg = Debug|Any CPU
		{E733305E-9165-4D18-95F5-77E35B1DCB32}.Debug|x64.Build.0 = Debug|Any CPU
		{E733305E-9165-4D18-95F5-77E35B1DCB32}.Debug|x86.ActiveCfg = Debug|Any CPU
		{E733305E-9165-4D18-95F5-77E35B1DCB32}.Debug|x86.Build.0 = Debug|Any CPU
		{E733305E-9165-4D18-95F5-77E35B1DCB32}.Release|Any CPU.ActiveCfg = Release|Any CPU
		{E733305E-9165-4D18-95F5-77E35B1DCB32}.Release|Any CPU.Build.0 = Release|Any CPU
		{E733305E-9165-4D18-95F5-77E35B1DCB32}.Release|ARM.ActiveCfg = Release|Any CPU
		{E733305E-9165-4D18-95F5-77E35B1DCB32}.Release|ARM.Build.0 = Release|Any CPU
		{E733305E-9165-4D18-95F5-77E35B1DCB32}.Release|ARM64.ActiveCfg = Release|Any CPU
		{E733305E-9165-4D18-95F5-77E35B1DCB32}.Release|ARM64.Build.0 = Release|Any CPU
		{E733305E-9165-4D18-95F5-77E35B1DCB32}.Release|x64.ActiveCfg = Release|Any CPU
		{E733305E-9165-4D18-95F5-77E35B1DCB32}.Release|x64.Build.0 = Release|Any CPU
		{E733305E-9165-4D18-95F5-77E35B1DCB32}.Release|x86.ActiveCfg = Release|Any CPU
		{E733305E-9165-4D18-95F5-77E35B1DCB32}.Release|x86.Build.0 = Release|Any CPU
		{59261610-A2C1-4182-B8BF-04F2D5DFBC85}.Debug|Any CPU.ActiveCfg = Debug|Any CPU
		{59261610-A2C1-4182-B8BF-04F2D5DFBC85}.Debug|Any CPU.Build.0 = Debug|Any CPU
		{59261610-A2C1-4182-B8BF-04F2D5DFBC85}.Debug|ARM.ActiveCfg = Debug|Any CPU
		{59261610-A2C1-4182-B8BF-04F2D5DFBC85}.Debug|ARM.Build.0 = Debug|Any CPU
		{59261610-A2C1-4182-B8BF-04F2D5DFBC85}.Debug|ARM64.ActiveCfg = Debug|Any CPU
		{59261610-A2C1-4182-B8BF-04F2D5DFBC85}.Debug|ARM64.Build.0 = Debug|Any CPU
		{59261610-A2C1-4182-B8BF-04F2D5DFBC85}.Debug|x64.ActiveCfg = Debug|Any CPU
		{59261610-A2C1-4182-B8BF-04F2D5DFBC85}.Debug|x64.Build.0 = Debug|Any CPU
		{59261610-A2C1-4182-B8BF-04F2D5DFBC85}.Debug|x86.ActiveCfg = Debug|Any CPU
		{59261610-A2C1-4182-B8BF-04F2D5DFBC85}.Debug|x86.Build.0 = Debug|Any CPU
		{59261610-A2C1-4182-B8BF-04F2D5DFBC85}.Release|Any CPU.ActiveCfg = Release|Any CPU
		{59261610-A2C1-4182-B8BF-04F2D5DFBC85}.Release|Any CPU.Build.0 = Release|Any CPU
		{59261610-A2C1-4182-B8BF-04F2D5DFBC85}.Release|ARM.ActiveCfg = Release|Any CPU
		{59261610-A2C1-4182-B8BF-04F2D5DFBC85}.Release|ARM.Build.0 = Release|Any CPU
		{59261610-A2C1-4182-B8BF-04F2D5DFBC85}.Release|ARM64.ActiveCfg = Release|Any CPU
		{59261610-A2C1-4182-B8BF-04F2D5DFBC85}.Release|ARM64.Build.0 = Release|Any CPU
		{59261610-A2C1-4182-B8BF-04F2D5DFBC85}.Release|x64.ActiveCfg = Release|Any CPU
		{59261610-A2C1-4182-B8BF-04F2D5DFBC85}.Release|x64.Build.0 = Release|Any CPU
		{59261610-A2C1-4182-B8BF-04F2D5DFBC85}.Release|x86.ActiveCfg = Release|Any CPU
		{59261610-A2C1-4182-B8BF-04F2D5DFBC85}.Release|x86.Build.0 = Release|Any CPU
		{B1D8CE46-2E21-4E72-9C81-FE5FE01AE067}.Debug|Any CPU.ActiveCfg = Debug|Any CPU
		{B1D8CE46-2E21-4E72-9C81-FE5FE01AE067}.Debug|Any CPU.Build.0 = Debug|Any CPU
		{B1D8CE46-2E21-4E72-9C81-FE5FE01AE067}.Debug|ARM.ActiveCfg = Debug|Any CPU
		{B1D8CE46-2E21-4E72-9C81-FE5FE01AE067}.Debug|ARM.Build.0 = Debug|Any CPU
		{B1D8CE46-2E21-4E72-9C81-FE5FE01AE067}.Debug|ARM64.ActiveCfg = Debug|Any CPU
		{B1D8CE46-2E21-4E72-9C81-FE5FE01AE067}.Debug|ARM64.Build.0 = Debug|Any CPU
		{B1D8CE46-2E21-4E72-9C81-FE5FE01AE067}.Debug|x64.ActiveCfg = Debug|Any CPU
		{B1D8CE46-2E21-4E72-9C81-FE5FE01AE067}.Debug|x64.Build.0 = Debug|Any CPU
		{B1D8CE46-2E21-4E72-9C81-FE5FE01AE067}.Debug|x86.ActiveCfg = Debug|Any CPU
		{B1D8CE46-2E21-4E72-9C81-FE5FE01AE067}.Debug|x86.Build.0 = Debug|Any CPU
		{B1D8CE46-2E21-4E72-9C81-FE5FE01AE067}.Release|Any CPU.ActiveCfg = Release|Any CPU
		{B1D8CE46-2E21-4E72-9C81-FE5FE01AE067}.Release|Any CPU.Build.0 = Release|Any CPU
		{B1D8CE46-2E21-4E72-9C81-FE5FE01AE067}.Release|ARM.ActiveCfg = Release|Any CPU
		{B1D8CE46-2E21-4E72-9C81-FE5FE01AE067}.Release|ARM.Build.0 = Release|Any CPU
		{B1D8CE46-2E21-4E72-9C81-FE5FE01AE067}.Release|ARM64.ActiveCfg = Release|Any CPU
		{B1D8CE46-2E21-4E72-9C81-FE5FE01AE067}.Release|ARM64.Build.0 = Release|Any CPU
		{B1D8CE46-2E21-4E72-9C81-FE5FE01AE067}.Release|x64.ActiveCfg = Release|Any CPU
		{B1D8CE46-2E21-4E72-9C81-FE5FE01AE067}.Release|x64.Build.0 = Release|Any CPU
		{B1D8CE46-2E21-4E72-9C81-FE5FE01AE067}.Release|x86.ActiveCfg = Release|Any CPU
		{B1D8CE46-2E21-4E72-9C81-FE5FE01AE067}.Release|x86.Build.0 = Release|Any CPU
		{1B66BF52-53EE-4A77-8F43-8C721921CDA3}.Debug|Any CPU.ActiveCfg = Debug|Any CPU
		{1B66BF52-53EE-4A77-8F43-8C721921CDA3}.Debug|Any CPU.Build.0 = Debug|Any CPU
		{1B66BF52-53EE-4A77-8F43-8C721921CDA3}.Debug|ARM.ActiveCfg = Debug|Any CPU
		{1B66BF52-53EE-4A77-8F43-8C721921CDA3}.Debug|ARM.Build.0 = Debug|Any CPU
		{1B66BF52-53EE-4A77-8F43-8C721921CDA3}.Debug|ARM64.ActiveCfg = Debug|Any CPU
		{1B66BF52-53EE-4A77-8F43-8C721921CDA3}.Debug|ARM64.Build.0 = Debug|Any CPU
		{1B66BF52-53EE-4A77-8F43-8C721921CDA3}.Debug|x64.ActiveCfg = Debug|Any CPU
		{1B66BF52-53EE-4A77-8F43-8C721921CDA3}.Debug|x64.Build.0 = Debug|Any CPU
		{1B66BF52-53EE-4A77-8F43-8C721921CDA3}.Debug|x86.ActiveCfg = Debug|Any CPU
		{1B66BF52-53EE-4A77-8F43-8C721921CDA3}.Debug|x86.Build.0 = Debug|Any CPU
		{1B66BF52-53EE-4A77-8F43-8C721921CDA3}.Release|Any CPU.ActiveCfg = Release|Any CPU
		{1B66BF52-53EE-4A77-8F43-8C721921CDA3}.Release|Any CPU.Build.0 = Release|Any CPU
		{1B66BF52-53EE-4A77-8F43-8C721921CDA3}.Release|ARM.ActiveCfg = Release|Any CPU
		{1B66BF52-53EE-4A77-8F43-8C721921CDA3}.Release|ARM.Build.0 = Release|Any CPU
		{1B66BF52-53EE-4A77-8F43-8C721921CDA3}.Release|ARM64.ActiveCfg = Release|Any CPU
		{1B66BF52-53EE-4A77-8F43-8C721921CDA3}.Release|ARM64.Build.0 = Release|Any CPU
		{1B66BF52-53EE-4A77-8F43-8C721921CDA3}.Release|x64.ActiveCfg = Release|Any CPU
		{1B66BF52-53EE-4A77-8F43-8C721921CDA3}.Release|x64.Build.0 = Release|Any CPU
		{1B66BF52-53EE-4A77-8F43-8C721921CDA3}.Release|x86.ActiveCfg = Release|Any CPU
		{1B66BF52-53EE-4A77-8F43-8C721921CDA3}.Release|x86.Build.0 = Release|Any CPU
		{752F14E6-5D54-40AE-AE9E-C3809E390A47}.Debug|Any CPU.ActiveCfg = Debug|Any CPU
		{752F14E6-5D54-40AE-AE9E-C3809E390A47}.Debug|Any CPU.Build.0 = Debug|Any CPU
		{752F14E6-5D54-40AE-AE9E-C3809E390A47}.Debug|ARM.ActiveCfg = Debug|Any CPU
		{752F14E6-5D54-40AE-AE9E-C3809E390A47}.Debug|ARM.Build.0 = Debug|Any CPU
		{752F14E6-5D54-40AE-AE9E-C3809E390A47}.Debug|ARM64.ActiveCfg = Debug|Any CPU
		{752F14E6-5D54-40AE-AE9E-C3809E390A47}.Debug|ARM64.Build.0 = Debug|Any CPU
		{752F14E6-5D54-40AE-AE9E-C3809E390A47}.Debug|x64.ActiveCfg = Debug|Any CPU
		{752F14E6-5D54-40AE-AE9E-C3809E390A47}.Debug|x64.Build.0 = Debug|Any CPU
		{752F14E6-5D54-40AE-AE9E-C3809E390A47}.Debug|x86.ActiveCfg = Debug|Any CPU
		{752F14E6-5D54-40AE-AE9E-C3809E390A47}.Debug|x86.Build.0 = Debug|Any CPU
		{752F14E6-5D54-40AE-AE9E-C3809E390A47}.Release|Any CPU.ActiveCfg = Release|Any CPU
		{752F14E6-5D54-40AE-AE9E-C3809E390A47}.Release|Any CPU.Build.0 = Release|Any CPU
		{752F14E6-5D54-40AE-AE9E-C3809E390A47}.Release|ARM.ActiveCfg = Release|Any CPU
		{752F14E6-5D54-40AE-AE9E-C3809E390A47}.Release|ARM.Build.0 = Release|Any CPU
		{752F14E6-5D54-40AE-AE9E-C3809E390A47}.Release|ARM64.ActiveCfg = Release|Any CPU
		{752F14E6-5D54-40AE-AE9E-C3809E390A47}.Release|ARM64.Build.0 = Release|Any CPU
		{752F14E6-5D54-40AE-AE9E-C3809E390A47}.Release|x64.ActiveCfg = Release|Any CPU
		{752F14E6-5D54-40AE-AE9E-C3809E390A47}.Release|x64.Build.0 = Release|Any CPU
		{752F14E6-5D54-40AE-AE9E-C3809E390A47}.Release|x86.ActiveCfg = Release|Any CPU
		{752F14E6-5D54-40AE-AE9E-C3809E390A47}.Release|x86.Build.0 = Release|Any CPU
		{252D8FD5-9154-46A5-82E4-8F515DF4AB31}.Debug|Any CPU.ActiveCfg = Debug|Any CPU
		{252D8FD5-9154-46A5-82E4-8F515DF4AB31}.Debug|Any CPU.Build.0 = Debug|Any CPU
		{252D8FD5-9154-46A5-82E4-8F515DF4AB31}.Debug|ARM.ActiveCfg = Debug|Any CPU
		{252D8FD5-9154-46A5-82E4-8F515DF4AB31}.Debug|ARM.Build.0 = Debug|Any CPU
		{252D8FD5-9154-46A5-82E4-8F515DF4AB31}.Debug|ARM64.ActiveCfg = Debug|Any CPU
		{252D8FD5-9154-46A5-82E4-8F515DF4AB31}.Debug|ARM64.Build.0 = Debug|Any CPU
		{252D8FD5-9154-46A5-82E4-8F515DF4AB31}.Debug|x64.ActiveCfg = Debug|Any CPU
		{252D8FD5-9154-46A5-82E4-8F515DF4AB31}.Debug|x64.Build.0 = Debug|Any CPU
		{252D8FD5-9154-46A5-82E4-8F515DF4AB31}.Debug|x86.ActiveCfg = Debug|Any CPU
		{252D8FD5-9154-46A5-82E4-8F515DF4AB31}.Debug|x86.Build.0 = Debug|Any CPU
		{252D8FD5-9154-46A5-82E4-8F515DF4AB31}.Release|Any CPU.ActiveCfg = Release|Any CPU
		{252D8FD5-9154-46A5-82E4-8F515DF4AB31}.Release|Any CPU.Build.0 = Release|Any CPU
		{252D8FD5-9154-46A5-82E4-8F515DF4AB31}.Release|ARM.ActiveCfg = Release|Any CPU
		{252D8FD5-9154-46A5-82E4-8F515DF4AB31}.Release|ARM.Build.0 = Release|Any CPU
		{252D8FD5-9154-46A5-82E4-8F515DF4AB31}.Release|ARM64.ActiveCfg = Release|Any CPU
		{252D8FD5-9154-46A5-82E4-8F515DF4AB31}.Release|ARM64.Build.0 = Release|Any CPU
		{252D8FD5-9154-46A5-82E4-8F515DF4AB31}.Release|x64.ActiveCfg = Release|Any CPU
		{252D8FD5-9154-46A5-82E4-8F515DF4AB31}.Release|x64.Build.0 = Release|Any CPU
		{252D8FD5-9154-46A5-82E4-8F515DF4AB31}.Release|x86.ActiveCfg = Release|Any CPU
		{252D8FD5-9154-46A5-82E4-8F515DF4AB31}.Release|x86.Build.0 = Release|Any CPU
		{8339C1ED-E328-43AE-B44B-3E320426F443}.Debug|Any CPU.ActiveCfg = Debug|Any CPU
		{8339C1ED-E328-43AE-B44B-3E320426F443}.Debug|Any CPU.Build.0 = Debug|Any CPU
		{8339C1ED-E328-43AE-B44B-3E320426F443}.Debug|ARM.ActiveCfg = Debug|Any CPU
		{8339C1ED-E328-43AE-B44B-3E320426F443}.Debug|ARM.Build.0 = Debug|Any CPU
		{8339C1ED-E328-43AE-B44B-3E320426F443}.Debug|ARM64.ActiveCfg = Debug|Any CPU
		{8339C1ED-E328-43AE-B44B-3E320426F443}.Debug|ARM64.Build.0 = Debug|Any CPU
		{8339C1ED-E328-43AE-B44B-3E320426F443}.Debug|x64.ActiveCfg = Debug|Any CPU
		{8339C1ED-E328-43AE-B44B-3E320426F443}.Debug|x64.Build.0 = Debug|Any CPU
		{8339C1ED-E328-43AE-B44B-3E320426F443}.Debug|x86.ActiveCfg = Debug|Any CPU
		{8339C1ED-E328-43AE-B44B-3E320426F443}.Debug|x86.Build.0 = Debug|Any CPU
		{8339C1ED-E328-43AE-B44B-3E320426F443}.Release|Any CPU.ActiveCfg = Release|Any CPU
		{8339C1ED-E328-43AE-B44B-3E320426F443}.Release|Any CPU.Build.0 = Release|Any CPU
		{8339C1ED-E328-43AE-B44B-3E320426F443}.Release|ARM.ActiveCfg = Release|Any CPU
		{8339C1ED-E328-43AE-B44B-3E320426F443}.Release|ARM.Build.0 = Release|Any CPU
		{8339C1ED-E328-43AE-B44B-3E320426F443}.Release|ARM64.ActiveCfg = Release|Any CPU
		{8339C1ED-E328-43AE-B44B-3E320426F443}.Release|ARM64.Build.0 = Release|Any CPU
		{8339C1ED-E328-43AE-B44B-3E320426F443}.Release|x64.ActiveCfg = Release|Any CPU
		{8339C1ED-E328-43AE-B44B-3E320426F443}.Release|x64.Build.0 = Release|Any CPU
		{8339C1ED-E328-43AE-B44B-3E320426F443}.Release|x86.ActiveCfg = Release|Any CPU
		{8339C1ED-E328-43AE-B44B-3E320426F443}.Release|x86.Build.0 = Release|Any CPU
		{A49C4D48-DC7E-4823-BA2A-2001BA1341CD}.Debug|Any CPU.ActiveCfg = Debug|Any CPU
		{A49C4D48-DC7E-4823-BA2A-2001BA1341CD}.Debug|Any CPU.Build.0 = Debug|Any CPU
		{A49C4D48-DC7E-4823-BA2A-2001BA1341CD}.Debug|ARM.ActiveCfg = Debug|Any CPU
		{A49C4D48-DC7E-4823-BA2A-2001BA1341CD}.Debug|ARM.Build.0 = Debug|Any CPU
		{A49C4D48-DC7E-4823-BA2A-2001BA1341CD}.Debug|ARM64.ActiveCfg = Debug|Any CPU
		{A49C4D48-DC7E-4823-BA2A-2001BA1341CD}.Debug|ARM64.Build.0 = Debug|Any CPU
		{A49C4D48-DC7E-4823-BA2A-2001BA1341CD}.Debug|x64.ActiveCfg = Debug|Any CPU
		{A49C4D48-DC7E-4823-BA2A-2001BA1341CD}.Debug|x64.Build.0 = Debug|Any CPU
		{A49C4D48-DC7E-4823-BA2A-2001BA1341CD}.Debug|x86.ActiveCfg = Debug|Any CPU
		{A49C4D48-DC7E-4823-BA2A-2001BA1341CD}.Debug|x86.Build.0 = Debug|Any CPU
		{A49C4D48-DC7E-4823-BA2A-2001BA1341CD}.Release|Any CPU.ActiveCfg = Release|Any CPU
		{A49C4D48-DC7E-4823-BA2A-2001BA1341CD}.Release|Any CPU.Build.0 = Release|Any CPU
		{A49C4D48-DC7E-4823-BA2A-2001BA1341CD}.Release|ARM.ActiveCfg = Release|Any CPU
		{A49C4D48-DC7E-4823-BA2A-2001BA1341CD}.Release|ARM.Build.0 = Release|Any CPU
		{A49C4D48-DC7E-4823-BA2A-2001BA1341CD}.Release|ARM64.ActiveCfg = Release|Any CPU
		{A49C4D48-DC7E-4823-BA2A-2001BA1341CD}.Release|ARM64.Build.0 = Release|Any CPU
		{A49C4D48-DC7E-4823-BA2A-2001BA1341CD}.Release|x64.ActiveCfg = Release|Any CPU
		{A49C4D48-DC7E-4823-BA2A-2001BA1341CD}.Release|x64.Build.0 = Release|Any CPU
		{A49C4D48-DC7E-4823-BA2A-2001BA1341CD}.Release|x86.ActiveCfg = Release|Any CPU
		{A49C4D48-DC7E-4823-BA2A-2001BA1341CD}.Release|x86.Build.0 = Release|Any CPU
		{E89B6F8C-4694-41FA-9585-508D83E7FEBF}.Debug|Any CPU.ActiveCfg = Debug|Any CPU
		{E89B6F8C-4694-41FA-9585-508D83E7FEBF}.Debug|Any CPU.Build.0 = Debug|Any CPU
		{E89B6F8C-4694-41FA-9585-508D83E7FEBF}.Debug|ARM.ActiveCfg = Debug|Any CPU
		{E89B6F8C-4694-41FA-9585-508D83E7FEBF}.Debug|ARM.Build.0 = Debug|Any CPU
		{E89B6F8C-4694-41FA-9585-508D83E7FEBF}.Debug|ARM64.ActiveCfg = Debug|Any CPU
		{E89B6F8C-4694-41FA-9585-508D83E7FEBF}.Debug|ARM64.Build.0 = Debug|Any CPU
		{E89B6F8C-4694-41FA-9585-508D83E7FEBF}.Debug|x64.ActiveCfg = Debug|Any CPU
		{E89B6F8C-4694-41FA-9585-508D83E7FEBF}.Debug|x64.Build.0 = Debug|Any CPU
		{E89B6F8C-4694-41FA-9585-508D83E7FEBF}.Debug|x86.ActiveCfg = Debug|Any CPU
		{E89B6F8C-4694-41FA-9585-508D83E7FEBF}.Debug|x86.Build.0 = Debug|Any CPU
		{E89B6F8C-4694-41FA-9585-508D83E7FEBF}.Release|Any CPU.ActiveCfg = Release|Any CPU
		{E89B6F8C-4694-41FA-9585-508D83E7FEBF}.Release|Any CPU.Build.0 = Release|Any CPU
		{E89B6F8C-4694-41FA-9585-508D83E7FEBF}.Release|ARM.ActiveCfg = Release|Any CPU
		{E89B6F8C-4694-41FA-9585-508D83E7FEBF}.Release|ARM.Build.0 = Release|Any CPU
		{E89B6F8C-4694-41FA-9585-508D83E7FEBF}.Release|ARM64.ActiveCfg = Release|Any CPU
		{E89B6F8C-4694-41FA-9585-508D83E7FEBF}.Release|ARM64.Build.0 = Release|Any CPU
		{E89B6F8C-4694-41FA-9585-508D83E7FEBF}.Release|x64.ActiveCfg = Release|Any CPU
		{E89B6F8C-4694-41FA-9585-508D83E7FEBF}.Release|x64.Build.0 = Release|Any CPU
		{E89B6F8C-4694-41FA-9585-508D83E7FEBF}.Release|x86.ActiveCfg = Release|Any CPU
		{E89B6F8C-4694-41FA-9585-508D83E7FEBF}.Release|x86.Build.0 = Release|Any CPU
		{3993CF42-AEF3-486E-9B97-076E12DF85DC}.Debug|Any CPU.ActiveCfg = Debug|Any CPU
		{3993CF42-AEF3-486E-9B97-076E12DF85DC}.Debug|Any CPU.Build.0 = Debug|Any CPU
		{3993CF42-AEF3-486E-9B97-076E12DF85DC}.Debug|ARM.ActiveCfg = Debug|Any CPU
		{3993CF42-AEF3-486E-9B97-076E12DF85DC}.Debug|ARM.Build.0 = Debug|Any CPU
		{3993CF42-AEF3-486E-9B97-076E12DF85DC}.Debug|ARM64.ActiveCfg = Debug|Any CPU
		{3993CF42-AEF3-486E-9B97-076E12DF85DC}.Debug|ARM64.Build.0 = Debug|Any CPU
		{3993CF42-AEF3-486E-9B97-076E12DF85DC}.Debug|x64.ActiveCfg = Debug|Any CPU
		{3993CF42-AEF3-486E-9B97-076E12DF85DC}.Debug|x64.Build.0 = Debug|Any CPU
		{3993CF42-AEF3-486E-9B97-076E12DF85DC}.Debug|x86.ActiveCfg = Debug|Any CPU
		{3993CF42-AEF3-486E-9B97-076E12DF85DC}.Debug|x86.Build.0 = Debug|Any CPU
		{3993CF42-AEF3-486E-9B97-076E12DF85DC}.Release|Any CPU.ActiveCfg = Release|Any CPU
		{3993CF42-AEF3-486E-9B97-076E12DF85DC}.Release|Any CPU.Build.0 = Release|Any CPU
		{3993CF42-AEF3-486E-9B97-076E12DF85DC}.Release|ARM.ActiveCfg = Release|Any CPU
		{3993CF42-AEF3-486E-9B97-076E12DF85DC}.Release|ARM.Build.0 = Release|Any CPU
		{3993CF42-AEF3-486E-9B97-076E12DF85DC}.Release|ARM64.ActiveCfg = Release|Any CPU
		{3993CF42-AEF3-486E-9B97-076E12DF85DC}.Release|ARM64.Build.0 = Release|Any CPU
		{3993CF42-AEF3-486E-9B97-076E12DF85DC}.Release|x64.ActiveCfg = Release|Any CPU
		{3993CF42-AEF3-486E-9B97-076E12DF85DC}.Release|x64.Build.0 = Release|Any CPU
		{3993CF42-AEF3-486E-9B97-076E12DF85DC}.Release|x86.ActiveCfg = Release|Any CPU
		{3993CF42-AEF3-486E-9B97-076E12DF85DC}.Release|x86.Build.0 = Release|Any CPU
		{E768307F-FB62-4F6B-999C-0083B21A4B5C}.Debug|Any CPU.ActiveCfg = Debug|Any CPU
		{E768307F-FB62-4F6B-999C-0083B21A4B5C}.Debug|Any CPU.Build.0 = Debug|Any CPU
		{E768307F-FB62-4F6B-999C-0083B21A4B5C}.Debug|ARM.ActiveCfg = Debug|Any CPU
		{E768307F-FB62-4F6B-999C-0083B21A4B5C}.Debug|ARM.Build.0 = Debug|Any CPU
		{E768307F-FB62-4F6B-999C-0083B21A4B5C}.Debug|ARM64.ActiveCfg = Debug|Any CPU
		{E768307F-FB62-4F6B-999C-0083B21A4B5C}.Debug|ARM64.Build.0 = Debug|Any CPU
		{E768307F-FB62-4F6B-999C-0083B21A4B5C}.Debug|x64.ActiveCfg = Debug|Any CPU
		{E768307F-FB62-4F6B-999C-0083B21A4B5C}.Debug|x64.Build.0 = Debug|Any CPU
		{E768307F-FB62-4F6B-999C-0083B21A4B5C}.Debug|x86.ActiveCfg = Debug|Any CPU
		{E768307F-FB62-4F6B-999C-0083B21A4B5C}.Debug|x86.Build.0 = Debug|Any CPU
		{E768307F-FB62-4F6B-999C-0083B21A4B5C}.Release|Any CPU.ActiveCfg = Release|Any CPU
		{E768307F-FB62-4F6B-999C-0083B21A4B5C}.Release|Any CPU.Build.0 = Release|Any CPU
		{E768307F-FB62-4F6B-999C-0083B21A4B5C}.Release|ARM.ActiveCfg = Release|Any CPU
		{E768307F-FB62-4F6B-999C-0083B21A4B5C}.Release|ARM.Build.0 = Release|Any CPU
		{E768307F-FB62-4F6B-999C-0083B21A4B5C}.Release|ARM64.ActiveCfg = Release|Any CPU
		{E768307F-FB62-4F6B-999C-0083B21A4B5C}.Release|ARM64.Build.0 = Release|Any CPU
		{E768307F-FB62-4F6B-999C-0083B21A4B5C}.Release|x64.ActiveCfg = Release|Any CPU
		{E768307F-FB62-4F6B-999C-0083B21A4B5C}.Release|x64.Build.0 = Release|Any CPU
		{E768307F-FB62-4F6B-999C-0083B21A4B5C}.Release|x86.ActiveCfg = Release|Any CPU
		{E768307F-FB62-4F6B-999C-0083B21A4B5C}.Release|x86.Build.0 = Release|Any CPU
		{5FCFCEE9-89D8-4098-8316-2CF66A51146C}.Debug|Any CPU.ActiveCfg = Debug|Any CPU
		{5FCFCEE9-89D8-4098-8316-2CF66A51146C}.Debug|Any CPU.Build.0 = Debug|Any CPU
		{5FCFCEE9-89D8-4098-8316-2CF66A51146C}.Debug|ARM.ActiveCfg = Debug|Any CPU
		{5FCFCEE9-89D8-4098-8316-2CF66A51146C}.Debug|ARM.Build.0 = Debug|Any CPU
		{5FCFCEE9-89D8-4098-8316-2CF66A51146C}.Debug|ARM64.ActiveCfg = Debug|Any CPU
		{5FCFCEE9-89D8-4098-8316-2CF66A51146C}.Debug|ARM64.Build.0 = Debug|Any CPU
		{5FCFCEE9-89D8-4098-8316-2CF66A51146C}.Debug|x64.ActiveCfg = Debug|Any CPU
		{5FCFCEE9-89D8-4098-8316-2CF66A51146C}.Debug|x64.Build.0 = Debug|Any CPU
		{5FCFCEE9-89D8-4098-8316-2CF66A51146C}.Debug|x86.ActiveCfg = Debug|Any CPU
		{5FCFCEE9-89D8-4098-8316-2CF66A51146C}.Debug|x86.Build.0 = Debug|Any CPU
		{5FCFCEE9-89D8-4098-8316-2CF66A51146C}.Release|Any CPU.ActiveCfg = Release|Any CPU
		{5FCFCEE9-89D8-4098-8316-2CF66A51146C}.Release|Any CPU.Build.0 = Release|Any CPU
		{5FCFCEE9-89D8-4098-8316-2CF66A51146C}.Release|ARM.ActiveCfg = Release|Any CPU
		{5FCFCEE9-89D8-4098-8316-2CF66A51146C}.Release|ARM.Build.0 = Release|Any CPU
		{5FCFCEE9-89D8-4098-8316-2CF66A51146C}.Release|ARM64.ActiveCfg = Release|Any CPU
		{5FCFCEE9-89D8-4098-8316-2CF66A51146C}.Release|ARM64.Build.0 = Release|Any CPU
		{5FCFCEE9-89D8-4098-8316-2CF66A51146C}.Release|x64.ActiveCfg = Release|Any CPU
		{5FCFCEE9-89D8-4098-8316-2CF66A51146C}.Release|x64.Build.0 = Release|Any CPU
		{5FCFCEE9-89D8-4098-8316-2CF66A51146C}.Release|x86.ActiveCfg = Release|Any CPU
		{5FCFCEE9-89D8-4098-8316-2CF66A51146C}.Release|x86.Build.0 = Release|Any CPU
		{393CD534-A597-4FF7-BBCD-89DCB1ECB24E}.Debug|Any CPU.ActiveCfg = Debug|Any CPU
		{393CD534-A597-4FF7-BBCD-89DCB1ECB24E}.Debug|Any CPU.Build.0 = Debug|Any CPU
		{393CD534-A597-4FF7-BBCD-89DCB1ECB24E}.Debug|ARM.ActiveCfg = Debug|Any CPU
		{393CD534-A597-4FF7-BBCD-89DCB1ECB24E}.Debug|ARM.Build.0 = Debug|Any CPU
		{393CD534-A597-4FF7-BBCD-89DCB1ECB24E}.Debug|ARM64.ActiveCfg = Debug|Any CPU
		{393CD534-A597-4FF7-BBCD-89DCB1ECB24E}.Debug|ARM64.Build.0 = Debug|Any CPU
		{393CD534-A597-4FF7-BBCD-89DCB1ECB24E}.Debug|x64.ActiveCfg = Debug|Any CPU
		{393CD534-A597-4FF7-BBCD-89DCB1ECB24E}.Debug|x64.Build.0 = Debug|Any CPU
		{393CD534-A597-4FF7-BBCD-89DCB1ECB24E}.Debug|x86.ActiveCfg = Debug|Any CPU
		{393CD534-A597-4FF7-BBCD-89DCB1ECB24E}.Debug|x86.Build.0 = Debug|Any CPU
		{393CD534-A597-4FF7-BBCD-89DCB1ECB24E}.Release|Any CPU.ActiveCfg = Release|Any CPU
		{393CD534-A597-4FF7-BBCD-89DCB1ECB24E}.Release|Any CPU.Build.0 = Release|Any CPU
		{393CD534-A597-4FF7-BBCD-89DCB1ECB24E}.Release|ARM.ActiveCfg = Release|Any CPU
		{393CD534-A597-4FF7-BBCD-89DCB1ECB24E}.Release|ARM.Build.0 = Release|Any CPU
		{393CD534-A597-4FF7-BBCD-89DCB1ECB24E}.Release|ARM64.ActiveCfg = Release|Any CPU
		{393CD534-A597-4FF7-BBCD-89DCB1ECB24E}.Release|ARM64.Build.0 = Release|Any CPU
		{393CD534-A597-4FF7-BBCD-89DCB1ECB24E}.Release|x64.ActiveCfg = Release|Any CPU
		{393CD534-A597-4FF7-BBCD-89DCB1ECB24E}.Release|x64.Build.0 = Release|Any CPU
		{393CD534-A597-4FF7-BBCD-89DCB1ECB24E}.Release|x86.ActiveCfg = Release|Any CPU
		{393CD534-A597-4FF7-BBCD-89DCB1ECB24E}.Release|x86.Build.0 = Release|Any CPU
		{EA73ACF0-02C6-4DAF-AE9C-8A05FE8D193E}.Debug|Any CPU.ActiveCfg = Debug|Any CPU
		{EA73ACF0-02C6-4DAF-AE9C-8A05FE8D193E}.Debug|Any CPU.Build.0 = Debug|Any CPU
		{EA73ACF0-02C6-4DAF-AE9C-8A05FE8D193E}.Debug|ARM.ActiveCfg = Debug|Any CPU
		{EA73ACF0-02C6-4DAF-AE9C-8A05FE8D193E}.Debug|ARM.Build.0 = Debug|Any CPU
		{EA73ACF0-02C6-4DAF-AE9C-8A05FE8D193E}.Debug|ARM64.ActiveCfg = Debug|Any CPU
		{EA73ACF0-02C6-4DAF-AE9C-8A05FE8D193E}.Debug|ARM64.Build.0 = Debug|Any CPU
		{EA73ACF0-02C6-4DAF-AE9C-8A05FE8D193E}.Debug|x64.ActiveCfg = Debug|Any CPU
		{EA73ACF0-02C6-4DAF-AE9C-8A05FE8D193E}.Debug|x64.Build.0 = Debug|Any CPU
		{EA73ACF0-02C6-4DAF-AE9C-8A05FE8D193E}.Debug|x86.ActiveCfg = Debug|Any CPU
		{EA73ACF0-02C6-4DAF-AE9C-8A05FE8D193E}.Debug|x86.Build.0 = Debug|Any CPU
		{EA73ACF0-02C6-4DAF-AE9C-8A05FE8D193E}.Release|Any CPU.ActiveCfg = Release|Any CPU
		{EA73ACF0-02C6-4DAF-AE9C-8A05FE8D193E}.Release|Any CPU.Build.0 = Release|Any CPU
		{EA73ACF0-02C6-4DAF-AE9C-8A05FE8D193E}.Release|ARM.ActiveCfg = Release|Any CPU
		{EA73ACF0-02C6-4DAF-AE9C-8A05FE8D193E}.Release|ARM.Build.0 = Release|Any CPU
		{EA73ACF0-02C6-4DAF-AE9C-8A05FE8D193E}.Release|ARM64.ActiveCfg = Release|Any CPU
		{EA73ACF0-02C6-4DAF-AE9C-8A05FE8D193E}.Release|ARM64.Build.0 = Release|Any CPU
		{EA73ACF0-02C6-4DAF-AE9C-8A05FE8D193E}.Release|x64.ActiveCfg = Release|Any CPU
		{EA73ACF0-02C6-4DAF-AE9C-8A05FE8D193E}.Release|x64.Build.0 = Release|Any CPU
		{EA73ACF0-02C6-4DAF-AE9C-8A05FE8D193E}.Release|x86.ActiveCfg = Release|Any CPU
		{EA73ACF0-02C6-4DAF-AE9C-8A05FE8D193E}.Release|x86.Build.0 = Release|Any CPU
		{0BC34A62-3F86-4555-90BC-82265C093164}.Debug|Any CPU.ActiveCfg = Debug|Any CPU
		{0BC34A62-3F86-4555-90BC-82265C093164}.Debug|Any CPU.Build.0 = Debug|Any CPU
		{0BC34A62-3F86-4555-90BC-82265C093164}.Debug|ARM.ActiveCfg = Debug|Any CPU
		{0BC34A62-3F86-4555-90BC-82265C093164}.Debug|ARM.Build.0 = Debug|Any CPU
		{0BC34A62-3F86-4555-90BC-82265C093164}.Debug|ARM64.ActiveCfg = Debug|Any CPU
		{0BC34A62-3F86-4555-90BC-82265C093164}.Debug|ARM64.Build.0 = Debug|Any CPU
		{0BC34A62-3F86-4555-90BC-82265C093164}.Debug|x64.ActiveCfg = Debug|Any CPU
		{0BC34A62-3F86-4555-90BC-82265C093164}.Debug|x64.Build.0 = Debug|Any CPU
		{0BC34A62-3F86-4555-90BC-82265C093164}.Debug|x86.ActiveCfg = Debug|Any CPU
		{0BC34A62-3F86-4555-90BC-82265C093164}.Debug|x86.Build.0 = Debug|Any CPU
		{0BC34A62-3F86-4555-90BC-82265C093164}.Release|Any CPU.ActiveCfg = Release|Any CPU
		{0BC34A62-3F86-4555-90BC-82265C093164}.Release|Any CPU.Build.0 = Release|Any CPU
		{0BC34A62-3F86-4555-90BC-82265C093164}.Release|ARM.ActiveCfg = Release|Any CPU
		{0BC34A62-3F86-4555-90BC-82265C093164}.Release|ARM.Build.0 = Release|Any CPU
		{0BC34A62-3F86-4555-90BC-82265C093164}.Release|ARM64.ActiveCfg = Release|Any CPU
		{0BC34A62-3F86-4555-90BC-82265C093164}.Release|ARM64.Build.0 = Release|Any CPU
		{0BC34A62-3F86-4555-90BC-82265C093164}.Release|x64.ActiveCfg = Release|Any CPU
		{0BC34A62-3F86-4555-90BC-82265C093164}.Release|x64.Build.0 = Release|Any CPU
		{0BC34A62-3F86-4555-90BC-82265C093164}.Release|x86.ActiveCfg = Release|Any CPU
		{0BC34A62-3F86-4555-90BC-82265C093164}.Release|x86.Build.0 = Release|Any CPU
		{91372CD6-918D-4F1C-9FA1-0EC9EC579D1D}.Debug|Any CPU.ActiveCfg = Debug|Any CPU
		{91372CD6-918D-4F1C-9FA1-0EC9EC579D1D}.Debug|Any CPU.Build.0 = Debug|Any CPU
		{91372CD6-918D-4F1C-9FA1-0EC9EC579D1D}.Debug|ARM.ActiveCfg = Debug|Any CPU
		{91372CD6-918D-4F1C-9FA1-0EC9EC579D1D}.Debug|ARM.Build.0 = Debug|Any CPU
		{91372CD6-918D-4F1C-9FA1-0EC9EC579D1D}.Debug|ARM64.ActiveCfg = Debug|Any CPU
		{91372CD6-918D-4F1C-9FA1-0EC9EC579D1D}.Debug|ARM64.Build.0 = Debug|Any CPU
		{91372CD6-918D-4F1C-9FA1-0EC9EC579D1D}.Debug|x64.ActiveCfg = Debug|Any CPU
		{91372CD6-918D-4F1C-9FA1-0EC9EC579D1D}.Debug|x64.Build.0 = Debug|Any CPU
		{91372CD6-918D-4F1C-9FA1-0EC9EC579D1D}.Debug|x86.ActiveCfg = Debug|Any CPU
		{91372CD6-918D-4F1C-9FA1-0EC9EC579D1D}.Debug|x86.Build.0 = Debug|Any CPU
		{91372CD6-918D-4F1C-9FA1-0EC9EC579D1D}.Release|Any CPU.ActiveCfg = Release|Any CPU
		{91372CD6-918D-4F1C-9FA1-0EC9EC579D1D}.Release|Any CPU.Build.0 = Release|Any CPU
		{91372CD6-918D-4F1C-9FA1-0EC9EC579D1D}.Release|ARM.ActiveCfg = Release|Any CPU
		{91372CD6-918D-4F1C-9FA1-0EC9EC579D1D}.Release|ARM.Build.0 = Release|Any CPU
		{91372CD6-918D-4F1C-9FA1-0EC9EC579D1D}.Release|ARM64.ActiveCfg = Release|Any CPU
		{91372CD6-918D-4F1C-9FA1-0EC9EC579D1D}.Release|ARM64.Build.0 = Release|Any CPU
		{91372CD6-918D-4F1C-9FA1-0EC9EC579D1D}.Release|x64.ActiveCfg = Release|Any CPU
		{91372CD6-918D-4F1C-9FA1-0EC9EC579D1D}.Release|x64.Build.0 = Release|Any CPU
		{91372CD6-918D-4F1C-9FA1-0EC9EC579D1D}.Release|x86.ActiveCfg = Release|Any CPU
		{91372CD6-918D-4F1C-9FA1-0EC9EC579D1D}.Release|x86.Build.0 = Release|Any CPU
		{535716AE-40B9-4523-A30A-626C0024CA8F}.Debug|Any CPU.ActiveCfg = Debug|Any CPU
		{535716AE-40B9-4523-A30A-626C0024CA8F}.Debug|Any CPU.Build.0 = Debug|Any CPU
		{535716AE-40B9-4523-A30A-626C0024CA8F}.Debug|ARM.ActiveCfg = Debug|Any CPU
		{535716AE-40B9-4523-A30A-626C0024CA8F}.Debug|ARM.Build.0 = Debug|Any CPU
		{535716AE-40B9-4523-A30A-626C0024CA8F}.Debug|ARM64.ActiveCfg = Debug|Any CPU
		{535716AE-40B9-4523-A30A-626C0024CA8F}.Debug|ARM64.Build.0 = Debug|Any CPU
		{535716AE-40B9-4523-A30A-626C0024CA8F}.Debug|x64.ActiveCfg = Debug|Any CPU
		{535716AE-40B9-4523-A30A-626C0024CA8F}.Debug|x64.Build.0 = Debug|Any CPU
		{535716AE-40B9-4523-A30A-626C0024CA8F}.Debug|x86.ActiveCfg = Debug|Any CPU
		{535716AE-40B9-4523-A30A-626C0024CA8F}.Debug|x86.Build.0 = Debug|Any CPU
		{535716AE-40B9-4523-A30A-626C0024CA8F}.Release|Any CPU.ActiveCfg = Release|Any CPU
		{535716AE-40B9-4523-A30A-626C0024CA8F}.Release|Any CPU.Build.0 = Release|Any CPU
		{535716AE-40B9-4523-A30A-626C0024CA8F}.Release|ARM.ActiveCfg = Release|Any CPU
		{535716AE-40B9-4523-A30A-626C0024CA8F}.Release|ARM.Build.0 = Release|Any CPU
		{535716AE-40B9-4523-A30A-626C0024CA8F}.Release|ARM64.ActiveCfg = Release|Any CPU
		{535716AE-40B9-4523-A30A-626C0024CA8F}.Release|ARM64.Build.0 = Release|Any CPU
		{535716AE-40B9-4523-A30A-626C0024CA8F}.Release|x64.ActiveCfg = Release|Any CPU
		{535716AE-40B9-4523-A30A-626C0024CA8F}.Release|x64.Build.0 = Release|Any CPU
		{535716AE-40B9-4523-A30A-626C0024CA8F}.Release|x86.ActiveCfg = Release|Any CPU
		{535716AE-40B9-4523-A30A-626C0024CA8F}.Release|x86.Build.0 = Release|Any CPU
		{9A2F06ED-0F0C-4EB5-83C0-FD108F50D22E}.Debug|Any CPU.ActiveCfg = Debug|Any CPU
		{9A2F06ED-0F0C-4EB5-83C0-FD108F50D22E}.Debug|Any CPU.Build.0 = Debug|Any CPU
		{9A2F06ED-0F0C-4EB5-83C0-FD108F50D22E}.Debug|ARM.ActiveCfg = Debug|Any CPU
		{9A2F06ED-0F0C-4EB5-83C0-FD108F50D22E}.Debug|ARM.Build.0 = Debug|Any CPU
		{9A2F06ED-0F0C-4EB5-83C0-FD108F50D22E}.Debug|ARM64.ActiveCfg = Debug|Any CPU
		{9A2F06ED-0F0C-4EB5-83C0-FD108F50D22E}.Debug|ARM64.Build.0 = Debug|Any CPU
		{9A2F06ED-0F0C-4EB5-83C0-FD108F50D22E}.Debug|x64.ActiveCfg = Debug|Any CPU
		{9A2F06ED-0F0C-4EB5-83C0-FD108F50D22E}.Debug|x64.Build.0 = Debug|Any CPU
		{9A2F06ED-0F0C-4EB5-83C0-FD108F50D22E}.Debug|x86.ActiveCfg = Debug|Any CPU
		{9A2F06ED-0F0C-4EB5-83C0-FD108F50D22E}.Debug|x86.Build.0 = Debug|Any CPU
		{9A2F06ED-0F0C-4EB5-83C0-FD108F50D22E}.Release|Any CPU.ActiveCfg = Release|Any CPU
		{9A2F06ED-0F0C-4EB5-83C0-FD108F50D22E}.Release|Any CPU.Build.0 = Release|Any CPU
		{9A2F06ED-0F0C-4EB5-83C0-FD108F50D22E}.Release|ARM.ActiveCfg = Release|Any CPU
		{9A2F06ED-0F0C-4EB5-83C0-FD108F50D22E}.Release|ARM.Build.0 = Release|Any CPU
		{9A2F06ED-0F0C-4EB5-83C0-FD108F50D22E}.Release|ARM64.ActiveCfg = Release|Any CPU
		{9A2F06ED-0F0C-4EB5-83C0-FD108F50D22E}.Release|ARM64.Build.0 = Release|Any CPU
		{9A2F06ED-0F0C-4EB5-83C0-FD108F50D22E}.Release|x64.ActiveCfg = Release|Any CPU
		{9A2F06ED-0F0C-4EB5-83C0-FD108F50D22E}.Release|x64.Build.0 = Release|Any CPU
		{9A2F06ED-0F0C-4EB5-83C0-FD108F50D22E}.Release|x86.ActiveCfg = Release|Any CPU
		{9A2F06ED-0F0C-4EB5-83C0-FD108F50D22E}.Release|x86.Build.0 = Release|Any CPU
	EndGlobalSection
	GlobalSection(SolutionProperties) = preSolution
		HideSolutionNode = FALSE
	EndGlobalSection
	GlobalSection(NestedProjects) = preSolution
		{AAAE200C-E813-4A9A-AE93-C27BBB8FB4E0} = {C2E61614-98E3-4B6B-83EF-339ADFCFFA79}
		{8B02EDA3-1ED0-4CBB-A90A-FE53609B1F25} = {E54A45D0-57E8-43C4-A0DD-CBE27732829E}
		{38F32D3D-BCD4-4EEB-9174-38FCF6DA9EEA} = {E54A45D0-57E8-43C4-A0DD-CBE27732829E}
		{0531C382-1764-454A-A99D-9D1FBD2DD160} = {E54A45D0-57E8-43C4-A0DD-CBE27732829E}
		{41636B14-DB74-4A3E-83DA-6C2483A80DF4} = {430E9A0E-E11B-414A-A78A-71D5F28ADD21}
		{6943526C-7460-4240-A130-465B89A62AF5} = {430E9A0E-E11B-414A-A78A-71D5F28ADD21}
		{C9AF9FF3-3F34-452E-849F-1F9E277DF79F} = {430E9A0E-E11B-414A-A78A-71D5F28ADD21}
		{D652431E-B9BB-47BE-A6EB-8DE067C5100D} = {171D9E34-38E2-4FB4-A278-9D6D4684DA9C}
		{CD6297D9-1B5E-418E-B027-C0CAEBE8FE4B} = {202494D0-9940-4FCA-97C1-9E060DBD080A}
		{0C2D43F0-A278-48D6-888A-03E0A2DC3395} = {202494D0-9940-4FCA-97C1-9E060DBD080A}
		{E1DCB848-2CEC-4600-A535-FDDC386F3324} = {171D9E34-38E2-4FB4-A278-9D6D4684DA9C}
		{F7EDE9CB-33EB-4639-BDA3-572683520560} = {25EC4C06-EC5F-4B57-9588-2C2226940187}
		{41616223-AA6B-4985-8D5E-8CDBDA60E9DE} = {C2E61614-98E3-4B6B-83EF-339ADFCFFA79}
		{79484ADB-7C37-40AD-BFD0-C74F65C9B578} = {C2E61614-98E3-4B6B-83EF-339ADFCFFA79}
		{3573A892-E81F-4FF2-A012-2ADB0F7C82A2} = {C2E61614-98E3-4B6B-83EF-339ADFCFFA79}
		{C79E4B62-D944-4DB8-9D6D-C4DFE6BEDFB5} = {AAAE200C-E813-4A9A-AE93-C27BBB8FB4E0}
		{4C3EF4CB-1D4F-4646-95C7-B88584CB55AB} = {AAAE200C-E813-4A9A-AE93-C27BBB8FB4E0}
		{6FFB9E24-3CF7-40C5-8F50-DF5701B1A339} = {AAAE200C-E813-4A9A-AE93-C27BBB8FB4E0}
		{E0B72480-0035-494D-9E75-387CA88B2599} = {AAAE200C-E813-4A9A-AE93-C27BBB8FB4E0}
		{70EB67C6-DE54-4F90-B894-B36DA42D14BC} = {25EC4C06-EC5F-4B57-9588-2C2226940187}
		{D5EC994F-4D8B-4938-A89B-526FFE80122A} = {25EC4C06-EC5F-4B57-9588-2C2226940187}
		{E733305E-9165-4D18-95F5-77E35B1DCB32} = {25EC4C06-EC5F-4B57-9588-2C2226940187}
		{59261610-A2C1-4182-B8BF-04F2D5DFBC85} = {D0668885-671C-49DB-B40D-B804615C1F7F}
		{B1D8CE46-2E21-4E72-9C81-FE5FE01AE067} = {202494D0-9940-4FCA-97C1-9E060DBD080A}
		{420E94D2-5C33-4D7C-9052-8F74EF761766} = {C2E61614-98E3-4B6B-83EF-339ADFCFFA79}
		{1B66BF52-53EE-4A77-8F43-8C721921CDA3} = {420E94D2-5C33-4D7C-9052-8F74EF761766}
		{752F14E6-5D54-40AE-AE9E-C3809E390A47} = {420E94D2-5C33-4D7C-9052-8F74EF761766}
		{252D8FD5-9154-46A5-82E4-8F515DF4AB31} = {420E94D2-5C33-4D7C-9052-8F74EF761766}
		{9BBD17C4-F9FA-473F-B7AA-95E812CC2076} = {420E94D2-5C33-4D7C-9052-8F74EF761766}
		{8339C1ED-E328-43AE-B44B-3E320426F443} = {420E94D2-5C33-4D7C-9052-8F74EF761766}
		{A49C4D48-DC7E-4823-BA2A-2001BA1341CD} = {420E94D2-5C33-4D7C-9052-8F74EF761766}
		{E89B6F8C-4694-41FA-9585-508D83E7FEBF} = {9BBD17C4-F9FA-473F-B7AA-95E812CC2076}
		{3993CF42-AEF3-486E-9B97-076E12DF85DC} = {9BBD17C4-F9FA-473F-B7AA-95E812CC2076}
		{E768307F-FB62-4F6B-999C-0083B21A4B5C} = {420E94D2-5C33-4D7C-9052-8F74EF761766}
		{5FCFCEE9-89D8-4098-8316-2CF66A51146C} = {9BBD17C4-F9FA-473F-B7AA-95E812CC2076}
		{393CD534-A597-4FF7-BBCD-89DCB1ECB24E} = {9BBD17C4-F9FA-473F-B7AA-95E812CC2076}
		{EA73ACF0-02C6-4DAF-AE9C-8A05FE8D193E} = {9BBD17C4-F9FA-473F-B7AA-95E812CC2076}
		{0BC34A62-3F86-4555-90BC-82265C093164} = {9BBD17C4-F9FA-473F-B7AA-95E812CC2076}
		{91372CD6-918D-4F1C-9FA1-0EC9EC579D1D} = {9BBD17C4-F9FA-473F-B7AA-95E812CC2076}
		{535716AE-40B9-4523-A30A-626C0024CA8F} = {9BBD17C4-F9FA-473F-B7AA-95E812CC2076}
		{D203D081-02B3-4CE4-BE4B-623651E94A48} = {420E94D2-5C33-4D7C-9052-8F74EF761766}
		{9A2F06ED-0F0C-4EB5-83C0-FD108F50D22E} = {D203D081-02B3-4CE4-BE4B-623651E94A48}
	EndGlobalSection
	GlobalSection(ExtensibilityGlobals) = postSolution
		SolutionGuid = {FC6AC880-3C4F-4724-933C-5205B9073CCB}
	EndGlobalSection
EndGlobal
