
Microsoft Visual Studio Solution File, Format Version 12.00
# Visual Studio 14
VisualStudioVersion = 14.0.25420.1
MinimumVisualStudioVersion = 10.0.40219.1
Project("{2150E333-8FDC-42A3-9474-1A3956D46DE8}") = "5 - Infrastructure", "5 - Infrastructure", "{457CAA75-84B5-4A2F-811D-86234A78617A}"
EndProject
Project("{2150E333-8FDC-42A3-9474-1A3956D46DE8}") = "4 - Domain", "4 - Domain", "{267685FD-FDE3-4409-8509-AFFE050D3309}"
EndProject
Project("{2150E333-8FDC-42A3-9474-1A3956D46DE8}") = "3 - Application", "3 - Application", "{F4473AF0-B972-4BDD-A96B-7CB4D5AA0ABF}"
EndProject
Project("{2150E333-8FDC-42A3-9474-1A3956D46DE8}") = "1 - Presentation", "1 - Presentation", "{2D9139DF-BAD5-4B37-9E8D-444FE5778D68}"
EndProject
Project("{FAE04EC0-301F-11D3-BF4B-00C04F79EFBC}") = "My.CoachManager.Domain.Entities", "My.CoachManager.Domain.Entities\My.CoachManager.Domain.Entities.csproj", "{181CD06D-74F2-4EC1-8F2D-1633E54DAD6F}"
EndProject
Project("{FAE04EC0-301F-11D3-BF4B-00C04F79EFBC}") = "My.CoachManager.Presentation.ViewModels", "My.CoachManager.Presentation.ViewModels\My.CoachManager.Presentation.ViewModels.csproj", "{CD1BE4C7-0CFB-4FE2-85C9-AD8A63B2CCA4}"
EndProject
Project("{FAE04EC0-301F-11D3-BF4B-00C04F79EFBC}") = "My.CoachManager.Presentation.Core", "My.CoachManager.Presentation.Core\My.CoachManager.Presentation.Core.csproj", "{137BC5A7-D929-4DB8-B1EB-4EF04AB64BBC}"
EndProject
Project("{FAE04EC0-301F-11D3-BF4B-00C04F79EFBC}") = "My.CoachManager.CrossCutting.Core", "My.CoachManager.CrossCutting.Core\My.CoachManager.CrossCutting.Core.csproj", "{69F4E1A5-ACAE-4431-9723-3DB4DE847BC9}"
EndProject
Project("{FAE04EC0-301F-11D3-BF4B-00C04F79EFBC}") = "My.CoachManager.Presentation", "My.CoachManager.Presentation\My.CoachManager.Presentation.csproj", "{8C19716D-DAE8-459C-A3DA-7C245E688404}"
EndProject
Project("{2150E333-8FDC-42A3-9474-1A3956D46DE8}") = "6 - CrossCutting", "6 - CrossCutting", "{0619C49B-6C55-45C2-8877-CD9E9A3854E3}"
EndProject
Project("{FAE04EC0-301F-11D3-BF4B-00C04F79EFBC}") = "My.CoachManager.CrossCutting.Unity", "My.CoachManager.CrossCutting.Unity\My.CoachManager.CrossCutting.Unity.csproj", "{E9776F93-3C59-4DAE-BB28-DCEFE01678D4}"
EndProject
Project("{FAE04EC0-301F-11D3-BF4B-00C04F79EFBC}") = "My.CoachManager.Domain.Core", "My.CoachManager.Domain.Core\My.CoachManager.Domain.Core.csproj", "{7D8B4553-4A90-44D7-A1DD-14871E3C6127}"
EndProject
Project("{FAE04EC0-301F-11D3-BF4B-00C04F79EFBC}") = "My.CoachManager.Infrastructure.Data", "My.CoachManager.Infrastructure.Data\My.CoachManager.Infrastructure.Data.csproj", "{FF6389F6-AA1C-41B3-922C-81A7A7031E72}"
EndProject
Project("{FAE04EC0-301F-11D3-BF4B-00C04F79EFBC}") = "My.CoachManager.Infrastructure.Data.Core", "My.CoachManager.Infrastructure.Data.Core\My.CoachManager.Infrastructure.Data.Core.csproj", "{FB5D742B-D81B-410A-86CB-4FE9D0BBE8AB}"
EndProject
Project("{FAE04EC0-301F-11D3-BF4B-00C04F79EFBC}") = "My.CoachManager.CrossCutting.Logging", "My.CoachManager.CrossCutting.Logging\My.CoachManager.CrossCutting.Logging.csproj", "{381D433D-9F76-4286-B0F5-7209E477B22B}"
EndProject
Project("{FAE04EC0-301F-11D3-BF4B-00C04F79EFBC}") = "My.CoachManager.Domain", "My.CoachManager.Domain\My.CoachManager.Domain.csproj", "{3F16A2CE-0BA1-4DEE-8918-57208969A749}"
EndProject
Project("{FAE04EC0-301F-11D3-BF4B-00C04F79EFBC}") = "My.CoachManager.Application.Services", "My.CoachManager.Application.Services\My.CoachManager.Application.Services.csproj", "{32754742-C3CD-408C-9D36-06BD75C0CB18}"
EndProject
Project("{FAE04EC0-301F-11D3-BF4B-00C04F79EFBC}") = "My.CoachManager.Application.Core", "My.CoachManager.Application.Core\My.CoachManager.Application.Core.csproj", "{E8739C63-159B-4FE7-92BC-9B24D0ED6287}"
EndProject
Project("{FAE04EC0-301F-11D3-BF4B-00C04F79EFBC}") = "My.CoachManager.CrossCutting.Logging.Supervision", "My.CoachManager.CrossCutting.Logging.Supervision\My.CoachManager.CrossCutting.Logging.Supervision.csproj", "{FF822BFD-CB92-482D-BA26-A1398012777A}"
EndProject
Project("{2150E333-8FDC-42A3-9474-1A3956D46DE8}") = "2 - Services", "2 - Services", "{5F8B229E-BDCE-4EDE-97C3-D5E858AFE80D}"
EndProject
Project("{FAE04EC0-301F-11D3-BF4B-00C04F79EFBC}") = "My.CoachManager.Services.Wcf", "My.CoachManager.Services.Wcf\My.CoachManager.Services.Wcf.csproj", "{15B3E0D2-6217-493A-A690-158C497F5318}"
EndProject
Project("{FAE04EC0-301F-11D3-BF4B-00C04F79EFBC}") = "My.CoachManager.Application.Dtos", "My.CoachManager.Application.Dtos\My.CoachManager.Application.Dtos.csproj", "{2A887BE7-A2F5-4CD8-9FD6-AF1ADB53B874}"
EndProject
Project("{FAE04EC0-301F-11D3-BF4B-00C04F79EFBC}") = "My.CoachManager.Services.Facades", "My.CoachManager.Services.Facades\My.CoachManager.Services.Facades.csproj", "{7D1E178D-7FC1-454F-A0BD-4AF977A2DDC2}"
EndProject
Project("{FAE04EC0-301F-11D3-BF4B-00C04F79EFBC}") = "My.CoachManager.Presentation.ServiceAgent", "My.CoachManager.Presentation.ServiceAgent\My.CoachManager.Presentation.ServiceAgent.csproj", "{1A6AEEAB-7175-4CEA-90A6-68B064AB65DC}"
	ProjectSection(ProjectDependencies) = postProject
		{7D1E178D-7FC1-454F-A0BD-4AF977A2DDC2} = {7D1E178D-7FC1-454F-A0BD-4AF977A2DDC2}
	EndProjectSection
EndProject
Project("{FAE04EC0-301F-11D3-BF4B-00C04F79EFBC}") = "My.CoachManager.Services.Core", "My.CoachManager.Services.Core\My.CoachManager.Services.Core.csproj", "{196CA01E-80FC-4807-9AF4-EF97F1C90AAE}"
EndProject
Project("{2150E333-8FDC-42A3-9474-1A3956D46DE8}") = "Modules", "Modules", "{65E6F15A-E231-4A23-867E-6C6EFB5A3679}"
EndProject
Project("{FAE04EC0-301F-11D3-BF4B-00C04F79EFBC}") = "My.CoachManager.Presentation.Prism.Wpf", "My.CoachManager.Presentation.Prism.Wpf\My.CoachManager.Presentation.Prism.Wpf.csproj", "{E517CE44-0704-4BDF-8894-F90434C68931}"
EndProject
Project("{FAE04EC0-301F-11D3-BF4B-00C04F79EFBC}") = "My.CoachManager.Presentation.Prism.Core", "My.CoachManager.Presentation.Prism.Core\My.CoachManager.Presentation.Prism.Core.csproj", "{3F11E745-D328-4654-A3C9-4BFC9BF6B9AB}"
EndProject
Project("{2150E333-8FDC-42A3-9474-1A3956D46DE8}") = "0 - Documents", "0 - Documents", "{462223FC-0CEE-48FA-BACE-648767F8E8F3}"
	ProjectSection(SolutionItems) = preProject
		Documents\Prism5forWPF.pdf = Documents\Prism5forWPF.pdf
	EndProjectSection
EndProject
Project("{FAE04EC0-301F-11D3-BF4B-00C04F79EFBC}") = "My.CoachManager.Presentation.Prism.ViewModels", "My.CoachManager.Presentation.Prism.ViewModels\My.CoachManager.Presentation.Prism.ViewModels.csproj", "{EEC17382-357C-4CD4-B493-23659FEE0E94}"
EndProject
Project("{FAE04EC0-301F-11D3-BF4B-00C04F79EFBC}") = "My.CoachManager.Presentation.Prism.Modules.Administration", "My.CoachManager.Presentation.Prism.Modules.Administration\My.CoachManager.Presentation.Prism.Modules.Administration.csproj", "{4CA93004-D321-4897-A8AD-EF368D5BD57E}"
EndProject
Project("{FAE04EC0-301F-11D3-BF4B-00C04F79EFBC}") = "My.CoachManager.Presentation.Prism.Modules.Home", "My.CoachManager.Presentation.Prism.Modules.Home\My.CoachManager.Presentation.Prism.Modules.Home.csproj", "{B72A3D9C-EFA7-43A8-A01E-CDEEB9F59C28}"
EndProject
Project("{FAE04EC0-301F-11D3-BF4B-00C04F79EFBC}") = "My.CoachManager.Presentation.Prism.Resources", "My.CoachManager.Presentation.Prism.Resources\My.CoachManager.Presentation.Prism.Resources.csproj", "{2D290FD9-5B64-4AF4-A295-2B4CDE6EB330}"
EndProject
Project("{FAE04EC0-301F-11D3-BF4B-00C04F79EFBC}") = "My.CoachManager.Presentation.Prism.Controls", "My.CoachManager.Presentation.Prism.Controls\My.CoachManager.Presentation.Prism.Controls.csproj", "{A554F212-3F08-4AEF-B9AA-FA01A7491A7F}"
EndProject
Project("{FAE04EC0-301F-11D3-BF4B-00C04F79EFBC}") = "My.CoachManager.Presentation.Prism.Modules.StatusBar", "My.CoachManager.Presentation.Prism.Modules.StatusBar\My.CoachManager.Presentation.Prism.Modules.StatusBar.csproj", "{FA8B3D6E-F685-42BB-8225-20A4037A97BD}"
EndProject
Project("{FAE04EC0-301F-11D3-BF4B-00C04F79EFBC}") = "My.CoachManager.Presentation.Prism.Tests", "My.CoachManager.Presentation.Prism.Tests\My.CoachManager.Presentation.Prism.Tests.csproj", "{884D01D2-3FC9-4FD5-8A7A-FB20DE6CBB23}"
EndProject
Project("{FAE04EC0-301F-11D3-BF4B-00C04F79EFBC}") = "My.CoachManager.Presentation.Prism.Modules.Roster", "My.CoachManager.Presentation.Prism.Modules.Roster\My.CoachManager.Presentation.Prism.Modules.Roster.csproj", "{F52D4433-DE0A-4E5E-89D1-05BA575C5BBA}"
EndProject
Project("{FAE04EC0-301F-11D3-BF4B-00C04F79EFBC}") = "My.CoachManager.Presentation.Prism.Modules.StatusBar.Core", "My.CoachManager.Presentation.Prism.Modules.StatusBar.Core\My.CoachManager.Presentation.Prism.Modules.StatusBar.Core.csproj", "{F33E2854-108F-4AE6-A81C-B8F9BB41337D}"
EndProject
Project("{2150E333-8FDC-42A3-9474-1A3956D46DE8}") = "Prism", "Prism", "{29D31C43-04D4-448C-A06F-4D99BCB60DB5}"
EndProject
Project("{2150E333-8FDC-42A3-9474-1A3956D46DE8}") = "Caliburn", "Caliburn", "{8776E804-C383-494A-893D-87DB94007866}"
EndProject
Project("{FAE04EC0-301F-11D3-BF4B-00C04F79EFBC}") = "My.CoachManager.Presentation.Prism.Modules.SplashScreen", "My.CoachManager.Presentation.Prism.Modules.SplashScreen\My.CoachManager.Presentation.Prism.Modules.SplashScreen.csproj", "{79229C80-ABBD-43F5-A0F9-1CB5DFCCBA2B}"
EndProject
Project("{FAE04EC0-301F-11D3-BF4B-00C04F79EFBC}") = "My.CoachManager.Presentation.Prism.Modules.SplashScreen.Core", "My.CoachManager.Presentation.Prism.Modules.SplashScreen.Core\My.CoachManager.Presentation.Prism.Modules.SplashScreen.Core.csproj", "{123C2AED-3BA6-4CA2-8C3C-C68EC7CBE8D7}"
EndProject
Project("{FAE04EC0-301F-11D3-BF4B-00C04F79EFBC}") = "My.CoachManager.Presentation.Prism.Modules.Login", "My.CoachManager.Presentation.Prism.Modules.Login\My.CoachManager.Presentation.Prism.Modules.Login.csproj", "{7A531799-AB21-4D25-BAEA-B4342A100410}"
EndProject
Project("{FAE04EC0-301F-11D3-BF4B-00C04F79EFBC}") = "My.CoachManager.Presentation.Prism.Modules.Login.Core", "My.CoachManager.Presentation.Prism.Modules.Login.Core\My.CoachManager.Presentation.Prism.Modules.Login.Core.csproj", "{A49A8323-1233-4728-ABBC-7DB09771383D}"
EndProject
Project("{FAE04EC0-301F-11D3-BF4B-00C04F79EFBC}") = "My.CoachManager.Presentation.Prism.SkinManager", "My.CoachManager.Presentation.Prism.SkinManager\My.CoachManager.Presentation.Prism.SkinManager.csproj", "{55A0BCD1-8EF9-49A7-8CA2-BFB7167E62C0}"
EndProject
Project("{FAE04EC0-301F-11D3-BF4B-00C04F79EFBC}") = "My.CoachManager.Presentation.Prism.Modules.Settings", "My.CoachManager.Presentation.Prism.Modules.Settings\My.CoachManager.Presentation.Prism.Modules.Settings.csproj", "{D1AEFA38-9E4D-4894-BDE2-C69DCDA711CF}"
EndProject
Project("{FAE04EC0-301F-11D3-BF4B-00C04F79EFBC}") = "My.CoachManager.Presentation.Prism.Modules.About", "My.CoachManager.Presentation.Prism.Modules.About\My.CoachManager.Presentation.Prism.Modules.About.csproj", "{FF4DF0DF-34C2-4DE3-9DC6-ACFDFF36D63E}"
EndProject
Project("{FAE04EC0-301F-11D3-BF4B-00C04F79EFBC}") = "My.CoachManager.Presentation.Prism.Modules.About.Core", "My.CoachManager.Presentation.Prism.Modules.About.Core\My.CoachManager.Presentation.Prism.Modules.About.Core.csproj", "{029825F6-3AD5-456E-BCE5-22F655B5EF68}"
EndProject
Global
	GlobalSection(SolutionConfigurationPlatforms) = preSolution
		Debug - BI|Any CPU = Debug - BI|Any CPU
		Debug - Home|Any CPU = Debug - Home|Any CPU
		Debug - Merial|Any CPU = Debug - Merial|Any CPU
		Debug - Vincent|Any CPU = Debug - Vincent|Any CPU
		Debug|Any CPU = Debug|Any CPU
		Release|Any CPU = Release|Any CPU
	EndGlobalSection
	GlobalSection(ProjectConfigurationPlatforms) = postSolution
		{181CD06D-74F2-4EC1-8F2D-1633E54DAD6F}.Debug - BI|Any CPU.ActiveCfg = Debug - BI|Any CPU
		{181CD06D-74F2-4EC1-8F2D-1633E54DAD6F}.Debug - BI|Any CPU.Build.0 = Debug - BI|Any CPU
		{181CD06D-74F2-4EC1-8F2D-1633E54DAD6F}.Debug - Home|Any CPU.ActiveCfg = Debug - Home|Any CPU
		{181CD06D-74F2-4EC1-8F2D-1633E54DAD6F}.Debug - Home|Any CPU.Build.0 = Debug - Home|Any CPU
		{181CD06D-74F2-4EC1-8F2D-1633E54DAD6F}.Debug - Merial|Any CPU.ActiveCfg = Debug - Merial|Any CPU
		{181CD06D-74F2-4EC1-8F2D-1633E54DAD6F}.Debug - Merial|Any CPU.Build.0 = Debug - Merial|Any CPU
		{181CD06D-74F2-4EC1-8F2D-1633E54DAD6F}.Debug - Vincent|Any CPU.ActiveCfg = Debug - Vincent|Any CPU
		{181CD06D-74F2-4EC1-8F2D-1633E54DAD6F}.Debug - Vincent|Any CPU.Build.0 = Debug - Vincent|Any CPU
		{181CD06D-74F2-4EC1-8F2D-1633E54DAD6F}.Debug|Any CPU.ActiveCfg = Debug|Any CPU
		{181CD06D-74F2-4EC1-8F2D-1633E54DAD6F}.Debug|Any CPU.Build.0 = Debug|Any CPU
		{181CD06D-74F2-4EC1-8F2D-1633E54DAD6F}.Release|Any CPU.ActiveCfg = Release|Any CPU
		{181CD06D-74F2-4EC1-8F2D-1633E54DAD6F}.Release|Any CPU.Build.0 = Release|Any CPU
		{69F4E1A5-ACAE-4431-9723-3DB4DE847BC9}.Debug - BI|Any CPU.ActiveCfg = Debug - BI|Any CPU
		{69F4E1A5-ACAE-4431-9723-3DB4DE847BC9}.Debug - BI|Any CPU.Build.0 = Debug - BI|Any CPU
		{69F4E1A5-ACAE-4431-9723-3DB4DE847BC9}.Debug - Home|Any CPU.ActiveCfg = Debug - Home|Any CPU
		{69F4E1A5-ACAE-4431-9723-3DB4DE847BC9}.Debug - Home|Any CPU.Build.0 = Debug - Home|Any CPU
		{69F4E1A5-ACAE-4431-9723-3DB4DE847BC9}.Debug - Merial|Any CPU.ActiveCfg = Debug - Merial|Any CPU
		{69F4E1A5-ACAE-4431-9723-3DB4DE847BC9}.Debug - Merial|Any CPU.Build.0 = Debug - Merial|Any CPU
		{69F4E1A5-ACAE-4431-9723-3DB4DE847BC9}.Debug - Vincent|Any CPU.ActiveCfg = Debug - Vincent|Any CPU
		{69F4E1A5-ACAE-4431-9723-3DB4DE847BC9}.Debug - Vincent|Any CPU.Build.0 = Debug - Vincent|Any CPU
		{69F4E1A5-ACAE-4431-9723-3DB4DE847BC9}.Debug|Any CPU.ActiveCfg = Debug|Any CPU
		{69F4E1A5-ACAE-4431-9723-3DB4DE847BC9}.Debug|Any CPU.Build.0 = Debug|Any CPU
		{69F4E1A5-ACAE-4431-9723-3DB4DE847BC9}.Release|Any CPU.ActiveCfg = Release|Any CPU
		{69F4E1A5-ACAE-4431-9723-3DB4DE847BC9}.Release|Any CPU.Build.0 = Release|Any CPU
		{E9776F93-3C59-4DAE-BB28-DCEFE01678D4}.Debug - BI|Any CPU.ActiveCfg = Debug - BI|Any CPU
		{E9776F93-3C59-4DAE-BB28-DCEFE01678D4}.Debug - BI|Any CPU.Build.0 = Debug - BI|Any CPU
		{E9776F93-3C59-4DAE-BB28-DCEFE01678D4}.Debug - Home|Any CPU.ActiveCfg = Debug - Home|Any CPU
		{E9776F93-3C59-4DAE-BB28-DCEFE01678D4}.Debug - Home|Any CPU.Build.0 = Debug - Home|Any CPU
		{E9776F93-3C59-4DAE-BB28-DCEFE01678D4}.Debug - Merial|Any CPU.ActiveCfg = Debug - Merial|Any CPU
		{E9776F93-3C59-4DAE-BB28-DCEFE01678D4}.Debug - Merial|Any CPU.Build.0 = Debug - Merial|Any CPU
		{E9776F93-3C59-4DAE-BB28-DCEFE01678D4}.Debug - Vincent|Any CPU.ActiveCfg = Debug - Vincent|Any CPU
		{E9776F93-3C59-4DAE-BB28-DCEFE01678D4}.Debug - Vincent|Any CPU.Build.0 = Debug - Vincent|Any CPU
		{E9776F93-3C59-4DAE-BB28-DCEFE01678D4}.Debug|Any CPU.ActiveCfg = Debug|Any CPU
		{E9776F93-3C59-4DAE-BB28-DCEFE01678D4}.Debug|Any CPU.Build.0 = Debug|Any CPU
		{E9776F93-3C59-4DAE-BB28-DCEFE01678D4}.Release|Any CPU.ActiveCfg = Release|Any CPU
		{E9776F93-3C59-4DAE-BB28-DCEFE01678D4}.Release|Any CPU.Build.0 = Release|Any CPU
		{7D8B4553-4A90-44D7-A1DD-14871E3C6127}.Debug - BI|Any CPU.ActiveCfg = Debug - BI|Any CPU
		{7D8B4553-4A90-44D7-A1DD-14871E3C6127}.Debug - BI|Any CPU.Build.0 = Debug - BI|Any CPU
		{7D8B4553-4A90-44D7-A1DD-14871E3C6127}.Debug - Home|Any CPU.ActiveCfg = Debug - Home|Any CPU
		{7D8B4553-4A90-44D7-A1DD-14871E3C6127}.Debug - Home|Any CPU.Build.0 = Debug - Home|Any CPU
		{7D8B4553-4A90-44D7-A1DD-14871E3C6127}.Debug - Merial|Any CPU.ActiveCfg = Debug - Merial|Any CPU
		{7D8B4553-4A90-44D7-A1DD-14871E3C6127}.Debug - Merial|Any CPU.Build.0 = Debug - Merial|Any CPU
		{7D8B4553-4A90-44D7-A1DD-14871E3C6127}.Debug - Vincent|Any CPU.ActiveCfg = Debug - Vincent|Any CPU
		{7D8B4553-4A90-44D7-A1DD-14871E3C6127}.Debug - Vincent|Any CPU.Build.0 = Debug - Vincent|Any CPU
		{7D8B4553-4A90-44D7-A1DD-14871E3C6127}.Debug|Any CPU.ActiveCfg = Debug|Any CPU
		{7D8B4553-4A90-44D7-A1DD-14871E3C6127}.Debug|Any CPU.Build.0 = Debug|Any CPU
		{7D8B4553-4A90-44D7-A1DD-14871E3C6127}.Release|Any CPU.ActiveCfg = Release|Any CPU
		{7D8B4553-4A90-44D7-A1DD-14871E3C6127}.Release|Any CPU.Build.0 = Release|Any CPU
		{FF6389F6-AA1C-41B3-922C-81A7A7031E72}.Debug - BI|Any CPU.ActiveCfg = Debug - Merial|Any CPU
		{FF6389F6-AA1C-41B3-922C-81A7A7031E72}.Debug - BI|Any CPU.Build.0 = Debug - Merial|Any CPU
		{FF6389F6-AA1C-41B3-922C-81A7A7031E72}.Debug - Home|Any CPU.ActiveCfg = Debug - Home|Any CPU
		{FF6389F6-AA1C-41B3-922C-81A7A7031E72}.Debug - Home|Any CPU.Build.0 = Debug - Home|Any CPU
		{FF6389F6-AA1C-41B3-922C-81A7A7031E72}.Debug - Merial|Any CPU.ActiveCfg = Debug - Merial|Any CPU
		{FF6389F6-AA1C-41B3-922C-81A7A7031E72}.Debug - Merial|Any CPU.Build.0 = Debug - Merial|Any CPU
		{FF6389F6-AA1C-41B3-922C-81A7A7031E72}.Debug - Vincent|Any CPU.ActiveCfg = Debug - Merial|Any CPU
		{FF6389F6-AA1C-41B3-922C-81A7A7031E72}.Debug - Vincent|Any CPU.Build.0 = Debug - Merial|Any CPU
		{FF6389F6-AA1C-41B3-922C-81A7A7031E72}.Debug|Any CPU.ActiveCfg = Debug|Any CPU
		{FF6389F6-AA1C-41B3-922C-81A7A7031E72}.Debug|Any CPU.Build.0 = Debug|Any CPU
		{FF6389F6-AA1C-41B3-922C-81A7A7031E72}.Release|Any CPU.ActiveCfg = Release|Any CPU
		{FF6389F6-AA1C-41B3-922C-81A7A7031E72}.Release|Any CPU.Build.0 = Release|Any CPU
		{FB5D742B-D81B-410A-86CB-4FE9D0BBE8AB}.Debug - BI|Any CPU.ActiveCfg = Debug - BI|Any CPU
		{FB5D742B-D81B-410A-86CB-4FE9D0BBE8AB}.Debug - BI|Any CPU.Build.0 = Debug - BI|Any CPU
		{FB5D742B-D81B-410A-86CB-4FE9D0BBE8AB}.Debug - Home|Any CPU.ActiveCfg = Debug - Home|Any CPU
		{FB5D742B-D81B-410A-86CB-4FE9D0BBE8AB}.Debug - Home|Any CPU.Build.0 = Debug - Home|Any CPU
		{FB5D742B-D81B-410A-86CB-4FE9D0BBE8AB}.Debug - Merial|Any CPU.ActiveCfg = Debug - Merial|Any CPU
		{FB5D742B-D81B-410A-86CB-4FE9D0BBE8AB}.Debug - Merial|Any CPU.Build.0 = Debug - Merial|Any CPU
		{FB5D742B-D81B-410A-86CB-4FE9D0BBE8AB}.Debug - Vincent|Any CPU.ActiveCfg = Debug - Vincent|Any CPU
		{FB5D742B-D81B-410A-86CB-4FE9D0BBE8AB}.Debug - Vincent|Any CPU.Build.0 = Debug - Vincent|Any CPU
		{FB5D742B-D81B-410A-86CB-4FE9D0BBE8AB}.Debug|Any CPU.ActiveCfg = Debug|Any CPU
		{FB5D742B-D81B-410A-86CB-4FE9D0BBE8AB}.Debug|Any CPU.Build.0 = Debug|Any CPU
		{FB5D742B-D81B-410A-86CB-4FE9D0BBE8AB}.Release|Any CPU.ActiveCfg = Release|Any CPU
		{FB5D742B-D81B-410A-86CB-4FE9D0BBE8AB}.Release|Any CPU.Build.0 = Release|Any CPU
		{381D433D-9F76-4286-B0F5-7209E477B22B}.Debug - BI|Any CPU.ActiveCfg = Debug - BI|Any CPU
		{381D433D-9F76-4286-B0F5-7209E477B22B}.Debug - BI|Any CPU.Build.0 = Debug - BI|Any CPU
		{381D433D-9F76-4286-B0F5-7209E477B22B}.Debug - Home|Any CPU.ActiveCfg = Debug - Home|Any CPU
		{381D433D-9F76-4286-B0F5-7209E477B22B}.Debug - Home|Any CPU.Build.0 = Debug - Home|Any CPU
		{381D433D-9F76-4286-B0F5-7209E477B22B}.Debug - Merial|Any CPU.ActiveCfg = Debug - Merial|Any CPU
		{381D433D-9F76-4286-B0F5-7209E477B22B}.Debug - Merial|Any CPU.Build.0 = Debug - Merial|Any CPU
		{381D433D-9F76-4286-B0F5-7209E477B22B}.Debug - Vincent|Any CPU.ActiveCfg = Debug - Vincent|Any CPU
		{381D433D-9F76-4286-B0F5-7209E477B22B}.Debug - Vincent|Any CPU.Build.0 = Debug - Vincent|Any CPU
		{381D433D-9F76-4286-B0F5-7209E477B22B}.Debug|Any CPU.ActiveCfg = Debug|Any CPU
		{381D433D-9F76-4286-B0F5-7209E477B22B}.Debug|Any CPU.Build.0 = Debug|Any CPU
		{381D433D-9F76-4286-B0F5-7209E477B22B}.Release|Any CPU.ActiveCfg = Release|Any CPU
		{381D433D-9F76-4286-B0F5-7209E477B22B}.Release|Any CPU.Build.0 = Release|Any CPU
		{3F16A2CE-0BA1-4DEE-8918-57208969A749}.Debug - BI|Any CPU.ActiveCfg = Debug - BI|Any CPU
		{3F16A2CE-0BA1-4DEE-8918-57208969A749}.Debug - BI|Any CPU.Build.0 = Debug - BI|Any CPU
		{3F16A2CE-0BA1-4DEE-8918-57208969A749}.Debug - Home|Any CPU.ActiveCfg = Debug - Home|Any CPU
		{3F16A2CE-0BA1-4DEE-8918-57208969A749}.Debug - Home|Any CPU.Build.0 = Debug - Home|Any CPU
		{3F16A2CE-0BA1-4DEE-8918-57208969A749}.Debug - Merial|Any CPU.ActiveCfg = Debug - Merial|Any CPU
		{3F16A2CE-0BA1-4DEE-8918-57208969A749}.Debug - Merial|Any CPU.Build.0 = Debug - Merial|Any CPU
		{3F16A2CE-0BA1-4DEE-8918-57208969A749}.Debug - Vincent|Any CPU.ActiveCfg = Debug - Vincent|Any CPU
		{3F16A2CE-0BA1-4DEE-8918-57208969A749}.Debug - Vincent|Any CPU.Build.0 = Debug - Vincent|Any CPU
		{3F16A2CE-0BA1-4DEE-8918-57208969A749}.Debug|Any CPU.ActiveCfg = Debug|Any CPU
		{3F16A2CE-0BA1-4DEE-8918-57208969A749}.Debug|Any CPU.Build.0 = Debug|Any CPU
		{3F16A2CE-0BA1-4DEE-8918-57208969A749}.Release|Any CPU.ActiveCfg = Release|Any CPU
		{3F16A2CE-0BA1-4DEE-8918-57208969A749}.Release|Any CPU.Build.0 = Release|Any CPU
		{32754742-C3CD-408C-9D36-06BD75C0CB18}.Debug - BI|Any CPU.ActiveCfg = Debug - BI|Any CPU
		{32754742-C3CD-408C-9D36-06BD75C0CB18}.Debug - BI|Any CPU.Build.0 = Debug - BI|Any CPU
		{32754742-C3CD-408C-9D36-06BD75C0CB18}.Debug - Home|Any CPU.ActiveCfg = Debug - Home|Any CPU
		{32754742-C3CD-408C-9D36-06BD75C0CB18}.Debug - Home|Any CPU.Build.0 = Debug - Home|Any CPU
		{32754742-C3CD-408C-9D36-06BD75C0CB18}.Debug - Merial|Any CPU.ActiveCfg = Debug - Merial|Any CPU
		{32754742-C3CD-408C-9D36-06BD75C0CB18}.Debug - Merial|Any CPU.Build.0 = Debug - Merial|Any CPU
		{32754742-C3CD-408C-9D36-06BD75C0CB18}.Debug - Vincent|Any CPU.ActiveCfg = Debug - Vincent|Any CPU
		{32754742-C3CD-408C-9D36-06BD75C0CB18}.Debug - Vincent|Any CPU.Build.0 = Debug - Vincent|Any CPU
		{32754742-C3CD-408C-9D36-06BD75C0CB18}.Debug|Any CPU.ActiveCfg = Debug|Any CPU
		{32754742-C3CD-408C-9D36-06BD75C0CB18}.Debug|Any CPU.Build.0 = Debug|Any CPU
		{32754742-C3CD-408C-9D36-06BD75C0CB18}.Release|Any CPU.ActiveCfg = Release|Any CPU
		{32754742-C3CD-408C-9D36-06BD75C0CB18}.Release|Any CPU.Build.0 = Release|Any CPU
		{E8739C63-159B-4FE7-92BC-9B24D0ED6287}.Debug - BI|Any CPU.ActiveCfg = Debug - BI|Any CPU
		{E8739C63-159B-4FE7-92BC-9B24D0ED6287}.Debug - BI|Any CPU.Build.0 = Debug - BI|Any CPU
		{E8739C63-159B-4FE7-92BC-9B24D0ED6287}.Debug - Home|Any CPU.ActiveCfg = Debug - Home|Any CPU
		{E8739C63-159B-4FE7-92BC-9B24D0ED6287}.Debug - Home|Any CPU.Build.0 = Debug - Home|Any CPU
		{E8739C63-159B-4FE7-92BC-9B24D0ED6287}.Debug - Merial|Any CPU.ActiveCfg = Debug - Merial|Any CPU
		{E8739C63-159B-4FE7-92BC-9B24D0ED6287}.Debug - Merial|Any CPU.Build.0 = Debug - Merial|Any CPU
		{E8739C63-159B-4FE7-92BC-9B24D0ED6287}.Debug - Vincent|Any CPU.ActiveCfg = Debug - Vincent|Any CPU
		{E8739C63-159B-4FE7-92BC-9B24D0ED6287}.Debug - Vincent|Any CPU.Build.0 = Debug - Vincent|Any CPU
		{E8739C63-159B-4FE7-92BC-9B24D0ED6287}.Debug|Any CPU.ActiveCfg = Debug|Any CPU
		{E8739C63-159B-4FE7-92BC-9B24D0ED6287}.Debug|Any CPU.Build.0 = Debug|Any CPU
		{E8739C63-159B-4FE7-92BC-9B24D0ED6287}.Release|Any CPU.ActiveCfg = Release|Any CPU
		{E8739C63-159B-4FE7-92BC-9B24D0ED6287}.Release|Any CPU.Build.0 = Release|Any CPU
		{FF822BFD-CB92-482D-BA26-A1398012777A}.Debug - BI|Any CPU.ActiveCfg = Debug - BI|Any CPU
		{FF822BFD-CB92-482D-BA26-A1398012777A}.Debug - BI|Any CPU.Build.0 = Debug - BI|Any CPU
		{FF822BFD-CB92-482D-BA26-A1398012777A}.Debug - Home|Any CPU.ActiveCfg = Debug - Home|Any CPU
		{FF822BFD-CB92-482D-BA26-A1398012777A}.Debug - Home|Any CPU.Build.0 = Debug - Home|Any CPU
		{FF822BFD-CB92-482D-BA26-A1398012777A}.Debug - Merial|Any CPU.ActiveCfg = Debug - Merial|Any CPU
		{FF822BFD-CB92-482D-BA26-A1398012777A}.Debug - Merial|Any CPU.Build.0 = Debug - Merial|Any CPU
		{FF822BFD-CB92-482D-BA26-A1398012777A}.Debug - Vincent|Any CPU.ActiveCfg = Debug - Vincent|Any CPU
		{FF822BFD-CB92-482D-BA26-A1398012777A}.Debug - Vincent|Any CPU.Build.0 = Debug - Vincent|Any CPU
		{FF822BFD-CB92-482D-BA26-A1398012777A}.Debug|Any CPU.ActiveCfg = Debug|Any CPU
		{FF822BFD-CB92-482D-BA26-A1398012777A}.Debug|Any CPU.Build.0 = Debug|Any CPU
		{FF822BFD-CB92-482D-BA26-A1398012777A}.Release|Any CPU.ActiveCfg = Release|Any CPU
		{FF822BFD-CB92-482D-BA26-A1398012777A}.Release|Any CPU.Build.0 = Release|Any CPU
		{15B3E0D2-6217-493A-A690-158C497F5318}.Debug - BI|Any CPU.ActiveCfg = Debug - BI|Any CPU
		{15B3E0D2-6217-493A-A690-158C497F5318}.Debug - BI|Any CPU.Build.0 = Debug - BI|Any CPU
		{15B3E0D2-6217-493A-A690-158C497F5318}.Debug - Home|Any CPU.ActiveCfg = Debug - Home|Any CPU
		{15B3E0D2-6217-493A-A690-158C497F5318}.Debug - Home|Any CPU.Build.0 = Debug - Home|Any CPU
		{15B3E0D2-6217-493A-A690-158C497F5318}.Debug - Merial|Any CPU.ActiveCfg = Debug - Merial|Any CPU
		{15B3E0D2-6217-493A-A690-158C497F5318}.Debug - Merial|Any CPU.Build.0 = Debug - Merial|Any CPU
		{15B3E0D2-6217-493A-A690-158C497F5318}.Debug - Vincent|Any CPU.ActiveCfg = Debug - Vincent|Any CPU
		{15B3E0D2-6217-493A-A690-158C497F5318}.Debug - Vincent|Any CPU.Build.0 = Debug - Vincent|Any CPU
		{15B3E0D2-6217-493A-A690-158C497F5318}.Debug|Any CPU.ActiveCfg = Debug|Any CPU
		{15B3E0D2-6217-493A-A690-158C497F5318}.Debug|Any CPU.Build.0 = Debug|Any CPU
		{15B3E0D2-6217-493A-A690-158C497F5318}.Release|Any CPU.ActiveCfg = Release|Any CPU
		{15B3E0D2-6217-493A-A690-158C497F5318}.Release|Any CPU.Build.0 = Release|Any CPU
		{2A887BE7-A2F5-4CD8-9FD6-AF1ADB53B874}.Debug - BI|Any CPU.ActiveCfg = Debug - BI|Any CPU
		{2A887BE7-A2F5-4CD8-9FD6-AF1ADB53B874}.Debug - BI|Any CPU.Build.0 = Debug - BI|Any CPU
		{2A887BE7-A2F5-4CD8-9FD6-AF1ADB53B874}.Debug - Home|Any CPU.ActiveCfg = Debug - Home|Any CPU
		{2A887BE7-A2F5-4CD8-9FD6-AF1ADB53B874}.Debug - Home|Any CPU.Build.0 = Debug - Home|Any CPU
		{2A887BE7-A2F5-4CD8-9FD6-AF1ADB53B874}.Debug - Merial|Any CPU.ActiveCfg = Debug - Merial|Any CPU
		{2A887BE7-A2F5-4CD8-9FD6-AF1ADB53B874}.Debug - Merial|Any CPU.Build.0 = Debug - Merial|Any CPU
		{2A887BE7-A2F5-4CD8-9FD6-AF1ADB53B874}.Debug - Vincent|Any CPU.ActiveCfg = Debug - Vincent|Any CPU
		{2A887BE7-A2F5-4CD8-9FD6-AF1ADB53B874}.Debug - Vincent|Any CPU.Build.0 = Debug - Vincent|Any CPU
		{2A887BE7-A2F5-4CD8-9FD6-AF1ADB53B874}.Debug|Any CPU.ActiveCfg = Debug|Any CPU
		{2A887BE7-A2F5-4CD8-9FD6-AF1ADB53B874}.Debug|Any CPU.Build.0 = Debug|Any CPU
		{2A887BE7-A2F5-4CD8-9FD6-AF1ADB53B874}.Release|Any CPU.ActiveCfg = Release|Any CPU
		{2A887BE7-A2F5-4CD8-9FD6-AF1ADB53B874}.Release|Any CPU.Build.0 = Release|Any CPU
		{7D1E178D-7FC1-454F-A0BD-4AF977A2DDC2}.Debug - BI|Any CPU.ActiveCfg = Debug - BI|Any CPU
		{7D1E178D-7FC1-454F-A0BD-4AF977A2DDC2}.Debug - BI|Any CPU.Build.0 = Debug - BI|Any CPU
		{7D1E178D-7FC1-454F-A0BD-4AF977A2DDC2}.Debug - Home|Any CPU.ActiveCfg = Debug - Home|Any CPU
		{7D1E178D-7FC1-454F-A0BD-4AF977A2DDC2}.Debug - Home|Any CPU.Build.0 = Debug - Home|Any CPU
		{7D1E178D-7FC1-454F-A0BD-4AF977A2DDC2}.Debug - Merial|Any CPU.ActiveCfg = Debug - Merial|Any CPU
		{7D1E178D-7FC1-454F-A0BD-4AF977A2DDC2}.Debug - Merial|Any CPU.Build.0 = Debug - Merial|Any CPU
		{7D1E178D-7FC1-454F-A0BD-4AF977A2DDC2}.Debug - Vincent|Any CPU.ActiveCfg = Debug - Vincent|Any CPU
		{7D1E178D-7FC1-454F-A0BD-4AF977A2DDC2}.Debug - Vincent|Any CPU.Build.0 = Debug - Vincent|Any CPU
		{7D1E178D-7FC1-454F-A0BD-4AF977A2DDC2}.Debug|Any CPU.ActiveCfg = Debug|Any CPU
		{7D1E178D-7FC1-454F-A0BD-4AF977A2DDC2}.Debug|Any CPU.Build.0 = Debug|Any CPU
		{7D1E178D-7FC1-454F-A0BD-4AF977A2DDC2}.Release|Any CPU.ActiveCfg = Release|Any CPU
		{7D1E178D-7FC1-454F-A0BD-4AF977A2DDC2}.Release|Any CPU.Build.0 = Release|Any CPU
		{1A6AEEAB-7175-4CEA-90A6-68B064AB65DC}.Debug - BI|Any CPU.ActiveCfg = Debug - BI|Any CPU
		{1A6AEEAB-7175-4CEA-90A6-68B064AB65DC}.Debug - BI|Any CPU.Build.0 = Debug - BI|Any CPU
		{1A6AEEAB-7175-4CEA-90A6-68B064AB65DC}.Debug - Home|Any CPU.ActiveCfg = Debug - Home|Any CPU
		{1A6AEEAB-7175-4CEA-90A6-68B064AB65DC}.Debug - Home|Any CPU.Build.0 = Debug - Home|Any CPU
		{1A6AEEAB-7175-4CEA-90A6-68B064AB65DC}.Debug - Merial|Any CPU.ActiveCfg = Debug - Merial|Any CPU
		{1A6AEEAB-7175-4CEA-90A6-68B064AB65DC}.Debug - Merial|Any CPU.Build.0 = Debug - Merial|Any CPU
		{1A6AEEAB-7175-4CEA-90A6-68B064AB65DC}.Debug - Vincent|Any CPU.ActiveCfg = Debug - Vincent|Any CPU
		{1A6AEEAB-7175-4CEA-90A6-68B064AB65DC}.Debug - Vincent|Any CPU.Build.0 = Debug - Vincent|Any CPU
		{1A6AEEAB-7175-4CEA-90A6-68B064AB65DC}.Debug|Any CPU.ActiveCfg = Debug|Any CPU
		{1A6AEEAB-7175-4CEA-90A6-68B064AB65DC}.Debug|Any CPU.Build.0 = Debug|Any CPU
		{1A6AEEAB-7175-4CEA-90A6-68B064AB65DC}.Release|Any CPU.ActiveCfg = Release|Any CPU
		{1A6AEEAB-7175-4CEA-90A6-68B064AB65DC}.Release|Any CPU.Build.0 = Release|Any CPU
		{196CA01E-80FC-4807-9AF4-EF97F1C90AAE}.Debug - BI|Any CPU.ActiveCfg = Debug - BI|Any CPU
		{196CA01E-80FC-4807-9AF4-EF97F1C90AAE}.Debug - BI|Any CPU.Build.0 = Debug - BI|Any CPU
		{196CA01E-80FC-4807-9AF4-EF97F1C90AAE}.Debug - Home|Any CPU.ActiveCfg = Debug - BI|Any CPU
		{196CA01E-80FC-4807-9AF4-EF97F1C90AAE}.Debug - Home|Any CPU.Build.0 = Debug - BI|Any CPU
		{196CA01E-80FC-4807-9AF4-EF97F1C90AAE}.Debug - Merial|Any CPU.ActiveCfg = Debug - BI|Any CPU
		{196CA01E-80FC-4807-9AF4-EF97F1C90AAE}.Debug - Merial|Any CPU.Build.0 = Debug - BI|Any CPU
		{196CA01E-80FC-4807-9AF4-EF97F1C90AAE}.Debug - Vincent|Any CPU.ActiveCfg = Debug - Vincent|Any CPU
		{196CA01E-80FC-4807-9AF4-EF97F1C90AAE}.Debug - Vincent|Any CPU.Build.0 = Debug - Vincent|Any CPU
		{196CA01E-80FC-4807-9AF4-EF97F1C90AAE}.Debug|Any CPU.ActiveCfg = Debug|Any CPU
		{196CA01E-80FC-4807-9AF4-EF97F1C90AAE}.Debug|Any CPU.Build.0 = Debug|Any CPU
		{196CA01E-80FC-4807-9AF4-EF97F1C90AAE}.Release|Any CPU.ActiveCfg = Release|Any CPU
		{196CA01E-80FC-4807-9AF4-EF97F1C90AAE}.Release|Any CPU.Build.0 = Release|Any CPU
		{E517CE44-0704-4BDF-8894-F90434C68931}.Debug - BI|Any CPU.ActiveCfg = Debug|Any CPU
		{E517CE44-0704-4BDF-8894-F90434C68931}.Debug - BI|Any CPU.Build.0 = Debug|Any CPU
		{E517CE44-0704-4BDF-8894-F90434C68931}.Debug - Home|Any CPU.ActiveCfg = Debug|Any CPU
		{E517CE44-0704-4BDF-8894-F90434C68931}.Debug - Home|Any CPU.Build.0 = Debug|Any CPU
		{E517CE44-0704-4BDF-8894-F90434C68931}.Debug - Merial|Any CPU.ActiveCfg = Debug|Any CPU
		{E517CE44-0704-4BDF-8894-F90434C68931}.Debug - Merial|Any CPU.Build.0 = Debug|Any CPU
		{E517CE44-0704-4BDF-8894-F90434C68931}.Debug - Vincent|Any CPU.ActiveCfg = Debug|Any CPU
		{E517CE44-0704-4BDF-8894-F90434C68931}.Debug - Vincent|Any CPU.Build.0 = Debug|Any CPU
		{E517CE44-0704-4BDF-8894-F90434C68931}.Debug|Any CPU.ActiveCfg = Debug|Any CPU
		{E517CE44-0704-4BDF-8894-F90434C68931}.Debug|Any CPU.Build.0 = Debug|Any CPU
		{E517CE44-0704-4BDF-8894-F90434C68931}.Release|Any CPU.ActiveCfg = Release|Any CPU
		{E517CE44-0704-4BDF-8894-F90434C68931}.Release|Any CPU.Build.0 = Release|Any CPU
		{3F11E745-D328-4654-A3C9-4BFC9BF6B9AB}.Debug - BI|Any CPU.ActiveCfg = Debug|Any CPU
		{3F11E745-D328-4654-A3C9-4BFC9BF6B9AB}.Debug - BI|Any CPU.Build.0 = Debug|Any CPU
		{3F11E745-D328-4654-A3C9-4BFC9BF6B9AB}.Debug - Home|Any CPU.ActiveCfg = Debug|Any CPU
		{3F11E745-D328-4654-A3C9-4BFC9BF6B9AB}.Debug - Home|Any CPU.Build.0 = Debug|Any CPU
		{3F11E745-D328-4654-A3C9-4BFC9BF6B9AB}.Debug - Merial|Any CPU.ActiveCfg = Debug|Any CPU
		{3F11E745-D328-4654-A3C9-4BFC9BF6B9AB}.Debug - Merial|Any CPU.Build.0 = Debug|Any CPU
		{3F11E745-D328-4654-A3C9-4BFC9BF6B9AB}.Debug - Vincent|Any CPU.ActiveCfg = Debug|Any CPU
		{3F11E745-D328-4654-A3C9-4BFC9BF6B9AB}.Debug - Vincent|Any CPU.Build.0 = Debug|Any CPU
		{3F11E745-D328-4654-A3C9-4BFC9BF6B9AB}.Debug|Any CPU.ActiveCfg = Debug|Any CPU
		{3F11E745-D328-4654-A3C9-4BFC9BF6B9AB}.Debug|Any CPU.Build.0 = Debug|Any CPU
		{3F11E745-D328-4654-A3C9-4BFC9BF6B9AB}.Release|Any CPU.ActiveCfg = Release|Any CPU
		{3F11E745-D328-4654-A3C9-4BFC9BF6B9AB}.Release|Any CPU.Build.0 = Release|Any CPU
		{EEC17382-357C-4CD4-B493-23659FEE0E94}.Debug - BI|Any CPU.ActiveCfg = Debug|Any CPU
		{EEC17382-357C-4CD4-B493-23659FEE0E94}.Debug - BI|Any CPU.Build.0 = Debug|Any CPU
		{EEC17382-357C-4CD4-B493-23659FEE0E94}.Debug - Home|Any CPU.ActiveCfg = Debug|Any CPU
		{EEC17382-357C-4CD4-B493-23659FEE0E94}.Debug - Home|Any CPU.Build.0 = Debug|Any CPU
		{EEC17382-357C-4CD4-B493-23659FEE0E94}.Debug - Merial|Any CPU.ActiveCfg = Debug|Any CPU
		{EEC17382-357C-4CD4-B493-23659FEE0E94}.Debug - Merial|Any CPU.Build.0 = Debug|Any CPU
		{EEC17382-357C-4CD4-B493-23659FEE0E94}.Debug - Vincent|Any CPU.ActiveCfg = Debug|Any CPU
		{EEC17382-357C-4CD4-B493-23659FEE0E94}.Debug - Vincent|Any CPU.Build.0 = Debug|Any CPU
		{EEC17382-357C-4CD4-B493-23659FEE0E94}.Debug|Any CPU.ActiveCfg = Debug|Any CPU
		{EEC17382-357C-4CD4-B493-23659FEE0E94}.Debug|Any CPU.Build.0 = Debug|Any CPU
		{EEC17382-357C-4CD4-B493-23659FEE0E94}.Release|Any CPU.ActiveCfg = Release|Any CPU
		{EEC17382-357C-4CD4-B493-23659FEE0E94}.Release|Any CPU.Build.0 = Release|Any CPU
		{4CA93004-D321-4897-A8AD-EF368D5BD57E}.Debug - BI|Any CPU.ActiveCfg = Debug|Any CPU
		{4CA93004-D321-4897-A8AD-EF368D5BD57E}.Debug - BI|Any CPU.Build.0 = Debug|Any CPU
		{4CA93004-D321-4897-A8AD-EF368D5BD57E}.Debug - Home|Any CPU.ActiveCfg = Debug|Any CPU
		{4CA93004-D321-4897-A8AD-EF368D5BD57E}.Debug - Home|Any CPU.Build.0 = Debug|Any CPU
		{4CA93004-D321-4897-A8AD-EF368D5BD57E}.Debug - Merial|Any CPU.ActiveCfg = Debug|Any CPU
		{4CA93004-D321-4897-A8AD-EF368D5BD57E}.Debug - Merial|Any CPU.Build.0 = Debug|Any CPU
		{4CA93004-D321-4897-A8AD-EF368D5BD57E}.Debug - Vincent|Any CPU.ActiveCfg = Debug|Any CPU
		{4CA93004-D321-4897-A8AD-EF368D5BD57E}.Debug - Vincent|Any CPU.Build.0 = Debug|Any CPU
		{4CA93004-D321-4897-A8AD-EF368D5BD57E}.Debug|Any CPU.ActiveCfg = Debug|Any CPU
		{4CA93004-D321-4897-A8AD-EF368D5BD57E}.Debug|Any CPU.Build.0 = Debug|Any CPU
		{4CA93004-D321-4897-A8AD-EF368D5BD57E}.Release|Any CPU.ActiveCfg = Release|Any CPU
		{4CA93004-D321-4897-A8AD-EF368D5BD57E}.Release|Any CPU.Build.0 = Release|Any CPU
		{B72A3D9C-EFA7-43A8-A01E-CDEEB9F59C28}.Debug - BI|Any CPU.ActiveCfg = Debug|Any CPU
		{B72A3D9C-EFA7-43A8-A01E-CDEEB9F59C28}.Debug - BI|Any CPU.Build.0 = Debug|Any CPU
		{B72A3D9C-EFA7-43A8-A01E-CDEEB9F59C28}.Debug - Home|Any CPU.ActiveCfg = Debug|Any CPU
		{B72A3D9C-EFA7-43A8-A01E-CDEEB9F59C28}.Debug - Home|Any CPU.Build.0 = Debug|Any CPU
		{B72A3D9C-EFA7-43A8-A01E-CDEEB9F59C28}.Debug - Merial|Any CPU.ActiveCfg = Debug|Any CPU
		{B72A3D9C-EFA7-43A8-A01E-CDEEB9F59C28}.Debug - Merial|Any CPU.Build.0 = Debug|Any CPU
		{B72A3D9C-EFA7-43A8-A01E-CDEEB9F59C28}.Debug - Vincent|Any CPU.ActiveCfg = Debug|Any CPU
		{B72A3D9C-EFA7-43A8-A01E-CDEEB9F59C28}.Debug - Vincent|Any CPU.Build.0 = Debug|Any CPU
		{B72A3D9C-EFA7-43A8-A01E-CDEEB9F59C28}.Debug|Any CPU.ActiveCfg = Debug|Any CPU
		{B72A3D9C-EFA7-43A8-A01E-CDEEB9F59C28}.Debug|Any CPU.Build.0 = Debug|Any CPU
		{B72A3D9C-EFA7-43A8-A01E-CDEEB9F59C28}.Release|Any CPU.ActiveCfg = Release|Any CPU
		{B72A3D9C-EFA7-43A8-A01E-CDEEB9F59C28}.Release|Any CPU.Build.0 = Release|Any CPU
		{2D290FD9-5B64-4AF4-A295-2B4CDE6EB330}.Debug - BI|Any CPU.ActiveCfg = Debug|Any CPU
		{2D290FD9-5B64-4AF4-A295-2B4CDE6EB330}.Debug - BI|Any CPU.Build.0 = Debug|Any CPU
		{2D290FD9-5B64-4AF4-A295-2B4CDE6EB330}.Debug - Home|Any CPU.ActiveCfg = Debug|Any CPU
		{2D290FD9-5B64-4AF4-A295-2B4CDE6EB330}.Debug - Home|Any CPU.Build.0 = Debug|Any CPU
		{2D290FD9-5B64-4AF4-A295-2B4CDE6EB330}.Debug - Merial|Any CPU.ActiveCfg = Debug|Any CPU
		{2D290FD9-5B64-4AF4-A295-2B4CDE6EB330}.Debug - Merial|Any CPU.Build.0 = Debug|Any CPU
		{2D290FD9-5B64-4AF4-A295-2B4CDE6EB330}.Debug - Vincent|Any CPU.ActiveCfg = Debug|Any CPU
		{2D290FD9-5B64-4AF4-A295-2B4CDE6EB330}.Debug - Vincent|Any CPU.Build.0 = Debug|Any CPU
		{2D290FD9-5B64-4AF4-A295-2B4CDE6EB330}.Debug|Any CPU.ActiveCfg = Debug|Any CPU
		{2D290FD9-5B64-4AF4-A295-2B4CDE6EB330}.Debug|Any CPU.Build.0 = Debug|Any CPU
		{2D290FD9-5B64-4AF4-A295-2B4CDE6EB330}.Release|Any CPU.ActiveCfg = Release|Any CPU
		{2D290FD9-5B64-4AF4-A295-2B4CDE6EB330}.Release|Any CPU.Build.0 = Release|Any CPU
		{A554F212-3F08-4AEF-B9AA-FA01A7491A7F}.Debug - BI|Any CPU.ActiveCfg = Debug|Any CPU
		{A554F212-3F08-4AEF-B9AA-FA01A7491A7F}.Debug - BI|Any CPU.Build.0 = Debug|Any CPU
		{A554F212-3F08-4AEF-B9AA-FA01A7491A7F}.Debug - Home|Any CPU.ActiveCfg = Debug|Any CPU
		{A554F212-3F08-4AEF-B9AA-FA01A7491A7F}.Debug - Home|Any CPU.Build.0 = Debug|Any CPU
		{A554F212-3F08-4AEF-B9AA-FA01A7491A7F}.Debug - Merial|Any CPU.ActiveCfg = Debug|Any CPU
		{A554F212-3F08-4AEF-B9AA-FA01A7491A7F}.Debug - Merial|Any CPU.Build.0 = Debug|Any CPU
		{A554F212-3F08-4AEF-B9AA-FA01A7491A7F}.Debug - Vincent|Any CPU.ActiveCfg = Debug|Any CPU
		{A554F212-3F08-4AEF-B9AA-FA01A7491A7F}.Debug - Vincent|Any CPU.Build.0 = Debug|Any CPU
		{A554F212-3F08-4AEF-B9AA-FA01A7491A7F}.Debug|Any CPU.ActiveCfg = Debug|Any CPU
		{A554F212-3F08-4AEF-B9AA-FA01A7491A7F}.Debug|Any CPU.Build.0 = Debug|Any CPU
		{A554F212-3F08-4AEF-B9AA-FA01A7491A7F}.Release|Any CPU.ActiveCfg = Release|Any CPU
		{A554F212-3F08-4AEF-B9AA-FA01A7491A7F}.Release|Any CPU.Build.0 = Release|Any CPU
		{FA8B3D6E-F685-42BB-8225-20A4037A97BD}.Debug - BI|Any CPU.ActiveCfg = Debug|Any CPU
		{FA8B3D6E-F685-42BB-8225-20A4037A97BD}.Debug - BI|Any CPU.Build.0 = Debug|Any CPU
		{FA8B3D6E-F685-42BB-8225-20A4037A97BD}.Debug - Home|Any CPU.ActiveCfg = Debug|Any CPU
		{FA8B3D6E-F685-42BB-8225-20A4037A97BD}.Debug - Home|Any CPU.Build.0 = Debug|Any CPU
		{FA8B3D6E-F685-42BB-8225-20A4037A97BD}.Debug - Merial|Any CPU.ActiveCfg = Debug|Any CPU
		{FA8B3D6E-F685-42BB-8225-20A4037A97BD}.Debug - Merial|Any CPU.Build.0 = Debug|Any CPU
		{FA8B3D6E-F685-42BB-8225-20A4037A97BD}.Debug - Vincent|Any CPU.ActiveCfg = Debug|Any CPU
		{FA8B3D6E-F685-42BB-8225-20A4037A97BD}.Debug - Vincent|Any CPU.Build.0 = Debug|Any CPU
		{FA8B3D6E-F685-42BB-8225-20A4037A97BD}.Debug|Any CPU.ActiveCfg = Debug|Any CPU
		{FA8B3D6E-F685-42BB-8225-20A4037A97BD}.Debug|Any CPU.Build.0 = Debug|Any CPU
		{FA8B3D6E-F685-42BB-8225-20A4037A97BD}.Release|Any CPU.ActiveCfg = Release|Any CPU
		{FA8B3D6E-F685-42BB-8225-20A4037A97BD}.Release|Any CPU.Build.0 = Release|Any CPU
		{884D01D2-3FC9-4FD5-8A7A-FB20DE6CBB23}.Debug - BI|Any CPU.ActiveCfg = Debug|Any CPU
		{884D01D2-3FC9-4FD5-8A7A-FB20DE6CBB23}.Debug - BI|Any CPU.Build.0 = Debug|Any CPU
		{884D01D2-3FC9-4FD5-8A7A-FB20DE6CBB23}.Debug - Home|Any CPU.ActiveCfg = Debug|Any CPU
		{884D01D2-3FC9-4FD5-8A7A-FB20DE6CBB23}.Debug - Home|Any CPU.Build.0 = Debug|Any CPU
		{884D01D2-3FC9-4FD5-8A7A-FB20DE6CBB23}.Debug - Merial|Any CPU.ActiveCfg = Debug|Any CPU
		{884D01D2-3FC9-4FD5-8A7A-FB20DE6CBB23}.Debug - Merial|Any CPU.Build.0 = Debug|Any CPU
		{884D01D2-3FC9-4FD5-8A7A-FB20DE6CBB23}.Debug - Vincent|Any CPU.ActiveCfg = Debug|Any CPU
		{884D01D2-3FC9-4FD5-8A7A-FB20DE6CBB23}.Debug - Vincent|Any CPU.Build.0 = Debug|Any CPU
		{884D01D2-3FC9-4FD5-8A7A-FB20DE6CBB23}.Debug|Any CPU.ActiveCfg = Debug|Any CPU
		{884D01D2-3FC9-4FD5-8A7A-FB20DE6CBB23}.Debug|Any CPU.Build.0 = Debug|Any CPU
		{884D01D2-3FC9-4FD5-8A7A-FB20DE6CBB23}.Release|Any CPU.ActiveCfg = Release|Any CPU
		{884D01D2-3FC9-4FD5-8A7A-FB20DE6CBB23}.Release|Any CPU.Build.0 = Release|Any CPU
		{F52D4433-DE0A-4E5E-89D1-05BA575C5BBA}.Debug - BI|Any CPU.ActiveCfg = Debug|Any CPU
		{F52D4433-DE0A-4E5E-89D1-05BA575C5BBA}.Debug - BI|Any CPU.Build.0 = Debug|Any CPU
		{F52D4433-DE0A-4E5E-89D1-05BA575C5BBA}.Debug - Home|Any CPU.ActiveCfg = Debug|Any CPU
		{F52D4433-DE0A-4E5E-89D1-05BA575C5BBA}.Debug - Home|Any CPU.Build.0 = Debug|Any CPU
		{F52D4433-DE0A-4E5E-89D1-05BA575C5BBA}.Debug - Merial|Any CPU.ActiveCfg = Debug|Any CPU
		{F52D4433-DE0A-4E5E-89D1-05BA575C5BBA}.Debug - Merial|Any CPU.Build.0 = Debug|Any CPU
		{F52D4433-DE0A-4E5E-89D1-05BA575C5BBA}.Debug - Vincent|Any CPU.ActiveCfg = Debug|Any CPU
		{F52D4433-DE0A-4E5E-89D1-05BA575C5BBA}.Debug - Vincent|Any CPU.Build.0 = Debug|Any CPU
		{F52D4433-DE0A-4E5E-89D1-05BA575C5BBA}.Debug|Any CPU.ActiveCfg = Debug|Any CPU
		{F52D4433-DE0A-4E5E-89D1-05BA575C5BBA}.Debug|Any CPU.Build.0 = Debug|Any CPU
		{F52D4433-DE0A-4E5E-89D1-05BA575C5BBA}.Release|Any CPU.ActiveCfg = Release|Any CPU
		{F52D4433-DE0A-4E5E-89D1-05BA575C5BBA}.Release|Any CPU.Build.0 = Release|Any CPU
		{F33E2854-108F-4AE6-A81C-B8F9BB41337D}.Debug - BI|Any CPU.ActiveCfg = Debug|Any CPU
		{F33E2854-108F-4AE6-A81C-B8F9BB41337D}.Debug - BI|Any CPU.Build.0 = Debug|Any CPU
		{F33E2854-108F-4AE6-A81C-B8F9BB41337D}.Debug - Home|Any CPU.ActiveCfg = Debug|Any CPU
		{F33E2854-108F-4AE6-A81C-B8F9BB41337D}.Debug - Home|Any CPU.Build.0 = Debug|Any CPU
		{F33E2854-108F-4AE6-A81C-B8F9BB41337D}.Debug - Merial|Any CPU.ActiveCfg = Debug|Any CPU
		{F33E2854-108F-4AE6-A81C-B8F9BB41337D}.Debug - Merial|Any CPU.Build.0 = Debug|Any CPU
		{F33E2854-108F-4AE6-A81C-B8F9BB41337D}.Debug - Vincent|Any CPU.ActiveCfg = Debug|Any CPU
		{F33E2854-108F-4AE6-A81C-B8F9BB41337D}.Debug - Vincent|Any CPU.Build.0 = Debug|Any CPU
		{F33E2854-108F-4AE6-A81C-B8F9BB41337D}.Debug|Any CPU.ActiveCfg = Debug|Any CPU
		{F33E2854-108F-4AE6-A81C-B8F9BB41337D}.Debug|Any CPU.Build.0 = Debug|Any CPU
		{F33E2854-108F-4AE6-A81C-B8F9BB41337D}.Release|Any CPU.ActiveCfg = Release|Any CPU
		{F33E2854-108F-4AE6-A81C-B8F9BB41337D}.Release|Any CPU.Build.0 = Release|Any CPU
		{79229C80-ABBD-43F5-A0F9-1CB5DFCCBA2B}.Debug - BI|Any CPU.ActiveCfg = Debug|Any CPU
		{79229C80-ABBD-43F5-A0F9-1CB5DFCCBA2B}.Debug - BI|Any CPU.Build.0 = Debug|Any CPU
		{79229C80-ABBD-43F5-A0F9-1CB5DFCCBA2B}.Debug - Home|Any CPU.ActiveCfg = Debug|Any CPU
		{79229C80-ABBD-43F5-A0F9-1CB5DFCCBA2B}.Debug - Home|Any CPU.Build.0 = Debug|Any CPU
		{79229C80-ABBD-43F5-A0F9-1CB5DFCCBA2B}.Debug - Merial|Any CPU.ActiveCfg = Debug|Any CPU
		{79229C80-ABBD-43F5-A0F9-1CB5DFCCBA2B}.Debug - Merial|Any CPU.Build.0 = Debug|Any CPU
		{79229C80-ABBD-43F5-A0F9-1CB5DFCCBA2B}.Debug - Vincent|Any CPU.ActiveCfg = Debug|Any CPU
		{79229C80-ABBD-43F5-A0F9-1CB5DFCCBA2B}.Debug - Vincent|Any CPU.Build.0 = Debug|Any CPU
		{79229C80-ABBD-43F5-A0F9-1CB5DFCCBA2B}.Debug|Any CPU.ActiveCfg = Debug|Any CPU
		{79229C80-ABBD-43F5-A0F9-1CB5DFCCBA2B}.Debug|Any CPU.Build.0 = Debug|Any CPU
		{79229C80-ABBD-43F5-A0F9-1CB5DFCCBA2B}.Release|Any CPU.ActiveCfg = Release|Any CPU
		{79229C80-ABBD-43F5-A0F9-1CB5DFCCBA2B}.Release|Any CPU.Build.0 = Release|Any CPU
		{123C2AED-3BA6-4CA2-8C3C-C68EC7CBE8D7}.Debug - BI|Any CPU.ActiveCfg = Debug|Any CPU
		{123C2AED-3BA6-4CA2-8C3C-C68EC7CBE8D7}.Debug - BI|Any CPU.Build.0 = Debug|Any CPU
		{123C2AED-3BA6-4CA2-8C3C-C68EC7CBE8D7}.Debug - Home|Any CPU.ActiveCfg = Debug|Any CPU
		{123C2AED-3BA6-4CA2-8C3C-C68EC7CBE8D7}.Debug - Home|Any CPU.Build.0 = Debug|Any CPU
		{123C2AED-3BA6-4CA2-8C3C-C68EC7CBE8D7}.Debug - Merial|Any CPU.ActiveCfg = Debug|Any CPU
		{123C2AED-3BA6-4CA2-8C3C-C68EC7CBE8D7}.Debug - Merial|Any CPU.Build.0 = Debug|Any CPU
		{123C2AED-3BA6-4CA2-8C3C-C68EC7CBE8D7}.Debug - Vincent|Any CPU.ActiveCfg = Debug|Any CPU
		{123C2AED-3BA6-4CA2-8C3C-C68EC7CBE8D7}.Debug - Vincent|Any CPU.Build.0 = Debug|Any CPU
		{123C2AED-3BA6-4CA2-8C3C-C68EC7CBE8D7}.Debug|Any CPU.ActiveCfg = Debug|Any CPU
		{123C2AED-3BA6-4CA2-8C3C-C68EC7CBE8D7}.Debug|Any CPU.Build.0 = Debug|Any CPU
		{123C2AED-3BA6-4CA2-8C3C-C68EC7CBE8D7}.Release|Any CPU.ActiveCfg = Release|Any CPU
		{123C2AED-3BA6-4CA2-8C3C-C68EC7CBE8D7}.Release|Any CPU.Build.0 = Release|Any CPU
		{7A531799-AB21-4D25-BAEA-B4342A100410}.Debug - BI|Any CPU.ActiveCfg = Debug|Any CPU
		{7A531799-AB21-4D25-BAEA-B4342A100410}.Debug - BI|Any CPU.Build.0 = Debug|Any CPU
		{7A531799-AB21-4D25-BAEA-B4342A100410}.Debug - Home|Any CPU.ActiveCfg = Debug|Any CPU
		{7A531799-AB21-4D25-BAEA-B4342A100410}.Debug - Home|Any CPU.Build.0 = Debug|Any CPU
		{7A531799-AB21-4D25-BAEA-B4342A100410}.Debug - Merial|Any CPU.ActiveCfg = Debug|Any CPU
		{7A531799-AB21-4D25-BAEA-B4342A100410}.Debug - Merial|Any CPU.Build.0 = Debug|Any CPU
		{7A531799-AB21-4D25-BAEA-B4342A100410}.Debug - Vincent|Any CPU.ActiveCfg = Debug|Any CPU
		{7A531799-AB21-4D25-BAEA-B4342A100410}.Debug - Vincent|Any CPU.Build.0 = Debug|Any CPU
		{7A531799-AB21-4D25-BAEA-B4342A100410}.Debug|Any CPU.ActiveCfg = Debug|Any CPU
		{7A531799-AB21-4D25-BAEA-B4342A100410}.Debug|Any CPU.Build.0 = Debug|Any CPU
		{7A531799-AB21-4D25-BAEA-B4342A100410}.Release|Any CPU.ActiveCfg = Release|Any CPU
		{7A531799-AB21-4D25-BAEA-B4342A100410}.Release|Any CPU.Build.0 = Release|Any CPU
		{A49A8323-1233-4728-ABBC-7DB09771383D}.Debug - BI|Any CPU.ActiveCfg = Debug|Any CPU
		{A49A8323-1233-4728-ABBC-7DB09771383D}.Debug - BI|Any CPU.Build.0 = Debug|Any CPU
		{A49A8323-1233-4728-ABBC-7DB09771383D}.Debug - Home|Any CPU.ActiveCfg = Debug|Any CPU
		{A49A8323-1233-4728-ABBC-7DB09771383D}.Debug - Home|Any CPU.Build.0 = Debug|Any CPU
		{A49A8323-1233-4728-ABBC-7DB09771383D}.Debug - Merial|Any CPU.ActiveCfg = Debug|Any CPU
		{A49A8323-1233-4728-ABBC-7DB09771383D}.Debug - Merial|Any CPU.Build.0 = Debug|Any CPU
		{A49A8323-1233-4728-ABBC-7DB09771383D}.Debug - Vincent|Any CPU.ActiveCfg = Debug|Any CPU
		{A49A8323-1233-4728-ABBC-7DB09771383D}.Debug - Vincent|Any CPU.Build.0 = Debug|Any CPU
		{A49A8323-1233-4728-ABBC-7DB09771383D}.Debug|Any CPU.ActiveCfg = Debug|Any CPU
		{A49A8323-1233-4728-ABBC-7DB09771383D}.Debug|Any CPU.Build.0 = Debug|Any CPU
		{A49A8323-1233-4728-ABBC-7DB09771383D}.Release|Any CPU.ActiveCfg = Release|Any CPU
		{A49A8323-1233-4728-ABBC-7DB09771383D}.Release|Any CPU.Build.0 = Release|Any CPU
		{55A0BCD1-8EF9-49A7-8CA2-BFB7167E62C0}.Debug - BI|Any CPU.ActiveCfg = Debug|Any CPU
		{55A0BCD1-8EF9-49A7-8CA2-BFB7167E62C0}.Debug - BI|Any CPU.Build.0 = Debug|Any CPU
		{55A0BCD1-8EF9-49A7-8CA2-BFB7167E62C0}.Debug - Home|Any CPU.ActiveCfg = Debug|Any CPU
		{55A0BCD1-8EF9-49A7-8CA2-BFB7167E62C0}.Debug - Home|Any CPU.Build.0 = Debug|Any CPU
		{55A0BCD1-8EF9-49A7-8CA2-BFB7167E62C0}.Debug - Merial|Any CPU.ActiveCfg = Debug|Any CPU
		{55A0BCD1-8EF9-49A7-8CA2-BFB7167E62C0}.Debug - Merial|Any CPU.Build.0 = Debug|Any CPU
		{55A0BCD1-8EF9-49A7-8CA2-BFB7167E62C0}.Debug - Vincent|Any CPU.ActiveCfg = Debug|Any CPU
		{55A0BCD1-8EF9-49A7-8CA2-BFB7167E62C0}.Debug - Vincent|Any CPU.Build.0 = Debug|Any CPU
		{55A0BCD1-8EF9-49A7-8CA2-BFB7167E62C0}.Debug|Any CPU.ActiveCfg = Debug|Any CPU
		{55A0BCD1-8EF9-49A7-8CA2-BFB7167E62C0}.Debug|Any CPU.Build.0 = Debug|Any CPU
		{55A0BCD1-8EF9-49A7-8CA2-BFB7167E62C0}.Release|Any CPU.ActiveCfg = Release|Any CPU
		{55A0BCD1-8EF9-49A7-8CA2-BFB7167E62C0}.Release|Any CPU.Build.0 = Release|Any CPU
		{D1AEFA38-9E4D-4894-BDE2-C69DCDA711CF}.Debug - BI|Any CPU.ActiveCfg = Debug|Any CPU
		{D1AEFA38-9E4D-4894-BDE2-C69DCDA711CF}.Debug - BI|Any CPU.Build.0 = Debug|Any CPU
		{D1AEFA38-9E4D-4894-BDE2-C69DCDA711CF}.Debug - Home|Any CPU.ActiveCfg = Debug|Any CPU
		{D1AEFA38-9E4D-4894-BDE2-C69DCDA711CF}.Debug - Home|Any CPU.Build.0 = Debug|Any CPU
		{D1AEFA38-9E4D-4894-BDE2-C69DCDA711CF}.Debug - Merial|Any CPU.ActiveCfg = Debug|Any CPU
		{D1AEFA38-9E4D-4894-BDE2-C69DCDA711CF}.Debug - Merial|Any CPU.Build.0 = Debug|Any CPU
		{D1AEFA38-9E4D-4894-BDE2-C69DCDA711CF}.Debug - Vincent|Any CPU.ActiveCfg = Debug|Any CPU
		{D1AEFA38-9E4D-4894-BDE2-C69DCDA711CF}.Debug - Vincent|Any CPU.Build.0 = Debug|Any CPU
		{D1AEFA38-9E4D-4894-BDE2-C69DCDA711CF}.Debug|Any CPU.ActiveCfg = Debug|Any CPU
		{D1AEFA38-9E4D-4894-BDE2-C69DCDA711CF}.Debug|Any CPU.Build.0 = Debug|Any CPU
		{D1AEFA38-9E4D-4894-BDE2-C69DCDA711CF}.Release|Any CPU.ActiveCfg = Release|Any CPU
		{D1AEFA38-9E4D-4894-BDE2-C69DCDA711CF}.Release|Any CPU.Build.0 = Release|Any CPU
		{FF4DF0DF-34C2-4DE3-9DC6-ACFDFF36D63E}.Debug - BI|Any CPU.ActiveCfg = Debug|Any CPU
		{FF4DF0DF-34C2-4DE3-9DC6-ACFDFF36D63E}.Debug - BI|Any CPU.Build.0 = Debug|Any CPU
		{FF4DF0DF-34C2-4DE3-9DC6-ACFDFF36D63E}.Debug - Home|Any CPU.ActiveCfg = Debug|Any CPU
		{FF4DF0DF-34C2-4DE3-9DC6-ACFDFF36D63E}.Debug - Home|Any CPU.Build.0 = Debug|Any CPU
		{FF4DF0DF-34C2-4DE3-9DC6-ACFDFF36D63E}.Debug - Merial|Any CPU.ActiveCfg = Debug|Any CPU
		{FF4DF0DF-34C2-4DE3-9DC6-ACFDFF36D63E}.Debug - Merial|Any CPU.Build.0 = Debug|Any CPU
		{FF4DF0DF-34C2-4DE3-9DC6-ACFDFF36D63E}.Debug - Vincent|Any CPU.ActiveCfg = Debug|Any CPU
		{FF4DF0DF-34C2-4DE3-9DC6-ACFDFF36D63E}.Debug - Vincent|Any CPU.Build.0 = Debug|Any CPU
		{FF4DF0DF-34C2-4DE3-9DC6-ACFDFF36D63E}.Debug|Any CPU.ActiveCfg = Debug|Any CPU
		{FF4DF0DF-34C2-4DE3-9DC6-ACFDFF36D63E}.Debug|Any CPU.Build.0 = Debug|Any CPU
		{FF4DF0DF-34C2-4DE3-9DC6-ACFDFF36D63E}.Release|Any CPU.ActiveCfg = Release|Any CPU
		{FF4DF0DF-34C2-4DE3-9DC6-ACFDFF36D63E}.Release|Any CPU.Build.0 = Release|Any CPU
		{029825F6-3AD5-456E-BCE5-22F655B5EF68}.Debug - BI|Any CPU.ActiveCfg = Debug|Any CPU
		{029825F6-3AD5-456E-BCE5-22F655B5EF68}.Debug - BI|Any CPU.Build.0 = Debug|Any CPU
		{029825F6-3AD5-456E-BCE5-22F655B5EF68}.Debug - Home|Any CPU.ActiveCfg = Debug|Any CPU
		{029825F6-3AD5-456E-BCE5-22F655B5EF68}.Debug - Home|Any CPU.Build.0 = Debug|Any CPU
		{029825F6-3AD5-456E-BCE5-22F655B5EF68}.Debug - Merial|Any CPU.ActiveCfg = Debug|Any CPU
		{029825F6-3AD5-456E-BCE5-22F655B5EF68}.Debug - Merial|Any CPU.Build.0 = Debug|Any CPU
		{029825F6-3AD5-456E-BCE5-22F655B5EF68}.Debug - Vincent|Any CPU.ActiveCfg = Debug|Any CPU
		{029825F6-3AD5-456E-BCE5-22F655B5EF68}.Debug - Vincent|Any CPU.Build.0 = Debug|Any CPU
		{029825F6-3AD5-456E-BCE5-22F655B5EF68}.Debug|Any CPU.ActiveCfg = Debug|Any CPU
		{029825F6-3AD5-456E-BCE5-22F655B5EF68}.Debug|Any CPU.Build.0 = Debug|Any CPU
		{029825F6-3AD5-456E-BCE5-22F655B5EF68}.Release|Any CPU.ActiveCfg = Release|Any CPU
		{029825F6-3AD5-456E-BCE5-22F655B5EF68}.Release|Any CPU.Build.0 = Release|Any CPU
	EndGlobalSection
	GlobalSection(SolutionProperties) = preSolution
		HideSolutionNode = FALSE
	EndGlobalSection
	GlobalSection(NestedProjects) = preSolution
		{181CD06D-74F2-4EC1-8F2D-1633E54DAD6F} = {267685FD-FDE3-4409-8509-AFFE050D3309}
		{CD1BE4C7-0CFB-4FE2-85C9-AD8A63B2CCA4} = {8776E804-C383-494A-893D-87DB94007866}
		{137BC5A7-D929-4DB8-B1EB-4EF04AB64BBC} = {8776E804-C383-494A-893D-87DB94007866}
		{69F4E1A5-ACAE-4431-9723-3DB4DE847BC9} = {0619C49B-6C55-45C2-8877-CD9E9A3854E3}
		{8C19716D-DAE8-459C-A3DA-7C245E688404} = {8776E804-C383-494A-893D-87DB94007866}
		{E9776F93-3C59-4DAE-BB28-DCEFE01678D4} = {0619C49B-6C55-45C2-8877-CD9E9A3854E3}
		{7D8B4553-4A90-44D7-A1DD-14871E3C6127} = {267685FD-FDE3-4409-8509-AFFE050D3309}
		{FF6389F6-AA1C-41B3-922C-81A7A7031E72} = {457CAA75-84B5-4A2F-811D-86234A78617A}
		{FB5D742B-D81B-410A-86CB-4FE9D0BBE8AB} = {457CAA75-84B5-4A2F-811D-86234A78617A}
		{381D433D-9F76-4286-B0F5-7209E477B22B} = {0619C49B-6C55-45C2-8877-CD9E9A3854E3}
		{3F16A2CE-0BA1-4DEE-8918-57208969A749} = {267685FD-FDE3-4409-8509-AFFE050D3309}
		{32754742-C3CD-408C-9D36-06BD75C0CB18} = {F4473AF0-B972-4BDD-A96B-7CB4D5AA0ABF}
		{E8739C63-159B-4FE7-92BC-9B24D0ED6287} = {F4473AF0-B972-4BDD-A96B-7CB4D5AA0ABF}
		{FF822BFD-CB92-482D-BA26-A1398012777A} = {0619C49B-6C55-45C2-8877-CD9E9A3854E3}
		{15B3E0D2-6217-493A-A690-158C497F5318} = {5F8B229E-BDCE-4EDE-97C3-D5E858AFE80D}
		{2A887BE7-A2F5-4CD8-9FD6-AF1ADB53B874} = {F4473AF0-B972-4BDD-A96B-7CB4D5AA0ABF}
		{7D1E178D-7FC1-454F-A0BD-4AF977A2DDC2} = {5F8B229E-BDCE-4EDE-97C3-D5E858AFE80D}
		{1A6AEEAB-7175-4CEA-90A6-68B064AB65DC} = {2D9139DF-BAD5-4B37-9E8D-444FE5778D68}
		{196CA01E-80FC-4807-9AF4-EF97F1C90AAE} = {5F8B229E-BDCE-4EDE-97C3-D5E858AFE80D}
		{65E6F15A-E231-4A23-867E-6C6EFB5A3679} = {29D31C43-04D4-448C-A06F-4D99BCB60DB5}
		{E517CE44-0704-4BDF-8894-F90434C68931} = {29D31C43-04D4-448C-A06F-4D99BCB60DB5}
		{3F11E745-D328-4654-A3C9-4BFC9BF6B9AB} = {29D31C43-04D4-448C-A06F-4D99BCB60DB5}
		{EEC17382-357C-4CD4-B493-23659FEE0E94} = {29D31C43-04D4-448C-A06F-4D99BCB60DB5}
		{4CA93004-D321-4897-A8AD-EF368D5BD57E} = {65E6F15A-E231-4A23-867E-6C6EFB5A3679}
		{B72A3D9C-EFA7-43A8-A01E-CDEEB9F59C28} = {65E6F15A-E231-4A23-867E-6C6EFB5A3679}
		{2D290FD9-5B64-4AF4-A295-2B4CDE6EB330} = {29D31C43-04D4-448C-A06F-4D99BCB60DB5}
		{A554F212-3F08-4AEF-B9AA-FA01A7491A7F} = {29D31C43-04D4-448C-A06F-4D99BCB60DB5}
		{FA8B3D6E-F685-42BB-8225-20A4037A97BD} = {65E6F15A-E231-4A23-867E-6C6EFB5A3679}
		{884D01D2-3FC9-4FD5-8A7A-FB20DE6CBB23} = {29D31C43-04D4-448C-A06F-4D99BCB60DB5}
		{F52D4433-DE0A-4E5E-89D1-05BA575C5BBA} = {65E6F15A-E231-4A23-867E-6C6EFB5A3679}
		{F33E2854-108F-4AE6-A81C-B8F9BB41337D} = {65E6F15A-E231-4A23-867E-6C6EFB5A3679}
		{29D31C43-04D4-448C-A06F-4D99BCB60DB5} = {2D9139DF-BAD5-4B37-9E8D-444FE5778D68}
		{8776E804-C383-494A-893D-87DB94007866} = {2D9139DF-BAD5-4B37-9E8D-444FE5778D68}
		{79229C80-ABBD-43F5-A0F9-1CB5DFCCBA2B} = {65E6F15A-E231-4A23-867E-6C6EFB5A3679}
		{123C2AED-3BA6-4CA2-8C3C-C68EC7CBE8D7} = {65E6F15A-E231-4A23-867E-6C6EFB5A3679}
		{7A531799-AB21-4D25-BAEA-B4342A100410} = {65E6F15A-E231-4A23-867E-6C6EFB5A3679}
		{A49A8323-1233-4728-ABBC-7DB09771383D} = {65E6F15A-E231-4A23-867E-6C6EFB5A3679}
		{55A0BCD1-8EF9-49A7-8CA2-BFB7167E62C0} = {29D31C43-04D4-448C-A06F-4D99BCB60DB5}
		{D1AEFA38-9E4D-4894-BDE2-C69DCDA711CF} = {65E6F15A-E231-4A23-867E-6C6EFB5A3679}
		{FF4DF0DF-34C2-4DE3-9DC6-ACFDFF36D63E} = {65E6F15A-E231-4A23-867E-6C6EFB5A3679}
		{029825F6-3AD5-456E-BCE5-22F655B5EF68} = {65E6F15A-E231-4A23-867E-6C6EFB5A3679}
	EndGlobalSection
EndGlobal
